{
  "originHash" : "6577d1efd10193e37882c2375d72d60147984d595634f9f934df8bdab2235299",
  "pins" : [
    {
      "identity" : "kingfisher",
      "kind" : "remoteSourceControl",
      "location" : "https://github.com/onevcat/Kingfisher.git",
      "state" : {
        "revision" : "2ef543ee21d63734e1c004ad6c870255e8716c50",
        "version" : "7.12.0"
      }
    },
    {
      "identity" : "progresshud",
      "kind" : "remoteSourceControl",
      "location" : "https://github.com/relatedcode/ProgressHUD",
      "state" : {
        "revision" : "46792db49f80454879a939f9b2be31bb61c37b0c",
        "version" : "13.8.6"
      }
    }
  ],
  "version" : 3
}
