// !$*UTF8*$!
{
	archiveVersion = 1;
	classes = {
	};
	objectVersion = 56;
	objects = {

/* Begin PBXBuildFile section */
		224B63392AD3340800084AC9 /* SF-Pro-Text-Regular.otf in Resources */ = {isa = PBXBuildFile; fileRef = 224B63382AD3340800084AC9 /* SF-Pro-Text-Regular.otf */; };
		224B633C2AD335AB00084AC9 /* SF-Pro-Text-Bold.otf in Resources */ = {isa = PBXBuildFile; fileRef = 224B633B2AD335AB00084AC9 /* SF-Pro-Text-Bold.otf */; };
		224B633E2AD3383A00084AC9 /* SF-Pro-Text-Medium.otf in Resources */ = {isa = PBXBuildFile; fileRef = 224B633D2AD3383A00084AC9 /* SF-Pro-Text-Medium.otf */; };
		277CC3FE2B1348CE00CF78B2 /* NFTNetworkRequests.swift in Sources */ = {isa = PBXBuildFile; fileRef = 277CC3FD2B1348CE00CF78B2 /* NFTNetworkRequests.swift */; };
		27B209182B125259002CFDB5 /* UserNFTViewController.swift in Sources */ = {isa = PBXBuildFile; fileRef = 27B209162B125259002CFDB5 /* UserNFTViewController.swift */; };
		27B209192B125259002CFDB5 /* NFTCell.swift in Sources */ = {isa = PBXBuildFile; fileRef = 27B209172B125259002CFDB5 /* NFTCell.swift */; };
		27B209212B125358002CFDB5 /* UserNFTViewModel.swift in Sources */ = {isa = PBXBuildFile; fileRef = 27B209202B125358002CFDB5 /* UserNFTViewModel.swift */; };
		27B209232B125CDE002CFDB5 /* UIColor+Extensions.swift in Sources */ = {isa = PBXBuildFile; fileRef = 27B209222B125CDE002CFDB5 /* UIColor+Extensions.swift */; };
		27B209252B125D95002CFDB5 /* UIView + Extensions.swift in Sources */ = {isa = PBXBuildFile; fileRef = 27B209242B125D95002CFDB5 /* UIView + Extensions.swift */; };
		27B209272B1261EA002CFDB5 /* NumberFormatter+Presets.swift in Sources */ = {isa = PBXBuildFile; fileRef = 27B209262B1261EA002CFDB5 /* NumberFormatter+Presets.swift */; };
		27B2092B2B126751002CFDB5 /* SortOptions.swift in Sources */ = {isa = PBXBuildFile; fileRef = 27B2092A2B126751002CFDB5 /* SortOptions.swift */; };
		27B209312B133860002CFDB5 /* EditingViewModel.swift in Sources */ = {isa = PBXBuildFile; fileRef = 27B209302B133860002CFDB5 /* EditingViewModel.swift */; };
		27C5681B2B2B6A30009EE3F2 /* ExampleRequest.swift in Sources */ = {isa = PBXBuildFile; fileRef = 27C5681A2B2B6A30009EE3F2 /* ExampleRequest.swift */; };
		27C91CDD2B2AFA68005392E4 /* FavoritesNFTCell.swift in Sources */ = {isa = PBXBuildFile; fileRef = 27C91CDC2B2AFA68005392E4 /* FavoritesNFTCell.swift */; };
		27C91CDF2B2AFAB4005392E4 /* FavoritesNFTViewModel.swift in Sources */ = {isa = PBXBuildFile; fileRef = 27C91CDE2B2AFAB4005392E4 /* FavoritesNFTViewModel.swift */; };
		27C91CE12B2AFB09005392E4 /* FavoritesNFTCellViewModel.swift in Sources */ = {isa = PBXBuildFile; fileRef = 27C91CE02B2AFB09005392E4 /* FavoritesNFTCellViewModel.swift */; };
		27C91CE32B2B0224005392E4 /* GeometricParams.swift in Sources */ = {isa = PBXBuildFile; fileRef = 27C91CE22B2B0224005392E4 /* GeometricParams.swift */; };
		27C91CE52B2B0310005392E4 /* LoadingState.swift in Sources */ = {isa = PBXBuildFile; fileRef = 27C91CE42B2B0310005392E4 /* LoadingState.swift */; };
		27C91CE72B2B03E3005392E4 /* NetworkServiceHelper.swift in Sources */ = {isa = PBXBuildFile; fileRef = 27C91CE62B2B03E3005392E4 /* NetworkServiceHelper.swift */; };
		27C91CE92B2B0627005392E4 /* ProfileService.swift in Sources */ = {isa = PBXBuildFile; fileRef = 27C91CE82B2B0627005392E4 /* ProfileService.swift */; };
		27C91CEB2B2B06DC005392E4 /* NFTService.swift in Sources */ = {isa = PBXBuildFile; fileRef = 27C91CEA2B2B06DC005392E4 /* NFTService.swift */; };
		27C91CED2B2B0720005392E4 /* ProfileRouter.swift in Sources */ = {isa = PBXBuildFile; fileRef = 27C91CEC2B2B0720005392E4 /* ProfileRouter.swift */; };
		27C91CEF2B2B0AEB005392E4 /* UserProfile.swift in Sources */ = {isa = PBXBuildFile; fileRef = 27C91CEE2B2B0AEB005392E4 /* UserProfile.swift */; };
		27C91CF12B2B0B33005392E4 /* NFT.swift in Sources */ = {isa = PBXBuildFile; fileRef = 27C91CF02B2B0B33005392E4 /* NFT.swift */; };
		27C91CF32B2B0B5F005392E4 /* Author.swift in Sources */ = {isa = PBXBuildFile; fileRef = 27C91CF22B2B0B5F005392E4 /* Author.swift */; };
		37BFE3472AD8338B00C553BA /* FavoritesNFTViewController.swift in Sources */ = {isa = PBXBuildFile; fileRef = 37BFE3462AD8338B00C553BA /* FavoritesNFTViewController.swift */; };
		37BFE34A2AD8366300C553BA /* ViewControllerFactory.swift in Sources */ = {isa = PBXBuildFile; fileRef = 37BFE3492AD8366300C553BA /* ViewControllerFactory.swift */; };
		37BFE34C2AD8437700C553BA /* AlertService.swift in Sources */ = {isa = PBXBuildFile; fileRef = 37BFE34B2AD8437700C553BA /* AlertService.swift */; };
		37BFE3502AD859DE00C553BA /* ImageValidator.swift in Sources */ = {isa = PBXBuildFile; fileRef = 37BFE34F2AD859DE00C553BA /* ImageValidator.swift */; };
		37BFE3522AD85A4E00C553BA /* ProfileUpdateDTO.swift in Sources */ = {isa = PBXBuildFile; fileRef = 37BFE3512AD85A4E00C553BA /* ProfileUpdateDTO.swift */; };
		37E7D6F02AD8144600107140 /* UIViewController + Extensions.swift in Sources */ = {isa = PBXBuildFile; fileRef = 37E7D6EF2AD8144600107140 /* UIViewController + Extensions.swift */; };
		37E7D6F22AD8163900107140 /* ProfileCell.swift in Sources */ = {isa = PBXBuildFile; fileRef = 37E7D6F12AD8163900107140 /* ProfileCell.swift */; };
		37E7D6FB2AD819DE00107140 /* WebViewViewController.swift in Sources */ = {isa = PBXBuildFile; fileRef = 37E7D6FA2AD819DE00107140 /* WebViewViewController.swift */; };
		37E7D6FE2AD81B6200107140 /* EditingViewController.swift in Sources */ = {isa = PBXBuildFile; fileRef = 37E7D6FD2AD81B6200107140 /* EditingViewController.swift */; };
		37E7D7022AD81D8000107140 /* ProfileViewModel.swift in Sources */ = {isa = PBXBuildFile; fileRef = 37E7D7012AD81D8000107140 /* ProfileViewModel.swift */; };
		37E7D70F2AD82C4800107140 /* ProfileNetworkRequest.swift in Sources */ = {isa = PBXBuildFile; fileRef = 37E7D70E2AD82C4800107140 /* ProfileNetworkRequest.swift */; };
		3F478ECF29DB474E00F6D39E /* Colors.swift in Sources */ = {isa = PBXBuildFile; fileRef = 3F478ECE29DB474E00F6D39E /* Colors.swift */; };
		3F478ED129DB476500F6D39E /* Fonts.swift in Sources */ = {isa = PBXBuildFile; fileRef = 3F478ED029DB476500F6D39E /* Fonts.swift */; };
		3F603CCD29DB4A53000C43D7 /* ProgressHUD in Frameworks */ = {isa = PBXBuildFile; productRef = 3F603CCC29DB4A53000C43D7 /* ProgressHUD */; };
		3F603CD029DB4A74000C43D7 /* Kingfisher in Frameworks */ = {isa = PBXBuildFile; productRef = 3F603CCF29DB4A74000C43D7 /* Kingfisher */; };
		3F68069729CBBAF100B4F915 /* AppDelegate.swift in Sources */ = {isa = PBXBuildFile; fileRef = 3F68069629CBBAF100B4F915 /* AppDelegate.swift */; };
		3F68069B29CBBAF100B4F915 /* ProductDetailsTableViewController.swift in Sources */ = {isa = PBXBuildFile; fileRef = 3F68069A29CBBAF100B4F915 /* ProductDetailsTableViewController.swift */; };
		3F6806A029CBBAF200B4F915 /* Assets.xcassets in Resources */ = {isa = PBXBuildFile; fileRef = 3F68069F29CBBAF200B4F915 /* Assets.xcassets */; };
		3F6806AE29CBBAF200B4F915 /* ExampleUnitTests.swift in Sources */ = {isa = PBXBuildFile; fileRef = 3F6806AD29CBBAF200B4F915 /* ExampleUnitTests.swift */; };
		3F6806B829CBBAF200B4F915 /* FakeNFTUITests.swift in Sources */ = {isa = PBXBuildFile; fileRef = 3F6806B729CBBAF200B4F915 /* FakeNFTUITests.swift */; };
		3F6806CB29CBBCC700B4F915 /* ExampleNetworkModel.swift in Sources */ = {isa = PBXBuildFile; fileRef = 3F6806CA29CBBCC700B4F915 /* ExampleNetworkModel.swift */; };
		3F6806D129CBBE6B00B4F915 /* NetworkClient.swift in Sources */ = {isa = PBXBuildFile; fileRef = 3F6806D029CBBE6B00B4F915 /* NetworkClient.swift */; };
		3F6806D329CBBE9600B4F915 /* NetworkRequest.swift in Sources */ = {isa = PBXBuildFile; fileRef = 3F6806D229CBBE9600B4F915 /* NetworkRequest.swift */; };
		3F6806D529CBBEC700B4F915 /* NetworkTask.swift in Sources */ = {isa = PBXBuildFile; fileRef = 3F6806D429CBBEC700B4F915 /* NetworkTask.swift */; };
		3F6806D729CBC50A00B4F915 /* CellsReusingUtils.swift in Sources */ = {isa = PBXBuildFile; fileRef = 3F6806D629CBC50A00B4F915 /* CellsReusingUtils.swift */; };
		3FC8C38B29D242E90081F015 /* ProductDetailsTableViewCell.swift in Sources */ = {isa = PBXBuildFile; fileRef = 3FC8C38A29D242E90081F015 /* ProductDetailsTableViewCell.swift */; };
		3FC8C39329D246BA0081F015 /* DateFormatters+Presets.swift in Sources */ = {isa = PBXBuildFile; fileRef = 3FC8C39229D246BA0081F015 /* DateFormatters+Presets.swift */; };
		715D0F172AD156E300300497 /* TabBarController.swift in Sources */ = {isa = PBXBuildFile; fileRef = 715D0F162AD156E300300497 /* TabBarController.swift */; };
		715D0F242AD1570000300497 /* StatisticsViewController.swift in Sources */ = {isa = PBXBuildFile; fileRef = 715D0F1D2AD1570000300497 /* StatisticsViewController.swift */; };
		715D0F252AD1570000300497 /* BasketViewController.swift in Sources */ = {isa = PBXBuildFile; fileRef = 715D0F1F2AD1570000300497 /* BasketViewController.swift */; };
		715D0F262AD1570000300497 /* CatalogViewController.swift in Sources */ = {isa = PBXBuildFile; fileRef = 715D0F212AD1570000300497 /* CatalogViewController.swift */; };
		715D0F272AD1570000300497 /* ProfileViewController.swift in Sources */ = {isa = PBXBuildFile; fileRef = 715D0F232AD1570000300497 /* ProfileViewController.swift */; };
		715D0F322AD1691D00300497 /* Localizable.strings in Resources */ = {isa = PBXBuildFile; fileRef = 715D0F342AD1691D00300497 /* Localizable.strings */; };
		715D0F352AD1693200300497 /* LaunchScreen.storyboard in Resources */ = {isa = PBXBuildFile; fileRef = 715D0F362AD1693200300497 /* LaunchScreen.storyboard */; };
		71E3D1FC2AD2F20C0019EBCC /* Observable.swift in Sources */ = {isa = PBXBuildFile; fileRef = 71E3D1FB2AD2F20C0019EBCC /* Observable.swift */; };
/* End PBXBuildFile section */

/* Begin PBXContainerItemProxy section */
		3F6806AA29CBBAF200B4F915 /* PBXContainerItemProxy */ = {
			isa = PBXContainerItemProxy;
			containerPortal = 3F68068B29CBBAF100B4F915 /* Project object */;
			proxyType = 1;
			remoteGlobalIDString = 3F68069229CBBAF100B4F915;
			remoteInfo = FakeNFT;
		};
		3F6806B429CBBAF200B4F915 /* PBXContainerItemProxy */ = {
			isa = PBXContainerItemProxy;
			containerPortal = 3F68068B29CBBAF100B4F915 /* Project object */;
			proxyType = 1;
			remoteGlobalIDString = 3F68069229CBBAF100B4F915;
			remoteInfo = FakeNFT;
		};
/* End PBXContainerItemProxy section */

/* Begin PBXFileReference section */
		224B63382AD3340800084AC9 /* SF-Pro-Text-Regular.otf */ = {isa = PBXFileReference; lastKnownFileType = file; path = "SF-Pro-Text-Regular.otf"; sourceTree = "<group>"; };
		224B633B2AD335AB00084AC9 /* SF-Pro-Text-Bold.otf */ = {isa = PBXFileReference; lastKnownFileType = file; path = "SF-Pro-Text-Bold.otf"; sourceTree = "<group>"; };
		224B633D2AD3383A00084AC9 /* SF-Pro-Text-Medium.otf */ = {isa = PBXFileReference; lastKnownFileType = file; path = "SF-Pro-Text-Medium.otf"; sourceTree = "<group>"; };
		277CC3FD2B1348CE00CF78B2 /* NFTNetworkRequests.swift */ = {isa = PBXFileReference; lastKnownFileType = sourcecode.swift; path = NFTNetworkRequests.swift; sourceTree = "<group>"; };
		27B209162B125259002CFDB5 /* UserNFTViewController.swift */ = {isa = PBXFileReference; fileEncoding = 4; lastKnownFileType = sourcecode.swift; path = UserNFTViewController.swift; sourceTree = "<group>"; };
		27B209172B125259002CFDB5 /* NFTCell.swift */ = {isa = PBXFileReference; fileEncoding = 4; lastKnownFileType = sourcecode.swift; path = NFTCell.swift; sourceTree = "<group>"; };
		27B209202B125358002CFDB5 /* UserNFTViewModel.swift */ = {isa = PBXFileReference; lastKnownFileType = sourcecode.swift; path = UserNFTViewModel.swift; sourceTree = "<group>"; };
		27B209222B125CDE002CFDB5 /* UIColor+Extensions.swift */ = {isa = PBXFileReference; lastKnownFileType = sourcecode.swift; path = "UIColor+Extensions.swift"; sourceTree = "<group>"; };
		27B209242B125D95002CFDB5 /* UIView + Extensions.swift */ = {isa = PBXFileReference; lastKnownFileType = sourcecode.swift; path = "UIView + Extensions.swift"; sourceTree = "<group>"; };
		27B209262B1261EA002CFDB5 /* NumberFormatter+Presets.swift */ = {isa = PBXFileReference; lastKnownFileType = sourcecode.swift; path = "NumberFormatter+Presets.swift"; sourceTree = "<group>"; };
		27B2092A2B126751002CFDB5 /* SortOptions.swift */ = {isa = PBXFileReference; lastKnownFileType = sourcecode.swift; path = SortOptions.swift; sourceTree = "<group>"; };
		27B209302B133860002CFDB5 /* EditingViewModel.swift */ = {isa = PBXFileReference; lastKnownFileType = sourcecode.swift; path = EditingViewModel.swift; sourceTree = "<group>"; };
		27B715102B00A96F007C5B39 /* Profile Vadim.md */ = {isa = PBXFileReference; lastKnownFileType = net.daringfireball.markdown; path = "Profile Vadim.md"; sourceTree = "<group>"; };
		27C5681A2B2B6A30009EE3F2 /* ExampleRequest.swift */ = {isa = PBXFileReference; lastKnownFileType = sourcecode.swift; path = ExampleRequest.swift; sourceTree = "<group>"; };
		27C91CDC2B2AFA68005392E4 /* FavoritesNFTCell.swift */ = {isa = PBXFileReference; lastKnownFileType = sourcecode.swift; path = FavoritesNFTCell.swift; sourceTree = "<group>"; };
		27C91CDE2B2AFAB4005392E4 /* FavoritesNFTViewModel.swift */ = {isa = PBXFileReference; lastKnownFileType = sourcecode.swift; path = FavoritesNFTViewModel.swift; sourceTree = "<group>"; };
		27C91CE02B2AFB09005392E4 /* FavoritesNFTCellViewModel.swift */ = {isa = PBXFileReference; lastKnownFileType = sourcecode.swift; path = FavoritesNFTCellViewModel.swift; sourceTree = "<group>"; };
		27C91CE22B2B0224005392E4 /* GeometricParams.swift */ = {isa = PBXFileReference; lastKnownFileType = sourcecode.swift; path = GeometricParams.swift; sourceTree = "<group>"; };
		27C91CE42B2B0310005392E4 /* LoadingState.swift */ = {isa = PBXFileReference; lastKnownFileType = sourcecode.swift; path = LoadingState.swift; sourceTree = "<group>"; };
		27C91CE62B2B03E3005392E4 /* NetworkServiceHelper.swift */ = {isa = PBXFileReference; lastKnownFileType = sourcecode.swift; path = NetworkServiceHelper.swift; sourceTree = "<group>"; };
		27C91CE82B2B0627005392E4 /* ProfileService.swift */ = {isa = PBXFileReference; lastKnownFileType = sourcecode.swift; path = ProfileService.swift; sourceTree = "<group>"; };
		27C91CEA2B2B06DC005392E4 /* NFTService.swift */ = {isa = PBXFileReference; lastKnownFileType = sourcecode.swift; path = NFTService.swift; sourceTree = "<group>"; };
		27C91CEC2B2B0720005392E4 /* ProfileRouter.swift */ = {isa = PBXFileReference; lastKnownFileType = sourcecode.swift; path = ProfileRouter.swift; sourceTree = "<group>"; };
		27C91CEE2B2B0AEB005392E4 /* UserProfile.swift */ = {isa = PBXFileReference; lastKnownFileType = sourcecode.swift; path = UserProfile.swift; sourceTree = "<group>"; };
		27C91CF02B2B0B33005392E4 /* NFT.swift */ = {isa = PBXFileReference; lastKnownFileType = sourcecode.swift; path = NFT.swift; sourceTree = "<group>"; };
		27C91CF22B2B0B5F005392E4 /* Author.swift */ = {isa = PBXFileReference; lastKnownFileType = sourcecode.swift; path = Author.swift; sourceTree = "<group>"; };
		37BFE3462AD8338B00C553BA /* FavoritesNFTViewController.swift */ = {isa = PBXFileReference; lastKnownFileType = sourcecode.swift; path = FavoritesNFTViewController.swift; sourceTree = "<group>"; };
		37BFE3492AD8366300C553BA /* ViewControllerFactory.swift */ = {isa = PBXFileReference; lastKnownFileType = sourcecode.swift; path = ViewControllerFactory.swift; sourceTree = "<group>"; };
		37BFE34B2AD8437700C553BA /* AlertService.swift */ = {isa = PBXFileReference; lastKnownFileType = sourcecode.swift; path = AlertService.swift; sourceTree = "<group>"; };
		37BFE34F2AD859DE00C553BA /* ImageValidator.swift */ = {isa = PBXFileReference; lastKnownFileType = sourcecode.swift; path = ImageValidator.swift; sourceTree = "<group>"; };
		37BFE3512AD85A4E00C553BA /* ProfileUpdateDTO.swift */ = {isa = PBXFileReference; lastKnownFileType = sourcecode.swift; path = ProfileUpdateDTO.swift; sourceTree = "<group>"; };
		37E7D6EF2AD8144600107140 /* UIViewController + Extensions.swift */ = {isa = PBXFileReference; lastKnownFileType = sourcecode.swift; path = "UIViewController + Extensions.swift"; sourceTree = "<group>"; };
		37E7D6F12AD8163900107140 /* ProfileCell.swift */ = {isa = PBXFileReference; lastKnownFileType = sourcecode.swift; path = ProfileCell.swift; sourceTree = "<group>"; };
		37E7D6FA2AD819DE00107140 /* WebViewViewController.swift */ = {isa = PBXFileReference; lastKnownFileType = sourcecode.swift; path = WebViewViewController.swift; sourceTree = "<group>"; };
		37E7D6FD2AD81B6200107140 /* EditingViewController.swift */ = {isa = PBXFileReference; lastKnownFileType = sourcecode.swift; path = EditingViewController.swift; sourceTree = "<group>"; };
		37E7D7012AD81D8000107140 /* ProfileViewModel.swift */ = {isa = PBXFileReference; lastKnownFileType = sourcecode.swift; path = ProfileViewModel.swift; sourceTree = "<group>"; };
		37E7D70E2AD82C4800107140 /* ProfileNetworkRequest.swift */ = {isa = PBXFileReference; lastKnownFileType = sourcecode.swift; path = ProfileNetworkRequest.swift; sourceTree = "<group>"; };
		3F478ECE29DB474E00F6D39E /* Colors.swift */ = {isa = PBXFileReference; lastKnownFileType = sourcecode.swift; path = Colors.swift; sourceTree = "<group>"; };
		3F478ED029DB476500F6D39E /* Fonts.swift */ = {isa = PBXFileReference; lastKnownFileType = sourcecode.swift; path = Fonts.swift; sourceTree = "<group>"; };
		3F68069329CBBAF100B4F915 /* FakeNFT.app */ = {isa = PBXFileReference; explicitFileType = wrapper.application; includeInIndex = 0; path = FakeNFT.app; sourceTree = BUILT_PRODUCTS_DIR; };
		3F68069629CBBAF100B4F915 /* AppDelegate.swift */ = {isa = PBXFileReference; lastKnownFileType = sourcecode.swift; path = AppDelegate.swift; sourceTree = "<group>"; tabWidth = 5; };
		3F68069A29CBBAF100B4F915 /* ProductDetailsTableViewController.swift */ = {isa = PBXFileReference; lastKnownFileType = sourcecode.swift; path = ProductDetailsTableViewController.swift; sourceTree = "<group>"; };
		3F68069F29CBBAF200B4F915 /* Assets.xcassets */ = {isa = PBXFileReference; lastKnownFileType = folder.assetcatalog; path = Assets.xcassets; sourceTree = "<group>"; };
		3F6806A429CBBAF200B4F915 /* Info.plist */ = {isa = PBXFileReference; lastKnownFileType = text.plist.xml; path = Info.plist; sourceTree = "<group>"; };
		3F6806A929CBBAF200B4F915 /* FakeNFTTests.xctest */ = {isa = PBXFileReference; explicitFileType = wrapper.cfbundle; includeInIndex = 0; path = FakeNFTTests.xctest; sourceTree = BUILT_PRODUCTS_DIR; };
		3F6806AD29CBBAF200B4F915 /* ExampleUnitTests.swift */ = {isa = PBXFileReference; lastKnownFileType = sourcecode.swift; path = ExampleUnitTests.swift; sourceTree = "<group>"; };
		3F6806B329CBBAF200B4F915 /* FakeNFTUITests.xctest */ = {isa = PBXFileReference; explicitFileType = wrapper.cfbundle; includeInIndex = 0; path = FakeNFTUITests.xctest; sourceTree = BUILT_PRODUCTS_DIR; };
		3F6806B729CBBAF200B4F915 /* FakeNFTUITests.swift */ = {isa = PBXFileReference; lastKnownFileType = sourcecode.swift; path = FakeNFTUITests.swift; sourceTree = "<group>"; };
		3F6806CA29CBBCC700B4F915 /* ExampleNetworkModel.swift */ = {isa = PBXFileReference; lastKnownFileType = sourcecode.swift; path = ExampleNetworkModel.swift; sourceTree = "<group>"; };
		3F6806D029CBBE6B00B4F915 /* NetworkClient.swift */ = {isa = PBXFileReference; lastKnownFileType = sourcecode.swift; path = NetworkClient.swift; sourceTree = "<group>"; };
		3F6806D229CBBE9600B4F915 /* NetworkRequest.swift */ = {isa = PBXFileReference; lastKnownFileType = sourcecode.swift; path = NetworkRequest.swift; sourceTree = "<group>"; };
		3F6806D429CBBEC700B4F915 /* NetworkTask.swift */ = {isa = PBXFileReference; lastKnownFileType = sourcecode.swift; path = NetworkTask.swift; sourceTree = "<group>"; };
		3F6806D629CBC50A00B4F915 /* CellsReusingUtils.swift */ = {isa = PBXFileReference; lastKnownFileType = sourcecode.swift; path = CellsReusingUtils.swift; sourceTree = "<group>"; };
		3FC8C38A29D242E90081F015 /* ProductDetailsTableViewCell.swift */ = {isa = PBXFileReference; lastKnownFileType = sourcecode.swift; path = ProductDetailsTableViewCell.swift; sourceTree = "<group>"; };
		3FC8C39229D246BA0081F015 /* DateFormatters+Presets.swift */ = {isa = PBXFileReference; lastKnownFileType = sourcecode.swift; path = "DateFormatters+Presets.swift"; sourceTree = "<group>"; };
		715D0F162AD156E300300497 /* TabBarController.swift */ = {isa = PBXFileReference; fileEncoding = 4; lastKnownFileType = sourcecode.swift; path = TabBarController.swift; sourceTree = "<group>"; };
		715D0F1D2AD1570000300497 /* StatisticsViewController.swift */ = {isa = PBXFileReference; fileEncoding = 4; lastKnownFileType = sourcecode.swift; path = StatisticsViewController.swift; sourceTree = "<group>"; };
		715D0F1F2AD1570000300497 /* BasketViewController.swift */ = {isa = PBXFileReference; fileEncoding = 4; lastKnownFileType = sourcecode.swift; path = BasketViewController.swift; sourceTree = "<group>"; };
		715D0F212AD1570000300497 /* CatalogViewController.swift */ = {isa = PBXFileReference; fileEncoding = 4; lastKnownFileType = sourcecode.swift; path = CatalogViewController.swift; sourceTree = "<group>"; };
		715D0F232AD1570000300497 /* ProfileViewController.swift */ = {isa = PBXFileReference; fileEncoding = 4; lastKnownFileType = sourcecode.swift; path = ProfileViewController.swift; sourceTree = "<group>"; };
		715D0F332AD1691D00300497 /* en */ = {isa = PBXFileReference; lastKnownFileType = text.plist.strings; name = en; path = en.lproj/Localizable.strings; sourceTree = "<group>"; };
		715D0F362AD1693200300497 /* LaunchScreen.storyboard */ = {isa = PBXFileReference; lastKnownFileType = file.storyboard; path = LaunchScreen.storyboard; sourceTree = "<group>"; };
		715D0F372AD1694C00300497 /* ru */ = {isa = PBXFileReference; lastKnownFileType = text.plist.strings; name = ru; path = ru.lproj/Localizable.strings; sourceTree = "<group>"; };
		71E3D1FB2AD2F20C0019EBCC /* Observable.swift */ = {isa = PBXFileReference; fileEncoding = 4; lastKnownFileType = sourcecode.swift; path = Observable.swift; sourceTree = "<group>"; };
/* End PBXFileReference section */

/* Begin PBXFrameworksBuildPhase section */
		3F68069029CBBAF100B4F915 /* Frameworks */ = {
			isa = PBXFrameworksBuildPhase;
			buildActionMask = 2147483647;
			files = (
				3F603CD029DB4A74000C43D7 /* Kingfisher in Frameworks */,
				3F603CCD29DB4A53000C43D7 /* ProgressHUD in Frameworks */,
			);
			runOnlyForDeploymentPostprocessing = 0;
		};
		3F6806A629CBBAF200B4F915 /* Frameworks */ = {
			isa = PBXFrameworksBuildPhase;
			buildActionMask = 2147483647;
			files = (
			);
			runOnlyForDeploymentPostprocessing = 0;
		};
		3F6806B029CBBAF200B4F915 /* Frameworks */ = {
			isa = PBXFrameworksBuildPhase;
			buildActionMask = 2147483647;
			files = (
			);
			runOnlyForDeploymentPostprocessing = 0;
		};
/* End PBXFrameworksBuildPhase section */

/* Begin PBXGroup section */
		224B633A2AD3353A00084AC9 /* FontsResources */ = {
			isa = PBXGroup;
			children = (
				224B633B2AD335AB00084AC9 /* SF-Pro-Text-Bold.otf */,
				224B633D2AD3383A00084AC9 /* SF-Pro-Text-Medium.otf */,
				224B63382AD3340800084AC9 /* SF-Pro-Text-Regular.otf */,
			);
			path = FontsResources;
			sourceTree = "<group>";
		};
		27B209152B125259002CFDB5 /* Views */ = {
			isa = PBXGroup;
			children = (
				27B209162B125259002CFDB5 /* UserNFTViewController.swift */,
				27B209172B125259002CFDB5 /* NFTCell.swift */,
				27B209202B125358002CFDB5 /* UserNFTViewModel.swift */,
			);
			path = Views;
			sourceTree = "<group>";
		};
		27C568192B2B691B009EE3F2 /* Requests */ = {
			isa = PBXGroup;
			children = (
				27C5681A2B2B6A30009EE3F2 /* ExampleRequest.swift */,
			);
			path = Requests;
			sourceTree = "<group>";
		};
		37BFE3482AD8364C00C553BA /* Helpers */ = {
			isa = PBXGroup;
			children = (
				37BFE3492AD8366300C553BA /* ViewControllerFactory.swift */,
				37BFE34B2AD8437700C553BA /* AlertService.swift */,
				37BFE34F2AD859DE00C553BA /* ImageValidator.swift */,
				27B2092A2B126751002CFDB5 /* SortOptions.swift */,
				27C91CE22B2B0224005392E4 /* GeometricParams.swift */,
				27C91CE42B2B0310005392E4 /* LoadingState.swift */,
				27C91CE62B2B03E3005392E4 /* NetworkServiceHelper.swift */,
			);
			path = Helpers;
			sourceTree = "<group>";
		};
		37E7D6E52AD8111300107140 /* ProfileScreen */ = {
			isa = PBXGroup;
			children = (
				37E7D6E62AD8113300107140 /* Views */,
				37E7D7012AD81D8000107140 /* ProfileViewModel.swift */,
			);
			path = ProfileScreen;
			sourceTree = "<group>";
		};
		37E7D6E62AD8113300107140 /* Views */ = {
			isa = PBXGroup;
			children = (
				715D0F232AD1570000300497 /* ProfileViewController.swift */,
				37E7D6F12AD8163900107140 /* ProfileCell.swift */,
			);
			path = Views;
			sourceTree = "<group>";
		};
		37E7D6F32AD8173600107140 /* UserNFTScreen */ = {
			isa = PBXGroup;
			children = (
				27B209152B125259002CFDB5 /* Views */,
			);
			path = UserNFTScreen;
			sourceTree = "<group>";
		};
		37E7D6F72AD818B500107140 /* FavoritesNFTScreen */ = {
			isa = PBXGroup;
			children = (
				37BFE3462AD8338B00C553BA /* FavoritesNFTViewController.swift */,
				27C91CDC2B2AFA68005392E4 /* FavoritesNFTCell.swift */,
				27C91CDE2B2AFAB4005392E4 /* FavoritesNFTViewModel.swift */,
				27C91CE02B2AFB09005392E4 /* FavoritesNFTCellViewModel.swift */,
			);
			path = FavoritesNFTScreen;
			sourceTree = "<group>";
		};
		37E7D6FC2AD81ABD00107140 /* EditScreen */ = {
			isa = PBXGroup;
			children = (
				37E7D6FD2AD81B6200107140 /* EditingViewController.swift */,
				27B209302B133860002CFDB5 /* EditingViewModel.swift */,
			);
			path = EditScreen;
			sourceTree = "<group>";
		};
		3F478ECD29DB473000F6D39E /* DesignSystem */ = {
			isa = PBXGroup;
			children = (
				37E7D6EF2AD8144600107140 /* UIViewController + Extensions.swift */,
				27B209242B125D95002CFDB5 /* UIView + Extensions.swift */,
				27B209222B125CDE002CFDB5 /* UIColor+Extensions.swift */,
				3F478ECE29DB474E00F6D39E /* Colors.swift */,
				3F478ED029DB476500F6D39E /* Fonts.swift */,
				224B633A2AD3353A00084AC9 /* FontsResources */,
			);
			path = DesignSystem;
			sourceTree = "<group>";
		};
		3F68068A29CBBAF100B4F915 = {
			isa = PBXGroup;
			children = (
				3F68069529CBBAF100B4F915 /* FakeNFT */,
				3F6806AC29CBBAF200B4F915 /* FakeNFTTests */,
				3F6806B629CBBAF200B4F915 /* FakeNFTUITests */,
				3F68069429CBBAF100B4F915 /* Products */,
			);
			sourceTree = "<group>";
		};
		3F68069429CBBAF100B4F915 /* Products */ = {
			isa = PBXGroup;
			children = (
				3F68069329CBBAF100B4F915 /* FakeNFT.app */,
				3F6806A929CBBAF200B4F915 /* FakeNFTTests.xctest */,
				3F6806B329CBBAF200B4F915 /* FakeNFTUITests.xctest */,
			);
			name = Products;
			sourceTree = "<group>";
		};
		3F68069529CBBAF100B4F915 /* FakeNFT */ = {
			isa = PBXGroup;
			children = (
				3F68069F29CBBAF200B4F915 /* Assets.xcassets */,
				715D0F182AD156EF00300497 /* Docs */,
				3F68069629CBBAF100B4F915 /* AppDelegate.swift */,
				717C51DA2B3C2732007AC951 /* Resources */,
				3F478ECD29DB473000F6D39E /* DesignSystem */,
				3F6806CE29CBBD1B00B4F915 /* Foundation */,
				3F6806C929CBBCAF00B4F915 /* Models */,
				3F6806C729CBBC5B00B4F915 /* Scenes  */,
				3F6806C629CBBC4E00B4F915 /* Services */,
				37BFE3482AD8364C00C553BA /* Helpers */,
				3F6806A429CBBAF200B4F915 /* Info.plist */,
			);
			path = FakeNFT;
			sourceTree = "<group>";
		};
		3F6806AC29CBBAF200B4F915 /* FakeNFTTests */ = {
			isa = PBXGroup;
			children = (
				3F6806AD29CBBAF200B4F915 /* ExampleUnitTests.swift */,
			);
			path = FakeNFTTests;
			sourceTree = "<group>";
		};
		3F6806B629CBBAF200B4F915 /* FakeNFTUITests */ = {
			isa = PBXGroup;
			children = (
				3F6806B729CBBAF200B4F915 /* FakeNFTUITests.swift */,
			);
			path = FakeNFTUITests;
			sourceTree = "<group>";
		};
		3F6806C629CBBC4E00B4F915 /* Services */ = {
			isa = PBXGroup;
			children = (
				27C91CE82B2B0627005392E4 /* ProfileService.swift */,
				27C91CEA2B2B06DC005392E4 /* NFTService.swift */,
				27C91CEC2B2B0720005392E4 /* ProfileRouter.swift */,
				27C568192B2B691B009EE3F2 /* Requests */,
			);
			path = Services;
			sourceTree = "<group>";
		};
		3F6806C729CBBC5B00B4F915 /* Scenes  */ = {
			isa = PBXGroup;
			children = (
				717C51DB2B3C28E0007AC951 /* TabBarController */,
				715D0F222AD1570000300497 /* Profile */,
				3F6806C829CBBC8100B4F915 /* ProductDetails */,
				715D0F1E2AD1570000300497 /* Basket */,
				715D0F202AD1570000300497 /* Catalog */,
				715D0F1C2AD1570000300497 /* Statistics */,
			);
			path = "Scenes ";
			sourceTree = "<group>";
		};
		3F6806C829CBBC8100B4F915 /* ProductDetails */ = {
			isa = PBXGroup;
			children = (
				3F68069A29CBBAF100B4F915 /* ProductDetailsTableViewController.swift */,
				3FC8C38A29D242E90081F015 /* ProductDetailsTableViewCell.swift */,
			);
			path = ProductDetails;
			sourceTree = "<group>";
		};
		3F6806C929CBBCAF00B4F915 /* Models */ = {
			isa = PBXGroup;
			children = (
				3F6806D829CC979D00B4F915 /* Network */,
			);
			path = Models;
			sourceTree = "<group>";
		};
		3F6806CE29CBBD1B00B4F915 /* Foundation */ = {
			isa = PBXGroup;
			children = (
				71E3D1FB2AD2F20C0019EBCC /* Observable.swift */,
				3F6806CF29CBBDB100B4F915 /* NetworkClient */,
				3F6806D629CBC50A00B4F915 /* CellsReusingUtils.swift */,
				3FC8C39229D246BA0081F015 /* DateFormatters+Presets.swift */,
				27B209262B1261EA002CFDB5 /* NumberFormatter+Presets.swift */,
			);
			path = Foundation;
			sourceTree = "<group>";
		};
		3F6806CF29CBBDB100B4F915 /* NetworkClient */ = {
			isa = PBXGroup;
			children = (
				3F6806D029CBBE6B00B4F915 /* NetworkClient.swift */,
				3F6806D229CBBE9600B4F915 /* NetworkRequest.swift */,
				3F6806D429CBBEC700B4F915 /* NetworkTask.swift */,
			);
			path = NetworkClient;
			sourceTree = "<group>";
		};
		3F6806D829CC979D00B4F915 /* Network */ = {
			isa = PBXGroup;
			children = (
				3F6806CA29CBBCC700B4F915 /* ExampleNetworkModel.swift */,
				37E7D70E2AD82C4800107140 /* ProfileNetworkRequest.swift */,
				37BFE3512AD85A4E00C553BA /* ProfileUpdateDTO.swift */,
				277CC3FD2B1348CE00CF78B2 /* NFTNetworkRequests.swift */,
				27C91CEE2B2B0AEB005392E4 /* UserProfile.swift */,
				27C91CF02B2B0B33005392E4 /* NFT.swift */,
				27C91CF22B2B0B5F005392E4 /* Author.swift */,
			);
			path = Network;
			sourceTree = "<group>";
		};
		715D0F182AD156EF00300497 /* Docs */ = {
			isa = PBXGroup;
			children = (
				27B715102B00A96F007C5B39 /* Profile Vadim.md */,
			);
			path = Docs;
			sourceTree = "<group>";
		};
		715D0F1C2AD1570000300497 /* Statistics */ = {
			isa = PBXGroup;
			children = (
				715D0F1D2AD1570000300497 /* StatisticsViewController.swift */,
			);
			path = Statistics;
			sourceTree = "<group>";
		};
		715D0F1E2AD1570000300497 /* Basket */ = {
			isa = PBXGroup;
			children = (
				715D0F1F2AD1570000300497 /* BasketViewController.swift */,
			);
			path = Basket;
			sourceTree = "<group>";
		};
		715D0F202AD1570000300497 /* Catalog */ = {
			isa = PBXGroup;
			children = (
				715D0F212AD1570000300497 /* CatalogViewController.swift */,
			);
			path = Catalog;
			sourceTree = "<group>";
		};
		715D0F222AD1570000300497 /* Profile */ = {
			isa = PBXGroup;
			children = (
				37E7D6FA2AD819DE00107140 /* WebViewViewController.swift */,
				37E7D6E52AD8111300107140 /* ProfileScreen */,
				37E7D6FC2AD81ABD00107140 /* EditScreen */,
				37E7D6F32AD8173600107140 /* UserNFTScreen */,
				37E7D6F72AD818B500107140 /* FavoritesNFTScreen */,
			);
			path = Profile;
			sourceTree = "<group>";
		};
		717C51DA2B3C2732007AC951 /* Resources */ = {
			isa = PBXGroup;
			children = (
				715D0F362AD1693200300497 /* LaunchScreen.storyboard */,
				715D0F342AD1691D00300497 /* Localizable.strings */,
			);
			path = Resources;
			sourceTree = "<group>";
		};
		717C51DB2B3C28E0007AC951 /* TabBarController */ = {
			isa = PBXGroup;
			children = (
				715D0F162AD156E300300497 /* TabBarController.swift */,
			);
			path = TabBarController;
			sourceTree = "<group>";
		};
/* End PBXGroup section */

/* Begin PBXNativeTarget section */
		3F68069229CBBAF100B4F915 /* FakeNFT */ = {
			isa = PBXNativeTarget;
			buildConfigurationList = 3F6806BD29CBBAF200B4F915 /* Build configuration list for PBXNativeTarget "FakeNFT" */;
			buildPhases = (
				3FC8C39529D24CDB0081F015 /* Swiftlint */,
				3F68068F29CBBAF100B4F915 /* Sources */,
				3F68069029CBBAF100B4F915 /* Frameworks */,
				3F68069129CBBAF100B4F915 /* Resources */,
			);
			buildRules = (
			);
			dependencies = (
			);
			name = FakeNFT;
			packageProductDependencies = (
				3F603CCC29DB4A53000C43D7 /* ProgressHUD */,
				3F603CCF29DB4A74000C43D7 /* Kingfisher */,
			);
			productName = FakeNFT;
			productReference = 3F68069329CBBAF100B4F915 /* FakeNFT.app */;
			productType = "com.apple.product-type.application";
		};
		3F6806A829CBBAF200B4F915 /* FakeNFTTests */ = {
			isa = PBXNativeTarget;
			buildConfigurationList = 3F6806C029CBBAF200B4F915 /* Build configuration list for PBXNativeTarget "FakeNFTTests" */;
			buildPhases = (
				3F6806A529CBBAF200B4F915 /* Sources */,
				3F6806A629CBBAF200B4F915 /* Frameworks */,
				3F6806A729CBBAF200B4F915 /* Resources */,
			);
			buildRules = (
			);
			dependencies = (
				3F6806AB29CBBAF200B4F915 /* PBXTargetDependency */,
			);
			name = FakeNFTTests;
			productName = FakeNFTTests;
			productReference = 3F6806A929CBBAF200B4F915 /* FakeNFTTests.xctest */;
			productType = "com.apple.product-type.bundle.unit-test";
		};
		3F6806B229CBBAF200B4F915 /* FakeNFTUITests */ = {
			isa = PBXNativeTarget;
			buildConfigurationList = 3F6806C329CBBAF200B4F915 /* Build configuration list for PBXNativeTarget "FakeNFTUITests" */;
			buildPhases = (
				3F6806AF29CBBAF200B4F915 /* Sources */,
				3F6806B029CBBAF200B4F915 /* Frameworks */,
				3F6806B129CBBAF200B4F915 /* Resources */,
			);
			buildRules = (
			);
			dependencies = (
				3F6806B529CBBAF200B4F915 /* PBXTargetDependency */,
			);
			name = FakeNFTUITests;
			productName = FakeNFTUITests;
			productReference = 3F6806B329CBBAF200B4F915 /* FakeNFTUITests.xctest */;
			productType = "com.apple.product-type.bundle.ui-testing";
		};
/* End PBXNativeTarget section */

/* Begin PBXProject section */
		3F68068B29CBBAF100B4F915 /* Project object */ = {
			isa = PBXProject;
			attributes = {
				BuildIndependentTargetsInParallel = 1;
				LastSwiftUpdateCheck = 1420;
				LastUpgradeCheck = 1500;
				TargetAttributes = {
					3F68069229CBBAF100B4F915 = {
						CreatedOnToolsVersion = 14.2;
					};
					3F6806A829CBBAF200B4F915 = {
						CreatedOnToolsVersion = 14.2;
						TestTargetID = 3F68069229CBBAF100B4F915;
					};
					3F6806B229CBBAF200B4F915 = {
						CreatedOnToolsVersion = 14.2;
						TestTargetID = 3F68069229CBBAF100B4F915;
					};
				};
			};
			buildConfigurationList = 3F68068E29CBBAF100B4F915 /* Build configuration list for PBXProject "FakeNFT" */;
			compatibilityVersion = "Xcode 14.0";
			developmentRegion = en;
			hasScannedForEncodings = 0;
			knownRegions = (
				en,
				ru,
				Base,
			);
			mainGroup = 3F68068A29CBBAF100B4F915;
			packageReferences = (
				3F603CCB29DB4A53000C43D7 /* XCRemoteSwiftPackageReference "ProgressHUD" */,
				3F603CCE29DB4A74000C43D7 /* XCRemoteSwiftPackageReference "Kingfisher" */,
			);
			productRefGroup = 3F68069429CBBAF100B4F915 /* Products */;
			projectDirPath = "";
			projectRoot = "";
			targets = (
				3F68069229CBBAF100B4F915 /* FakeNFT */,
				3F6806A829CBBAF200B4F915 /* FakeNFTTests */,
				3F6806B229CBBAF200B4F915 /* FakeNFTUITests */,
			);
		};
/* End PBXProject section */

/* Begin PBXResourcesBuildPhase section */
		3F68069129CBBAF100B4F915 /* Resources */ = {
			isa = PBXResourcesBuildPhase;
			buildActionMask = 2147483647;
			files = (
				224B63392AD3340800084AC9 /* SF-Pro-Text-Regular.otf in Resources */,
				224B633C2AD335AB00084AC9 /* SF-Pro-Text-Bold.otf in Resources */,
				715D0F322AD1691D00300497 /* Localizable.strings in Resources */,
				715D0F352AD1693200300497 /* LaunchScreen.storyboard in Resources */,
				224B633E2AD3383A00084AC9 /* SF-Pro-Text-Medium.otf in Resources */,
				3F6806A029CBBAF200B4F915 /* Assets.xcassets in Resources */,
			);
			runOnlyForDeploymentPostprocessing = 0;
		};
		3F6806A729CBBAF200B4F915 /* Resources */ = {
			isa = PBXResourcesBuildPhase;
			buildActionMask = 2147483647;
			files = (
			);
			runOnlyForDeploymentPostprocessing = 0;
		};
		3F6806B129CBBAF200B4F915 /* Resources */ = {
			isa = PBXResourcesBuildPhase;
			buildActionMask = 2147483647;
			files = (
			);
			runOnlyForDeploymentPostprocessing = 0;
		};
/* End PBXResourcesBuildPhase section */

/* Begin PBXShellScriptBuildPhase section */
		3FC8C39529D24CDB0081F015 /* Swiftlint */ = {
			isa = PBXShellScriptBuildPhase;
			alwaysOutOfDate = 1;
			buildActionMask = 8;
			files = (
			);
			inputFileListPaths = (
			);
			inputPaths = (
			);
			name = Swiftlint;
			outputFileListPaths = (
			);
			outputPaths = (
			);
			runOnlyForDeploymentPostprocessing = 1;
			shellPath = /bin/sh;
			shellScript = "export PATH=\"$PATH:/opt/homebrew/bin\"\nif which swiftlint > /dev/null; then\n  swiftlint --fix && swiftlint\nelse\n  echo \"warning: SwiftLint not installed, download from https://github.com/realm/SwiftLint\"\nfi\n";
		};
/* End PBXShellScriptBuildPhase section */

/* Begin PBXSourcesBuildPhase section */
		3F68068F29CBBAF100B4F915 /* Sources */ = {
			isa = PBXSourcesBuildPhase;
			buildActionMask = 2147483647;
			files = (
				27B209252B125D95002CFDB5 /* UIView + Extensions.swift in Sources */,
				71E3D1FC2AD2F20C0019EBCC /* Observable.swift in Sources */,
				27C91CE32B2B0224005392E4 /* GeometricParams.swift in Sources */,
				3FC8C38B29D242E90081F015 /* ProductDetailsTableViewCell.swift in Sources */,
				3F478ECF29DB474E00F6D39E /* Colors.swift in Sources */,
				27B2092B2B126751002CFDB5 /* SortOptions.swift in Sources */,
				37E7D7022AD81D8000107140 /* ProfileViewModel.swift in Sources */,
				27C91CE72B2B03E3005392E4 /* NetworkServiceHelper.swift in Sources */,
				27C91CE92B2B0627005392E4 /* ProfileService.swift in Sources */,
				37E7D6F22AD8163900107140 /* ProfileCell.swift in Sources */,
				27B209192B125259002CFDB5 /* NFTCell.swift in Sources */,
				37BFE34C2AD8437700C553BA /* AlertService.swift in Sources */,
				3F478ED129DB476500F6D39E /* Fonts.swift in Sources */,
				3FC8C39329D246BA0081F015 /* DateFormatters+Presets.swift in Sources */,
				3F68069B29CBBAF100B4F915 /* ProductDetailsTableViewController.swift in Sources */,
				27C91CEF2B2B0AEB005392E4 /* UserProfile.swift in Sources */,
				277CC3FE2B1348CE00CF78B2 /* NFTNetworkRequests.swift in Sources */,
				27C91CE12B2AFB09005392E4 /* FavoritesNFTCellViewModel.swift in Sources */,
				3F6806D529CBBEC700B4F915 /* NetworkTask.swift in Sources */,
				37E7D6FE2AD81B6200107140 /* EditingViewController.swift in Sources */,
				37E7D6F02AD8144600107140 /* UIViewController + Extensions.swift in Sources */,
				27B209182B125259002CFDB5 /* UserNFTViewController.swift in Sources */,
				715D0F272AD1570000300497 /* ProfileViewController.swift in Sources */,
				27C91CE52B2B0310005392E4 /* LoadingState.swift in Sources */,
				27C91CDD2B2AFA68005392E4 /* FavoritesNFTCell.swift in Sources */,
				27B209232B125CDE002CFDB5 /* UIColor+Extensions.swift in Sources */,
				27C91CF32B2B0B5F005392E4 /* Author.swift in Sources */,
				715D0F242AD1570000300497 /* StatisticsViewController.swift in Sources */,
				27C5681B2B2B6A30009EE3F2 /* ExampleRequest.swift in Sources */,
				3F68069729CBBAF100B4F915 /* AppDelegate.swift in Sources */,
				37E7D70F2AD82C4800107140 /* ProfileNetworkRequest.swift in Sources */,
				27C91CF12B2B0B33005392E4 /* NFT.swift in Sources */,
				27B209312B133860002CFDB5 /* EditingViewModel.swift in Sources */,
				27B209212B125358002CFDB5 /* UserNFTViewModel.swift in Sources */,
				3F6806D729CBC50A00B4F915 /* CellsReusingUtils.swift in Sources */,
				3F6806D329CBBE9600B4F915 /* NetworkRequest.swift in Sources */,
				37BFE34A2AD8366300C553BA /* ViewControllerFactory.swift in Sources */,
				37BFE3522AD85A4E00C553BA /* ProfileUpdateDTO.swift in Sources */,
				715D0F172AD156E300300497 /* TabBarController.swift in Sources */,
				3F6806CB29CBBCC700B4F915 /* ExampleNetworkModel.swift in Sources */,
				27C91CDF2B2AFAB4005392E4 /* FavoritesNFTViewModel.swift in Sources */,
				27C91CED2B2B0720005392E4 /* ProfileRouter.swift in Sources */,
				715D0F252AD1570000300497 /* BasketViewController.swift in Sources */,
				3F6806D129CBBE6B00B4F915 /* NetworkClient.swift in Sources */,
				715D0F262AD1570000300497 /* CatalogViewController.swift in Sources */,
				27C91CEB2B2B06DC005392E4 /* NFTService.swift in Sources */,
				37E7D6FB2AD819DE00107140 /* WebViewViewController.swift in Sources */,
				37BFE3472AD8338B00C553BA /* FavoritesNFTViewController.swift in Sources */,
				37BFE3502AD859DE00C553BA /* ImageValidator.swift in Sources */,
				27B209272B1261EA002CFDB5 /* NumberFormatter+Presets.swift in Sources */,
			);
			runOnlyForDeploymentPostprocessing = 0;
		};
		3F6806A529CBBAF200B4F915 /* Sources */ = {
			isa = PBXSourcesBuildPhase;
			buildActionMask = 2147483647;
			files = (
				3F6806AE29CBBAF200B4F915 /* ExampleUnitTests.swift in Sources */,
			);
			runOnlyForDeploymentPostprocessing = 0;
		};
		3F6806AF29CBBAF200B4F915 /* Sources */ = {
			isa = PBXSourcesBuildPhase;
			buildActionMask = 2147483647;
			files = (
				3F6806B829CBBAF200B4F915 /* FakeNFTUITests.swift in Sources */,
			);
			runOnlyForDeploymentPostprocessing = 0;
		};
/* End PBXSourcesBuildPhase section */

/* Begin PBXTargetDependency section */
		3F6806AB29CBBAF200B4F915 /* PBXTargetDependency */ = {
			isa = PBXTargetDependency;
			target = 3F68069229CBBAF100B4F915 /* FakeNFT */;
			targetProxy = 3F6806AA29CBBAF200B4F915 /* PBXContainerItemProxy */;
		};
		3F6806B529CBBAF200B4F915 /* PBXTargetDependency */ = {
			isa = PBXTargetDependency;
			target = 3F68069229CBBAF100B4F915 /* FakeNFT */;
			targetProxy = 3F6806B429CBBAF200B4F915 /* PBXContainerItemProxy */;
		};
/* End PBXTargetDependency section */

/* Begin PBXVariantGroup section */
		715D0F342AD1691D00300497 /* Localizable.strings */ = {
			isa = PBXVariantGroup;
			children = (
				715D0F332AD1691D00300497 /* en */,
				715D0F372AD1694C00300497 /* ru */,
			);
			name = Localizable.strings;
			sourceTree = "<group>";
		};
/* End PBXVariantGroup section */

/* Begin XCBuildConfiguration section */
		3F6806BB29CBBAF200B4F915 /* Debug */ = {
			isa = XCBuildConfiguration;
			buildSettings = {
				ALWAYS_SEARCH_USER_PATHS = NO;
				CLANG_ANALYZER_LOCALIZABILITY_NONLOCALIZED = YES;
				CLANG_ANALYZER_NONNULL = YES;
				CLANG_ANALYZER_NUMBER_OBJECT_CONVERSION = YES_AGGRESSIVE;
				CLANG_CXX_LANGUAGE_STANDARD = "gnu++20";
				CLANG_ENABLE_MODULES = YES;
				CLANG_ENABLE_OBJC_ARC = YES;
				CLANG_ENABLE_OBJC_WEAK = YES;
				CLANG_WARN_BLOCK_CAPTURE_AUTORELEASING = YES;
				CLANG_WARN_BOOL_CONVERSION = YES;
				CLANG_WARN_COMMA = YES;
				CLANG_WARN_CONSTANT_CONVERSION = YES;
				CLANG_WARN_DEPRECATED_OBJC_IMPLEMENTATIONS = YES;
				CLANG_WARN_DIRECT_OBJC_ISA_USAGE = YES_ERROR;
				CLANG_WARN_DOCUMENTATION_COMMENTS = YES;
				CLANG_WARN_EMPTY_BODY = YES;
				CLANG_WARN_ENUM_CONVERSION = YES;
				CLANG_WARN_INFINITE_RECURSION = YES;
				CLANG_WARN_INT_CONVERSION = YES;
				CLANG_WARN_NON_LITERAL_NULL_CONVERSION = YES;
				CLANG_WARN_OBJC_IMPLICIT_RETAIN_SELF = YES;
				CLANG_WARN_OBJC_LITERAL_CONVERSION = YES;
				CLANG_WARN_OBJC_ROOT_CLASS = YES_ERROR;
				CLANG_WARN_QUOTED_INCLUDE_IN_FRAMEWORK_HEADER = YES;
				CLANG_WARN_RANGE_LOOP_ANALYSIS = YES;
				CLANG_WARN_STRICT_PROTOTYPES = YES;
				CLANG_WARN_SUSPICIOUS_MOVE = YES;
				CLANG_WARN_UNGUARDED_AVAILABILITY = YES_AGGRESSIVE;
				CLANG_WARN_UNREACHABLE_CODE = YES;
				CLANG_WARN__DUPLICATE_METHOD_MATCH = YES;
				COPY_PHASE_STRIP = NO;
				DEBUG_INFORMATION_FORMAT = dwarf;
				ENABLE_STRICT_OBJC_MSGSEND = YES;
				ENABLE_TESTABILITY = YES;
				GCC_C_LANGUAGE_STANDARD = gnu11;
				GCC_DYNAMIC_NO_PIC = NO;
				GCC_NO_COMMON_BLOCKS = YES;
				GCC_OPTIMIZATION_LEVEL = 0;
				GCC_PREPROCESSOR_DEFINITIONS = (
					"DEBUG=1",
					"$(inherited)",
				);
				GCC_WARN_64_TO_32_BIT_CONVERSION = YES;
				GCC_WARN_ABOUT_RETURN_TYPE = YES_ERROR;
				GCC_WARN_UNDECLARED_SELECTOR = YES;
				GCC_WARN_UNINITIALIZED_AUTOS = YES_AGGRESSIVE;
				GCC_WARN_UNUSED_FUNCTION = YES;
				GCC_WARN_UNUSED_VARIABLE = YES;
				IPHONEOS_DEPLOYMENT_TARGET = 13.0;
				MTL_ENABLE_DEBUG_INFO = INCLUDE_SOURCE;
				MTL_FAST_MATH = YES;
				ONLY_ACTIVE_ARCH = YES;
				SDKROOT = iphoneos;
				SWIFT_ACTIVE_COMPILATION_CONDITIONS = DEBUG;
				SWIFT_OPTIMIZATION_LEVEL = "-Onone";
			};
			name = Debug;
		};
		3F6806BC29CBBAF200B4F915 /* Release */ = {
			isa = XCBuildConfiguration;
			buildSettings = {
				ALWAYS_SEARCH_USER_PATHS = NO;
				CLANG_ANALYZER_LOCALIZABILITY_NONLOCALIZED = YES;
				CLANG_ANALYZER_NONNULL = YES;
				CLANG_ANALYZER_NUMBER_OBJECT_CONVERSION = YES_AGGRESSIVE;
				CLANG_CXX_LANGUAGE_STANDARD = "gnu++20";
				CLANG_ENABLE_MODULES = YES;
				CLANG_ENABLE_OBJC_ARC = YES;
				CLANG_ENABLE_OBJC_WEAK = YES;
				CLANG_WARN_BLOCK_CAPTURE_AUTORELEASING = YES;
				CLANG_WARN_BOOL_CONVERSION = YES;
				CLANG_WARN_COMMA = YES;
				CLANG_WARN_CONSTANT_CONVERSION = YES;
				CLANG_WARN_DEPRECATED_OBJC_IMPLEMENTATIONS = YES;
				CLANG_WARN_DIRECT_OBJC_ISA_USAGE = YES_ERROR;
				CLANG_WARN_DOCUMENTATION_COMMENTS = YES;
				CLANG_WARN_EMPTY_BODY = YES;
				CLANG_WARN_ENUM_CONVERSION = YES;
				CLANG_WARN_INFINITE_RECURSION = YES;
				CLANG_WARN_INT_CONVERSION = YES;
				CLANG_WARN_NON_LITERAL_NULL_CONVERSION = YES;
				CLANG_WARN_OBJC_IMPLICIT_RETAIN_SELF = YES;
				CLANG_WARN_OBJC_LITERAL_CONVERSION = YES;
				CLANG_WARN_OBJC_ROOT_CLASS = YES_ERROR;
				CLANG_WARN_QUOTED_INCLUDE_IN_FRAMEWORK_HEADER = YES;
				CLANG_WARN_RANGE_LOOP_ANALYSIS = YES;
				CLANG_WARN_STRICT_PROTOTYPES = YES;
				CLANG_WARN_SUSPICIOUS_MOVE = YES;
				CLANG_WARN_UNGUARDED_AVAILABILITY = YES_AGGRESSIVE;
				CLANG_WARN_UNREACHABLE_CODE = YES;
				CLANG_WARN__DUPLICATE_METHOD_MATCH = YES;
				COPY_PHASE_STRIP = NO;
				DEBUG_INFORMATION_FORMAT = "dwarf-with-dsym";
				ENABLE_NS_ASSERTIONS = NO;
				ENABLE_STRICT_OBJC_MSGSEND = YES;
				GCC_C_LANGUAGE_STANDARD = gnu11;
				GCC_NO_COMMON_BLOCKS = YES;
				GCC_WARN_64_TO_32_BIT_CONVERSION = YES;
				GCC_WARN_ABOUT_RETURN_TYPE = YES_ERROR;
				GCC_WARN_UNDECLARED_SELECTOR = YES;
				GCC_WARN_UNINITIALIZED_AUTOS = YES_AGGRESSIVE;
				GCC_WARN_UNUSED_FUNCTION = YES;
				GCC_WARN_UNUSED_VARIABLE = YES;
				IPHONEOS_DEPLOYMENT_TARGET = 13.0;
				MTL_ENABLE_DEBUG_INFO = NO;
				MTL_FAST_MATH = YES;
				SDKROOT = iphoneos;
				SWIFT_COMPILATION_MODE = wholemodule;
				SWIFT_OPTIMIZATION_LEVEL = "-O";
				VALIDATE_PRODUCT = YES;
			};
			name = Release;
		};
		3F6806BE29CBBAF200B4F915 /* Debug */ = {
			isa = XCBuildConfiguration;
			buildSettings = {
				ASSETCATALOG_COMPILER_APPICON_NAME = AppIcon;
				ASSETCATALOG_COMPILER_GLOBAL_ACCENT_COLOR_NAME = AccentColor;
				CODE_SIGN_STYLE = Automatic;
				CURRENT_PROJECT_VERSION = 1;
				DEVELOPMENT_TEAM = "";
				GENERATE_INFOPLIST_FILE = YES;
				INFOPLIST_FILE = FakeNFT/Info.plist;
				INFOPLIST_KEY_UIApplicationSupportsIndirectInputEvents = YES;
				INFOPLIST_KEY_UILaunchStoryboardName = LaunchScreen;
				INFOPLIST_KEY_UIMainStoryboardFile = "";
				INFOPLIST_KEY_UISupportedInterfaceOrientations = UIInterfaceOrientationPortrait;
				INFOPLIST_KEY_UISupportedInterfaceOrientations_iPad = "UIInterfaceOrientationLandscapeLeft UIInterfaceOrientationLandscapeRight UIInterfaceOrientationPortrait UIInterfaceOrientationPortraitUpsideDown";
				IPHONEOS_DEPLOYMENT_TARGET = 13.0;
				LD_RUNPATH_SEARCH_PATHS = (
					"$(inherited)",
					"@executable_path/Frameworks",
				);
				MARKETING_VERSION = 1.0;
				PRODUCT_BUNDLE_IDENTIFIER = com.practicum.FakeNFT;
				PRODUCT_NAME = "$(TARGET_NAME)";
				SUPPORTED_PLATFORMS = "iphoneos iphonesimulator";
				SUPPORTS_MACCATALYST = NO;
				SUPPORTS_MAC_DESIGNED_FOR_IPHONE_IPAD = NO;
				SWIFT_EMIT_LOC_STRINGS = YES;
				SWIFT_VERSION = 5.0;
				TARGETED_DEVICE_FAMILY = 1;
			};
			name = Debug;
		};
		3F6806BF29CBBAF200B4F915 /* Release */ = {
			isa = XCBuildConfiguration;
			buildSettings = {
				ASSETCATALOG_COMPILER_APPICON_NAME = AppIcon;
				ASSETCATALOG_COMPILER_GLOBAL_ACCENT_COLOR_NAME = AccentColor;
				CODE_SIGN_STYLE = Automatic;
				CURRENT_PROJECT_VERSION = 1;
				DEVELOPMENT_TEAM = "";
				GENERATE_INFOPLIST_FILE = YES;
				INFOPLIST_FILE = FakeNFT/Info.plist;
				INFOPLIST_KEY_UIApplicationSupportsIndirectInputEvents = YES;
				INFOPLIST_KEY_UILaunchStoryboardName = LaunchScreen;
				INFOPLIST_KEY_UIMainStoryboardFile = "";
				INFOPLIST_KEY_UISupportedInterfaceOrientations = UIInterfaceOrientationPortrait;
				INFOPLIST_KEY_UISupportedInterfaceOrientations_iPad = "UIInterfaceOrientationLandscapeLeft UIInterfaceOrientationLandscapeRight UIInterfaceOrientationPortrait UIInterfaceOrientationPortraitUpsideDown";
				IPHONEOS_DEPLOYMENT_TARGET = 13.0;
				LD_RUNPATH_SEARCH_PATHS = (
					"$(inherited)",
					"@executable_path/Frameworks",
				);
				MARKETING_VERSION = 1.0;
				PRODUCT_BUNDLE_IDENTIFIER = com.practicum.FakeNFT;
				PRODUCT_NAME = "$(TARGET_NAME)";
				SUPPORTED_PLATFORMS = "iphoneos iphonesimulator";
				SUPPORTS_MACCATALYST = NO;
				SUPPORTS_MAC_DESIGNED_FOR_IPHONE_IPAD = NO;
				SWIFT_EMIT_LOC_STRINGS = YES;
				SWIFT_VERSION = 5.0;
				TARGETED_DEVICE_FAMILY = 1;
			};
			name = Release;
		};
		3F6806C129CBBAF200B4F915 /* Debug */ = {
			isa = XCBuildConfiguration;
			buildSettings = {
				ALWAYS_EMBED_SWIFT_STANDARD_LIBRARIES = YES;
				BUNDLE_LOADER = "$(TEST_HOST)";
				CODE_SIGN_STYLE = Automatic;
				CURRENT_PROJECT_VERSION = 1;
				GENERATE_INFOPLIST_FILE = YES;
				IPHONEOS_DEPLOYMENT_TARGET = 16.2;
				MARKETING_VERSION = 1.0;
				PRODUCT_BUNDLE_IDENTIFIER = com.practicum.FakeNFTTests;
				PRODUCT_NAME = "$(TARGET_NAME)";
				SWIFT_EMIT_LOC_STRINGS = NO;
				SWIFT_VERSION = 5.0;
				TARGETED_DEVICE_FAMILY = "1,2";
				TEST_HOST = "$(BUILT_PRODUCTS_DIR)/FakeNFT.app/$(BUNDLE_EXECUTABLE_FOLDER_PATH)/FakeNFT";
			};
			name = Debug;
		};
		3F6806C229CBBAF200B4F915 /* Release */ = {
			isa = XCBuildConfiguration;
			buildSettings = {
				ALWAYS_EMBED_SWIFT_STANDARD_LIBRARIES = YES;
				BUNDLE_LOADER = "$(TEST_HOST)";
				CODE_SIGN_STYLE = Automatic;
				CURRENT_PROJECT_VERSION = 1;
				GENERATE_INFOPLIST_FILE = YES;
				IPHONEOS_DEPLOYMENT_TARGET = 16.2;
				MARKETING_VERSION = 1.0;
				PRODUCT_BUNDLE_IDENTIFIER = com.practicum.FakeNFTTests;
				PRODUCT_NAME = "$(TARGET_NAME)";
				SWIFT_EMIT_LOC_STRINGS = NO;
				SWIFT_VERSION = 5.0;
				TARGETED_DEVICE_FAMILY = "1,2";
				TEST_HOST = "$(BUILT_PRODUCTS_DIR)/FakeNFT.app/$(BUNDLE_EXECUTABLE_FOLDER_PATH)/FakeNFT";
			};
			name = Release;
		};
		3F6806C429CBBAF200B4F915 /* Debug */ = {
			isa = XCBuildConfiguration;
			buildSettings = {
				ALWAYS_EMBED_SWIFT_STANDARD_LIBRARIES = YES;
				CODE_SIGN_STYLE = Automatic;
				CURRENT_PROJECT_VERSION = 1;
				GENERATE_INFOPLIST_FILE = YES;
				MARKETING_VERSION = 1.0;
				PRODUCT_BUNDLE_IDENTIFIER = com.practicum.FakeNFTUITests;
				PRODUCT_NAME = "$(TARGET_NAME)";
				SWIFT_EMIT_LOC_STRINGS = NO;
				SWIFT_VERSION = 5.0;
				TARGETED_DEVICE_FAMILY = "1,2";
				TEST_TARGET_NAME = FakeNFT;
			};
			name = Debug;
		};
		3F6806C529CBBAF200B4F915 /* Release */ = {
			isa = XCBuildConfiguration;
			buildSettings = {
				ALWAYS_EMBED_SWIFT_STANDARD_LIBRARIES = YES;
				CODE_SIGN_STYLE = Automatic;
				CURRENT_PROJECT_VERSION = 1;
				GENERATE_INFOPLIST_FILE = YES;
				MARKETING_VERSION = 1.0;
				PRODUCT_BUNDLE_IDENTIFIER = com.practicum.FakeNFTUITests;
				PRODUCT_NAME = "$(TARGET_NAME)";
				SWIFT_EMIT_LOC_STRINGS = NO;
				SWIFT_VERSION = 5.0;
				TARGETED_DEVICE_FAMILY = "1,2";
				TEST_TARGET_NAME = FakeNFT;
			};
			name = Release;
		};
/* End XCBuildConfiguration section */

/* Begin XCConfigurationList section */
		3F68068E29CBBAF100B4F915 /* Build configuration list for PBXProject "FakeNFT" */ = {
			isa = XCConfigurationList;
			buildConfigurations = (
				3F6806BB29CBBAF200B4F915 /* Debug */,
				3F6806BC29CBBAF200B4F915 /* Release */,
			);
			defaultConfigurationIsVisible = 0;
			defaultConfigurationName = Release;
		};
		3F6806BD29CBBAF200B4F915 /* Build configuration list for PBXNativeTarget "FakeNFT" */ = {
			isa = XCConfigurationList;
			buildConfigurations = (
				3F6806BE29CBBAF200B4F915 /* Debug */,
				3F6806BF29CBBAF200B4F915 /* Release */,
			);
			defaultConfigurationIsVisible = 0;
			defaultConfigurationName = Release;
		};
		3F6806C029CBBAF200B4F915 /* Build configuration list for PBXNativeTarget "FakeNFTTests" */ = {
			isa = XCConfigurationList;
			buildConfigurations = (
				3F6806C129CBBAF200B4F915 /* Debug */,
				3F6806C229CBBAF200B4F915 /* Release */,
			);
			defaultConfigurationIsVisible = 0;
			defaultConfigurationName = Release;
		};
		3F6806C329CBBAF200B4F915 /* Build configuration list for PBXNativeTarget "FakeNFTUITests" */ = {
			isa = XCConfigurationList;
			buildConfigurations = (
				3F6806C429CBBAF200B4F915 /* Debug */,
				3F6806C529CBBAF200B4F915 /* Release */,
			);
			defaultConfigurationIsVisible = 0;
			defaultConfigurationName = Release;
		};
/* End XCConfigurationList section */

/* Begin XCRemoteSwiftPackageReference section */
		3F603CCB29DB4A53000C43D7 /* XCRemoteSwiftPackageReference "ProgressHUD" */ = {
			isa = XCRemoteSwiftPackageReference;
			repositoryURL = "https://github.com/relatedcode/ProgressHUD";
			requirement = {
				kind = upToNextMajorVersion;
				minimumVersion = 13.0.0;
			};
		};
		3F603CCE29DB4A74000C43D7 /* XCRemoteSwiftPackageReference "Kingfisher" */ = {
			isa = XCRemoteSwiftPackageReference;
			repositoryURL = "https://github.com/onevcat/Kingfisher.git";
			requirement = {
				kind = upToNextMajorVersion;
				minimumVersion = 7.0.0;
			};
		};
/* End XCRemoteSwiftPackageReference section */

/* Begin XCSwiftPackageProductDependency section */
		3F603CCC29DB4A53000C43D7 /* ProgressHUD */ = {
			isa = XCSwiftPackageProductDependency;
			package = 3F603CCB29DB4A53000C43D7 /* XCRemoteSwiftPackageReference "ProgressHUD" */;
			productName = ProgressHUD;
		};
		3F603CCF29DB4A74000C43D7 /* Kingfisher */ = {
			isa = XCSwiftPackageProductDependency;
			package = 3F603CCE29DB4A74000C43D7 /* XCRemoteSwiftPackageReference "Kingfisher" */;
			productName = Kingfisher;
		};
/* End XCSwiftPackageProductDependency section */
	};
	rootObject = 3F68068B29CBBAF100B4F915 /* Project object */;
}
