// !$*UTF8*$!
{
	archiveVersion = 1;
	classes = {
	};
	objectVersion = 56;
	objects = {

/* Begin PBXBuildFile section */
		3F603CCD29DB4A53000C43D7 /* ProgressHUD in Frameworks */ = {isa = PBXBuildFile; productRef = 3F603CCC29DB4A53000C43D7 /* ProgressHUD */; };
		3F603CD029DB4A74000C43D7 /* Kingfisher in Frameworks */ = {isa = PBXBuildFile; productRef = 3F603CCF29DB4A74000C43D7 /* Kingfisher */; };
		3F68069729CBBAF100B4F915 /* AppDelegate.swift in Sources */ = {isa = PBXBuildFile; fileRef = 3F68069629CBBAF100B4F915 /* AppDelegate.swift */; };
		3F68069929CBBAF100B4F915 /* SceneDelegate.swift in Sources */ = {isa = PBXBuildFile; fileRef = 3F68069829CBBAF100B4F915 /* SceneDelegate.swift */; };
		3F6806A029CBBAF200B4F915 /* Assets.xcassets in Resources */ = {isa = PBXBuildFile; fileRef = 3F68069F29CBBAF200B4F915 /* Assets.xcassets */; };
		3F6806A329CBBAF200B4F915 /* LaunchScreen.storyboard in Resources */ = {isa = PBXBuildFile; fileRef = 3F6806A129CBBAF200B4F915 /* LaunchScreen.storyboard */; };
		3F6806AE29CBBAF200B4F915 /* ExampleUnitTests.swift in Sources */ = {isa = PBXBuildFile; fileRef = 3F6806AD29CBBAF200B4F915 /* ExampleUnitTests.swift */; };
		3F6806B829CBBAF200B4F915 /* FakeNFTUITests.swift in Sources */ = {isa = PBXBuildFile; fileRef = 3F6806B729CBBAF200B4F915 /* FakeNFTUITests.swift */; };
		3F6806D129CBBE6B00B4F915 /* NetworkClient.swift in Sources */ = {isa = PBXBuildFile; fileRef = 3F6806D029CBBE6B00B4F915 /* NetworkClient.swift */; };
		3F6806D329CBBE9600B4F915 /* NetworkRequest.swift in Sources */ = {isa = PBXBuildFile; fileRef = 3F6806D229CBBE9600B4F915 /* NetworkRequest.swift */; };
		3F6806D529CBBEC700B4F915 /* NetworkTask.swift in Sources */ = {isa = PBXBuildFile; fileRef = 3F6806D429CBBEC700B4F915 /* NetworkTask.swift */; };
		3F6806D729CBC50A00B4F915 /* Cells + Extension.swift in Sources */ = {isa = PBXBuildFile; fileRef = 3F6806D629CBC50A00B4F915 /* Cells + Extension.swift */; };
		3FC8C39129D2453B0081F015 /* NetworkRequestModel.swift in Sources */ = {isa = PBXBuildFile; fileRef = 3FC8C39029D2453B0081F015 /* NetworkRequestModel.swift */; };
		4005316E2A73DDFC008CAF3B /* UIView + Extension.swift in Sources */ = {isa = PBXBuildFile; fileRef = 4005316D2A73DDFC008CAF3B /* UIView + Extension.swift */; };
		400531772A73EB4D008CAF3B /* BlackBaseButton.swift in Sources */ = {isa = PBXBuildFile; fileRef = 400531762A73EB4D008CAF3B /* BlackBaseButton.swift */; };
		400531792A73EC58008CAF3B /* BaseWhiteButton.swift in Sources */ = {isa = PBXBuildFile; fileRef = 400531782A73EC58008CAF3B /* BaseWhiteButton.swift */; };
		406414662A8A247F00EBBE39 /* DemoCell.swift in Sources */ = {isa = PBXBuildFile; fileRef = 406414652A8A247F00EBBE39 /* DemoCell.swift */; };
		406414682A8A250100EBBE39 /* DemoViewController.swift in Sources */ = {isa = PBXBuildFile; fileRef = 406414672A8A250100EBBE39 /* DemoViewController.swift */; };
		4064146A2A8A254800EBBE39 /* DemoViewModelProtocol.swift in Sources */ = {isa = PBXBuildFile; fileRef = 406414692A8A254800EBBE39 /* DemoViewModelProtocol.swift */; };
		406DEE2B2A7FED5D008E2227 /* UIViewController + Extension.swift in Sources */ = {isa = PBXBuildFile; fileRef = 406DEE2A2A7FED5D008E2227 /* UIViewController + Extension.swift */; };
		407047572A88B86400067E68 /* UIFont + Extension.swift in Sources */ = {isa = PBXBuildFile; fileRef = 407047562A88B86400067E68 /* UIFont + Extension.swift */; };
		4070B1182A76CADF00CF6E74 /* SortNavBarBaseButton.swift in Sources */ = {isa = PBXBuildFile; fileRef = 4070B1172A76CADF00CF6E74 /* SortNavBarBaseButton.swift */; };
		4071F5C42A7CFF8400ADA546 /* StatisticViewModelProtocol.swift in Sources */ = {isa = PBXBuildFile; fileRef = 4071F5C02A7CFF8400ADA546 /* StatisticViewModelProtocol.swift */; };
		4071F5C52A7CFF8400ADA546 /* StatisticViewController.swift in Sources */ = {isa = PBXBuildFile; fileRef = 4071F5C12A7CFF8400ADA546 /* StatisticViewController.swift */; };
		4071F5C62A7CFF8400ADA546 /* StatisticViewModel.swift in Sources */ = {isa = PBXBuildFile; fileRef = 4071F5C22A7CFF8400ADA546 /* StatisticViewModel.swift */; };
		4071F5C72A7CFF8400ADA546 /* StatisticCollectionViewCell.swift in Sources */ = {isa = PBXBuildFile; fileRef = 4071F5C32A7CFF8400ADA546 /* StatisticCollectionViewCell.swift */; };
		4071F5CD2A7D001800ADA546 /* StatisticUserViewController.swift in Sources */ = {isa = PBXBuildFile; fileRef = 4071F5C92A7D001800ADA546 /* StatisticUserViewController.swift */; };
		4071F5CF2A7D001800ADA546 /* StatisticUserTableViewCell.swift in Sources */ = {isa = PBXBuildFile; fileRef = 4071F5CB2A7D001800ADA546 /* StatisticUserTableViewCell.swift */; };
		4071F5D02A7D001800ADA546 /* StatisticUserViewModel.swift in Sources */ = {isa = PBXBuildFile; fileRef = 4071F5CC2A7D001800ADA546 /* StatisticUserViewModel.swift */; };
		4071F5D52A7D002000ADA546 /* StatisticNFTCollectionViewController.swift in Sources */ = {isa = PBXBuildFile; fileRef = 4071F5D22A7D002000ADA546 /* StatisticNFTCollectionViewController.swift */; };
		4071F5D62A7D002000ADA546 /* StatisticNFTCollectionViewModel.swift in Sources */ = {isa = PBXBuildFile; fileRef = 4071F5D32A7D002000ADA546 /* StatisticNFTCollectionViewModel.swift */; };
		4071F5D72A7D002000ADA546 /* StatisticNFTCollectionViewModelProtocol.swift in Sources */ = {isa = PBXBuildFile; fileRef = 4071F5D42A7D002000ADA546 /* StatisticNFTCollectionViewModelProtocol.swift */; };
		407340E82A838C44008E0C1E /* UserDefaultsService.swift in Sources */ = {isa = PBXBuildFile; fileRef = 407340E72A838C44008E0C1E /* UserDefaultsService.swift */; };
		409EEFE32A7A707700B23FF8 /* DataProviderProtocol.swift in Sources */ = {isa = PBXBuildFile; fileRef = 409EEFE22A7A707700B23FF8 /* DataProviderProtocol.swift */; };
		409EEFE72A7A710D00B23FF8 /* User.swift in Sources */ = {isa = PBXBuildFile; fileRef = 409EEFE62A7A710D00B23FF8 /* User.swift */; };
		409EEFE92A7A711A00B23FF8 /* UsersResponse.swift in Sources */ = {isa = PBXBuildFile; fileRef = 409EEFE82A7A711A00B23FF8 /* UsersResponse.swift */; };
		40EEA7CF2A768BE700A1AE93 /* AnalyticsService.swift in Sources */ = {isa = PBXBuildFile; fileRef = 40EEA7CE2A768BE700A1AE93 /* AnalyticsService.swift */; };
		7E71E3AB2A73BEFA00B0073D /* Localizable.strings in Resources */ = {isa = PBXBuildFile; fileRef = 7E71E3AD2A73BEFA00B0073D /* Localizable.strings */; };
		7E71E3B32A73CBF500B0073D /* Strings+Generated.swift in Sources */ = {isa = PBXBuildFile; fileRef = 7E71E3B22A73CBF500B0073D /* Strings+Generated.swift */; };
		7E71E3B52A73F10A00B0073D /* TabBarController.swift in Sources */ = {isa = PBXBuildFile; fileRef = 7E71E3B42A73F10A00B0073D /* TabBarController.swift */; };
		7EB552D62A896BC60046EA33 /* HandlingErrorService.swift in Sources */ = {isa = PBXBuildFile; fileRef = 7EB552D52A896BC60046EA33 /* HandlingErrorService.swift */; };
		7EB552D92A896CFC0046EA33 /* NotificationBannerSwift in Frameworks */ = {isa = PBXBuildFile; productRef = 7EB552D82A896CFC0046EA33 /* NotificationBannerSwift */; };
		7EB78A682A78EAD000BE892B /* NFTCollectionView.swift in Sources */ = {isa = PBXBuildFile; fileRef = 7EB78A672A78EAD000BE892B /* NFTCollectionView.swift */; };
		7EB78A6A2A78EEC100BE892B /* NFTCollectionCell.swift in Sources */ = {isa = PBXBuildFile; fileRef = 7EB78A692A78EEC100BE892B /* NFTCollectionCell.swift */; };
		7EB78A972A7A5C7D00BE892B /* WebViewViewController.swift in Sources */ = {isa = PBXBuildFile; fileRef = 7EB78A962A7A5C7D00BE892B /* WebViewViewController.swift */; };
		7EB78AD12A7AB4F800BE892B /* WebViewViewModel.swift in Sources */ = {isa = PBXBuildFile; fileRef = 7EB78AD02A7AB4F800BE892B /* WebViewViewModel.swift */; };
		7EB78AD32A7AB8F800BE892B /* WebViewViewModelProtocol.swift in Sources */ = {isa = PBXBuildFile; fileRef = 7EB78AD22A7AB8F800BE892B /* WebViewViewModelProtocol.swift */; };
		7EB78AE12A7BFBC300BE892B /* NFTCollection.swift in Sources */ = {isa = PBXBuildFile; fileRef = 7EB78AE02A7BFBC300BE892B /* NFTCollection.swift */; };
		7EB78AE32A7BFCFF00BE892B /* NFTCard.swift in Sources */ = {isa = PBXBuildFile; fileRef = 7EB78AE22A7BFCFF00BE892B /* NFTCard.swift */; };
		7EB78AE52A7BFDB200BE892B /* Currency.swift in Sources */ = {isa = PBXBuildFile; fileRef = 7EB78AE42A7BFDB200BE892B /* Currency.swift */; };
		7EB78AE72A7BFE0700BE892B /* Order.swift in Sources */ = {isa = PBXBuildFile; fileRef = 7EB78AE62A7BFE0700BE892B /* Order.swift */; };
		7EB78AE92A7BFE7200BE892B /* OrderPayment.swift in Sources */ = {isa = PBXBuildFile; fileRef = 7EB78AE82A7BFE7200BE892B /* OrderPayment.swift */; };
		7EB78AEB2A7BFEEE00BE892B /* Profile.swift in Sources */ = {isa = PBXBuildFile; fileRef = 7EB78AEA2A7BFEEE00BE892B /* Profile.swift */; };
		7EC0B5352A76678100688EC9 /* AlertService.swift in Sources */ = {isa = PBXBuildFile; fileRef = 7EC0B5342A76678100688EC9 /* AlertService.swift */; };
		7EC0B5392A766ABA00688EC9 /* DataProvider.swift in Sources */ = {isa = PBXBuildFile; fileRef = 7EC0B5382A766ABA00688EC9 /* DataProvider.swift */; };
		7EC0B53D2A766C1C00688EC9 /* Observable.swift in Sources */ = {isa = PBXBuildFile; fileRef = 7EC0B53C2A766C1C00688EC9 /* Observable.swift */; };
		7EC0B5422A76958500688EC9 /* CustomNavigationController.swift in Sources */ = {isa = PBXBuildFile; fileRef = 7EC0B5412A76958500688EC9 /* CustomNavigationController.swift */; };
		7EE68CFA2A7FCB8A00CAE2AC /* NFTCell.swift in Sources */ = {isa = PBXBuildFile; fileRef = 7EE68CF92A7FCB8A00CAE2AC /* NFTCell.swift */; };
		7EE68CFF2A80099B00CAE2AC /* NFTCollectionCellDelegate.swift in Sources */ = {isa = PBXBuildFile; fileRef = 7EE68CFE2A80099B00CAE2AC /* NFTCollectionCellDelegate.swift */; };
		7EE68D092A839EE600CAE2AC /* AuthViewController.swift in Sources */ = {isa = PBXBuildFile; fileRef = 7EE68D082A839EE600CAE2AC /* AuthViewController.swift */; };
		7EF4C5D12A73F86C001E8C67 /* UIColor + Extension.swift in Sources */ = {isa = PBXBuildFile; fileRef = 7EF4C5D02A73F86C001E8C67 /* UIColor + Extension.swift */; };
		7EF4C5D32A73FD9A001E8C67 /* Resources.swift in Sources */ = {isa = PBXBuildFile; fileRef = 7EF4C5D22A73FD9A001E8C67 /* Resources.swift */; };
		7EFB261E2A840888001901B6 /* AuthViewModel.swift in Sources */ = {isa = PBXBuildFile; fileRef = 7EFB261D2A840888001901B6 /* AuthViewModel.swift */; };
		7EFB26202A840C30001901B6 /* AuthViewModelProtocol.swift in Sources */ = {isa = PBXBuildFile; fileRef = 7EFB261F2A840C30001901B6 /* AuthViewModelProtocol.swift */; };
		7EFB26262A8416FD001901B6 /* RegistrationViewController.swift in Sources */ = {isa = PBXBuildFile; fileRef = 7EFB26252A8416FD001901B6 /* RegistrationViewController.swift */; };
		7EFB262C2A841C61001901B6 /* GoogleService-Info.plist in Resources */ = {isa = PBXBuildFile; fileRef = 7EFB262B2A841C61001901B6 /* GoogleService-Info.plist */; };
		7EFB262E2A841ECB001901B6 /* RegistrationViewModel.swift in Sources */ = {isa = PBXBuildFile; fileRef = 7EFB262D2A841ECB001901B6 /* RegistrationViewModel.swift */; };
		7EFB26302A841EE5001901B6 /* RegistrationViewModelProtocol.swift in Sources */ = {isa = PBXBuildFile; fileRef = 7EFB262F2A841EE5001901B6 /* RegistrationViewModelProtocol.swift */; };
		7EFB26362A84F341001901B6 /* FirebaseAuth in Frameworks */ = {isa = PBXBuildFile; productRef = 7EFB26352A84F341001901B6 /* FirebaseAuth */; };
		7EFB26382A84F49B001901B6 /* SplashScreen.swift in Sources */ = {isa = PBXBuildFile; fileRef = 7EFB26372A84F49B001901B6 /* SplashScreen.swift */; };
		7EFB263B2A850CC4001901B6 /* OnboardingViewController.swift in Sources */ = {isa = PBXBuildFile; fileRef = 7EFB263A2A850CC4001901B6 /* OnboardingViewController.swift */; };
		7EFB26432A860030001901B6 /* OnboardingViewModel.swift in Sources */ = {isa = PBXBuildFile; fileRef = 7EFB26422A860030001901B6 /* OnboardingViewModel.swift */; };
		7EFB26452A86012C001901B6 /* OnboardingViewModelProtocol.swift in Sources */ = {isa = PBXBuildFile; fileRef = 7EFB26442A86012C001901B6 /* OnboardingViewModelProtocol.swift */; };
		7EFB26482A860773001901B6 /* OnboardingViewControllerDelegate.swift in Sources */ = {isa = PBXBuildFile; fileRef = 7EFB26472A860773001901B6 /* OnboardingViewControllerDelegate.swift */; };
/* End PBXBuildFile section */

/* Begin PBXContainerItemProxy section */
		3F6806AA29CBBAF200B4F915 /* PBXContainerItemProxy */ = {
			isa = PBXContainerItemProxy;
			containerPortal = 3F68068B29CBBAF100B4F915 /* Project object */;
			proxyType = 1;
			remoteGlobalIDString = 3F68069229CBBAF100B4F915;
			remoteInfo = FakeNFT;
		};
		3F6806B429CBBAF200B4F915 /* PBXContainerItemProxy */ = {
			isa = PBXContainerItemProxy;
			containerPortal = 3F68068B29CBBAF100B4F915 /* Project object */;
			proxyType = 1;
			remoteGlobalIDString = 3F68069229CBBAF100B4F915;
			remoteInfo = FakeNFT;
		};
/* End PBXContainerItemProxy section */

/* Begin PBXFileReference section */
		3F68069329CBBAF100B4F915 /* FakeNFT.app */ = {isa = PBXFileReference; explicitFileType = wrapper.application; includeInIndex = 0; path = FakeNFT.app; sourceTree = BUILT_PRODUCTS_DIR; };
		3F68069629CBBAF100B4F915 /* AppDelegate.swift */ = {isa = PBXFileReference; lastKnownFileType = sourcecode.swift; path = AppDelegate.swift; sourceTree = "<group>"; };
		3F68069829CBBAF100B4F915 /* SceneDelegate.swift */ = {isa = PBXFileReference; lastKnownFileType = sourcecode.swift; path = SceneDelegate.swift; sourceTree = "<group>"; };
		3F68069F29CBBAF200B4F915 /* Assets.xcassets */ = {isa = PBXFileReference; lastKnownFileType = folder.assetcatalog; path = Assets.xcassets; sourceTree = "<group>"; };
		3F6806A229CBBAF200B4F915 /* Base */ = {isa = PBXFileReference; lastKnownFileType = file.storyboard; name = Base; path = Base.lproj/LaunchScreen.storyboard; sourceTree = "<group>"; };
		3F6806A429CBBAF200B4F915 /* Info.plist */ = {isa = PBXFileReference; lastKnownFileType = text.plist.xml; path = Info.plist; sourceTree = "<group>"; };
		3F6806A929CBBAF200B4F915 /* FakeNFTTests.xctest */ = {isa = PBXFileReference; explicitFileType = wrapper.cfbundle; includeInIndex = 0; path = FakeNFTTests.xctest; sourceTree = BUILT_PRODUCTS_DIR; };
		3F6806AD29CBBAF200B4F915 /* ExampleUnitTests.swift */ = {isa = PBXFileReference; lastKnownFileType = sourcecode.swift; path = ExampleUnitTests.swift; sourceTree = "<group>"; };
		3F6806B329CBBAF200B4F915 /* FakeNFTUITests.xctest */ = {isa = PBXFileReference; explicitFileType = wrapper.cfbundle; includeInIndex = 0; path = FakeNFTUITests.xctest; sourceTree = BUILT_PRODUCTS_DIR; };
		3F6806B729CBBAF200B4F915 /* FakeNFTUITests.swift */ = {isa = PBXFileReference; lastKnownFileType = sourcecode.swift; path = FakeNFTUITests.swift; sourceTree = "<group>"; };
		3F6806D029CBBE6B00B4F915 /* NetworkClient.swift */ = {isa = PBXFileReference; lastKnownFileType = sourcecode.swift; path = NetworkClient.swift; sourceTree = "<group>"; };
		3F6806D229CBBE9600B4F915 /* NetworkRequest.swift */ = {isa = PBXFileReference; lastKnownFileType = sourcecode.swift; path = NetworkRequest.swift; sourceTree = "<group>"; };
		3F6806D429CBBEC700B4F915 /* NetworkTask.swift */ = {isa = PBXFileReference; lastKnownFileType = sourcecode.swift; path = NetworkTask.swift; sourceTree = "<group>"; };
		3F6806D629CBC50A00B4F915 /* Cells + Extension.swift */ = {isa = PBXFileReference; lastKnownFileType = sourcecode.swift; path = "Cells + Extension.swift"; sourceTree = "<group>"; };
		3FC8C39029D2453B0081F015 /* NetworkRequestModel.swift */ = {isa = PBXFileReference; lastKnownFileType = sourcecode.swift; path = NetworkRequestModel.swift; sourceTree = "<group>"; };
		4005316D2A73DDFC008CAF3B /* UIView + Extension.swift */ = {isa = PBXFileReference; lastKnownFileType = sourcecode.swift; path = "UIView + Extension.swift"; sourceTree = "<group>"; };
		400531762A73EB4D008CAF3B /* BlackBaseButton.swift */ = {isa = PBXFileReference; lastKnownFileType = sourcecode.swift; path = BlackBaseButton.swift; sourceTree = "<group>"; };
		400531782A73EC58008CAF3B /* BaseWhiteButton.swift */ = {isa = PBXFileReference; lastKnownFileType = sourcecode.swift; path = BaseWhiteButton.swift; sourceTree = "<group>"; };
		406414652A8A247F00EBBE39 /* DemoCell.swift */ = {isa = PBXFileReference; lastKnownFileType = sourcecode.swift; path = DemoCell.swift; sourceTree = "<group>"; };
		406414672A8A250100EBBE39 /* DemoViewController.swift */ = {isa = PBXFileReference; lastKnownFileType = sourcecode.swift; path = DemoViewController.swift; sourceTree = "<group>"; };
		406414692A8A254800EBBE39 /* DemoViewModelProtocol.swift */ = {isa = PBXFileReference; lastKnownFileType = sourcecode.swift; path = DemoViewModelProtocol.swift; sourceTree = "<group>"; };
		406DEE2A2A7FED5D008E2227 /* UIViewController + Extension.swift */ = {isa = PBXFileReference; lastKnownFileType = sourcecode.swift; path = "UIViewController + Extension.swift"; sourceTree = "<group>"; };
		407047562A88B86400067E68 /* UIFont + Extension.swift */ = {isa = PBXFileReference; lastKnownFileType = sourcecode.swift; path = "UIFont + Extension.swift"; sourceTree = "<group>"; };
		4070B1172A76CADF00CF6E74 /* SortNavBarBaseButton.swift */ = {isa = PBXFileReference; lastKnownFileType = sourcecode.swift; path = SortNavBarBaseButton.swift; sourceTree = "<group>"; };
		4071F5C02A7CFF8400ADA546 /* StatisticViewModelProtocol.swift */ = {isa = PBXFileReference; fileEncoding = 4; lastKnownFileType = sourcecode.swift; path = StatisticViewModelProtocol.swift; sourceTree = "<group>"; };
		4071F5C12A7CFF8400ADA546 /* StatisticViewController.swift */ = {isa = PBXFileReference; fileEncoding = 4; lastKnownFileType = sourcecode.swift; path = StatisticViewController.swift; sourceTree = "<group>"; };
		4071F5C22A7CFF8400ADA546 /* StatisticViewModel.swift */ = {isa = PBXFileReference; fileEncoding = 4; lastKnownFileType = sourcecode.swift; path = StatisticViewModel.swift; sourceTree = "<group>"; };
		4071F5C32A7CFF8400ADA546 /* StatisticCollectionViewCell.swift */ = {isa = PBXFileReference; fileEncoding = 4; lastKnownFileType = sourcecode.swift; path = StatisticCollectionViewCell.swift; sourceTree = "<group>"; };
		4071F5C92A7D001800ADA546 /* StatisticUserViewController.swift */ = {isa = PBXFileReference; fileEncoding = 4; lastKnownFileType = sourcecode.swift; path = StatisticUserViewController.swift; sourceTree = "<group>"; };
		4071F5CB2A7D001800ADA546 /* StatisticUserTableViewCell.swift */ = {isa = PBXFileReference; fileEncoding = 4; lastKnownFileType = sourcecode.swift; path = StatisticUserTableViewCell.swift; sourceTree = "<group>"; };
		4071F5CC2A7D001800ADA546 /* StatisticUserViewModel.swift */ = {isa = PBXFileReference; fileEncoding = 4; lastKnownFileType = sourcecode.swift; path = StatisticUserViewModel.swift; sourceTree = "<group>"; };
		4071F5D22A7D002000ADA546 /* StatisticNFTCollectionViewController.swift */ = {isa = PBXFileReference; fileEncoding = 4; lastKnownFileType = sourcecode.swift; path = StatisticNFTCollectionViewController.swift; sourceTree = "<group>"; };
		4071F5D32A7D002000ADA546 /* StatisticNFTCollectionViewModel.swift */ = {isa = PBXFileReference; fileEncoding = 4; lastKnownFileType = sourcecode.swift; path = StatisticNFTCollectionViewModel.swift; sourceTree = "<group>"; };
		4071F5D42A7D002000ADA546 /* StatisticNFTCollectionViewModelProtocol.swift */ = {isa = PBXFileReference; fileEncoding = 4; lastKnownFileType = sourcecode.swift; path = StatisticNFTCollectionViewModelProtocol.swift; sourceTree = "<group>"; };
		407340E72A838C44008E0C1E /* UserDefaultsService.swift */ = {isa = PBXFileReference; lastKnownFileType = sourcecode.swift; path = UserDefaultsService.swift; sourceTree = "<group>"; };
		409EEFE22A7A707700B23FF8 /* DataProviderProtocol.swift */ = {isa = PBXFileReference; lastKnownFileType = sourcecode.swift; path = DataProviderProtocol.swift; sourceTree = "<group>"; };
		409EEFE62A7A710D00B23FF8 /* User.swift */ = {isa = PBXFileReference; lastKnownFileType = sourcecode.swift; path = User.swift; sourceTree = "<group>"; };
		409EEFE82A7A711A00B23FF8 /* UsersResponse.swift */ = {isa = PBXFileReference; lastKnownFileType = sourcecode.swift; path = UsersResponse.swift; sourceTree = "<group>"; };
		40EEA7CE2A768BE700A1AE93 /* AnalyticsService.swift */ = {isa = PBXFileReference; lastKnownFileType = sourcecode.swift; path = AnalyticsService.swift; sourceTree = "<group>"; };
		7E71E3AC2A73BEFA00B0073D /* en */ = {isa = PBXFileReference; lastKnownFileType = text.plist.strings; name = en; path = en.lproj/Localizable.strings; sourceTree = "<group>"; };
		7E71E3B22A73CBF500B0073D /* Strings+Generated.swift */ = {isa = PBXFileReference; fileEncoding = 4; lastKnownFileType = sourcecode.swift; path = "Strings+Generated.swift"; sourceTree = "<group>"; };
		7E71E3B42A73F10A00B0073D /* TabBarController.swift */ = {isa = PBXFileReference; lastKnownFileType = sourcecode.swift; path = TabBarController.swift; sourceTree = "<group>"; };
		7EB552D52A896BC60046EA33 /* HandlingErrorService.swift */ = {isa = PBXFileReference; lastKnownFileType = sourcecode.swift; path = HandlingErrorService.swift; sourceTree = "<group>"; };
		7EB78A672A78EAD000BE892B /* NFTCollectionView.swift */ = {isa = PBXFileReference; lastKnownFileType = sourcecode.swift; path = NFTCollectionView.swift; sourceTree = "<group>"; };
		7EB78A692A78EEC100BE892B /* NFTCollectionCell.swift */ = {isa = PBXFileReference; lastKnownFileType = sourcecode.swift; path = NFTCollectionCell.swift; sourceTree = "<group>"; };
		7EB78A962A7A5C7D00BE892B /* WebViewViewController.swift */ = {isa = PBXFileReference; lastKnownFileType = sourcecode.swift; path = WebViewViewController.swift; sourceTree = "<group>"; };
		7EB78AD02A7AB4F800BE892B /* WebViewViewModel.swift */ = {isa = PBXFileReference; lastKnownFileType = sourcecode.swift; path = WebViewViewModel.swift; sourceTree = "<group>"; };
		7EB78AD22A7AB8F800BE892B /* WebViewViewModelProtocol.swift */ = {isa = PBXFileReference; lastKnownFileType = sourcecode.swift; path = WebViewViewModelProtocol.swift; sourceTree = "<group>"; };
		7EB78AE02A7BFBC300BE892B /* NFTCollection.swift */ = {isa = PBXFileReference; lastKnownFileType = sourcecode.swift; path = NFTCollection.swift; sourceTree = "<group>"; };
		7EB78AE22A7BFCFF00BE892B /* NFTCard.swift */ = {isa = PBXFileReference; lastKnownFileType = sourcecode.swift; path = NFTCard.swift; sourceTree = "<group>"; };
		7EB78AE42A7BFDB200BE892B /* Currency.swift */ = {isa = PBXFileReference; lastKnownFileType = sourcecode.swift; path = Currency.swift; sourceTree = "<group>"; };
		7EB78AE62A7BFE0700BE892B /* Order.swift */ = {isa = PBXFileReference; lastKnownFileType = sourcecode.swift; path = Order.swift; sourceTree = "<group>"; };
		7EB78AE82A7BFE7200BE892B /* OrderPayment.swift */ = {isa = PBXFileReference; lastKnownFileType = sourcecode.swift; path = OrderPayment.swift; sourceTree = "<group>"; };
		7EB78AEA2A7BFEEE00BE892B /* Profile.swift */ = {isa = PBXFileReference; lastKnownFileType = sourcecode.swift; path = Profile.swift; sourceTree = "<group>"; };
		7EC0B5342A76678100688EC9 /* AlertService.swift */ = {isa = PBXFileReference; fileEncoding = 4; lastKnownFileType = sourcecode.swift; name = AlertService.swift; path = FakeNFT/Services/AlertService.swift; sourceTree = SOURCE_ROOT; };
		7EC0B5382A766ABA00688EC9 /* DataProvider.swift */ = {isa = PBXFileReference; lastKnownFileType = sourcecode.swift; path = DataProvider.swift; sourceTree = "<group>"; };
		7EC0B53C2A766C1C00688EC9 /* Observable.swift */ = {isa = PBXFileReference; lastKnownFileType = sourcecode.swift; path = Observable.swift; sourceTree = "<group>"; };
		7EC0B5412A76958500688EC9 /* CustomNavigationController.swift */ = {isa = PBXFileReference; lastKnownFileType = sourcecode.swift; path = CustomNavigationController.swift; sourceTree = "<group>"; };
		7EE68CF92A7FCB8A00CAE2AC /* NFTCell.swift */ = {isa = PBXFileReference; lastKnownFileType = sourcecode.swift; path = NFTCell.swift; sourceTree = "<group>"; };
		7EE68CFE2A80099B00CAE2AC /* NFTCollectionCellDelegate.swift */ = {isa = PBXFileReference; lastKnownFileType = sourcecode.swift; path = NFTCollectionCellDelegate.swift; sourceTree = "<group>"; };
		7EE68D082A839EE600CAE2AC /* AuthViewController.swift */ = {isa = PBXFileReference; lastKnownFileType = sourcecode.swift; path = AuthViewController.swift; sourceTree = "<group>"; };
		7EF4C5D02A73F86C001E8C67 /* UIColor + Extension.swift */ = {isa = PBXFileReference; lastKnownFileType = sourcecode.swift; path = "UIColor + Extension.swift"; sourceTree = "<group>"; };
		7EF4C5D22A73FD9A001E8C67 /* Resources.swift */ = {isa = PBXFileReference; lastKnownFileType = sourcecode.swift; path = Resources.swift; sourceTree = "<group>"; };
		7EFB261D2A840888001901B6 /* AuthViewModel.swift */ = {isa = PBXFileReference; lastKnownFileType = sourcecode.swift; path = AuthViewModel.swift; sourceTree = "<group>"; };
		7EFB261F2A840C30001901B6 /* AuthViewModelProtocol.swift */ = {isa = PBXFileReference; lastKnownFileType = sourcecode.swift; path = AuthViewModelProtocol.swift; sourceTree = "<group>"; };
		7EFB26252A8416FD001901B6 /* RegistrationViewController.swift */ = {isa = PBXFileReference; lastKnownFileType = sourcecode.swift; path = RegistrationViewController.swift; sourceTree = "<group>"; };
		7EFB262B2A841C61001901B6 /* GoogleService-Info.plist */ = {isa = PBXFileReference; fileEncoding = 4; lastKnownFileType = text.plist.xml; path = "GoogleService-Info.plist"; sourceTree = "<group>"; };
		7EFB262D2A841ECB001901B6 /* RegistrationViewModel.swift */ = {isa = PBXFileReference; lastKnownFileType = sourcecode.swift; path = RegistrationViewModel.swift; sourceTree = "<group>"; };
		7EFB262F2A841EE5001901B6 /* RegistrationViewModelProtocol.swift */ = {isa = PBXFileReference; lastKnownFileType = sourcecode.swift; path = RegistrationViewModelProtocol.swift; sourceTree = "<group>"; };
		7EFB26372A84F49B001901B6 /* SplashScreen.swift */ = {isa = PBXFileReference; lastKnownFileType = sourcecode.swift; path = SplashScreen.swift; sourceTree = "<group>"; };
		7EFB263A2A850CC4001901B6 /* OnboardingViewController.swift */ = {isa = PBXFileReference; lastKnownFileType = sourcecode.swift; path = OnboardingViewController.swift; sourceTree = "<group>"; };
		7EFB26422A860030001901B6 /* OnboardingViewModel.swift */ = {isa = PBXFileReference; lastKnownFileType = sourcecode.swift; path = OnboardingViewModel.swift; sourceTree = "<group>"; };
		7EFB26442A86012C001901B6 /* OnboardingViewModelProtocol.swift */ = {isa = PBXFileReference; lastKnownFileType = sourcecode.swift; path = OnboardingViewModelProtocol.swift; sourceTree = "<group>"; };
		7EFB26472A860773001901B6 /* OnboardingViewControllerDelegate.swift */ = {isa = PBXFileReference; lastKnownFileType = sourcecode.swift; path = OnboardingViewControllerDelegate.swift; sourceTree = "<group>"; };
/* End PBXFileReference section */

/* Begin PBXFrameworksBuildPhase section */
		3F68069029CBBAF100B4F915 /* Frameworks */ = {
			isa = PBXFrameworksBuildPhase;
			buildActionMask = 2147483647;
			files = (
				3F603CD029DB4A74000C43D7 /* Kingfisher in Frameworks */,
				7EB552D92A896CFC0046EA33 /* NotificationBannerSwift in Frameworks */,
				7EFB26362A84F341001901B6 /* FirebaseAuth in Frameworks */,
				3F603CCD29DB4A53000C43D7 /* ProgressHUD in Frameworks */,
			);
			runOnlyForDeploymentPostprocessing = 0;
		};
		3F6806A629CBBAF200B4F915 /* Frameworks */ = {
			isa = PBXFrameworksBuildPhase;
			buildActionMask = 2147483647;
			files = (
			);
			runOnlyForDeploymentPostprocessing = 0;
		};
		3F6806B029CBBAF200B4F915 /* Frameworks */ = {
			isa = PBXFrameworksBuildPhase;
			buildActionMask = 2147483647;
			files = (
			);
			runOnlyForDeploymentPostprocessing = 0;
		};
/* End PBXFrameworksBuildPhase section */

/* Begin PBXGroup section */
		3F68068A29CBBAF100B4F915 = {
			isa = PBXGroup;
			children = (
				3F68069529CBBAF100B4F915 /* FakeNFT */,
				3F6806AC29CBBAF200B4F915 /* FakeNFTTests */,
				3F6806B629CBBAF200B4F915 /* FakeNFTUITests */,
				3F68069429CBBAF100B4F915 /* Products */,
			);
			sourceTree = "<group>";
		};
		3F68069429CBBAF100B4F915 /* Products */ = {
			isa = PBXGroup;
			children = (
				3F68069329CBBAF100B4F915 /* FakeNFT.app */,
				3F6806A929CBBAF200B4F915 /* FakeNFTTests.xctest */,
				3F6806B329CBBAF200B4F915 /* FakeNFTUITests.xctest */,
			);
			name = Products;
			sourceTree = "<group>";
		};
		3F68069529CBBAF100B4F915 /* FakeNFT */ = {
			isa = PBXGroup;
			children = (
				408616C42A765902004CA07E /* Application */,
				3F6806C729CBBC5B00B4F915 /* Scenes  */,
				3F6806C929CBBCAF00B4F915 /* Models */,
				3F6806C629CBBC4E00B4F915 /* Services */,
				400531752A73EAF2008CAF3B /* Components */,
				4005316C2A73DDC2008CAF3B /* Extensions */,
				40CD98062A73954E0081B233 /* SupportFiles */,
			);
			path = FakeNFT;
			sourceTree = "<group>";
		};
		3F6806AC29CBBAF200B4F915 /* FakeNFTTests */ = {
			isa = PBXGroup;
			children = (
				3F6806AD29CBBAF200B4F915 /* ExampleUnitTests.swift */,
			);
			path = FakeNFTTests;
			sourceTree = "<group>";
		};
		3F6806B629CBBAF200B4F915 /* FakeNFTUITests */ = {
			isa = PBXGroup;
			children = (
				3F6806B729CBBAF200B4F915 /* FakeNFTUITests.swift */,
			);
			path = FakeNFTUITests;
			sourceTree = "<group>";
		};
		3F6806C629CBBC4E00B4F915 /* Services */ = {
			isa = PBXGroup;
			children = (
				409EEFE42A7A707D00B23FF8 /* DataProvider */,
				3F6806CF29CBBDB100B4F915 /* NetworkClient */,
				7EC0B5342A76678100688EC9 /* AlertService.swift */,
				40EEA7CE2A768BE700A1AE93 /* AnalyticsService.swift */,
				407340E72A838C44008E0C1E /* UserDefaultsService.swift */,
			);
			path = Services;
			sourceTree = "<group>";
		};
		3F6806C729CBBC5B00B4F915 /* Scenes  */ = {
			isa = PBXGroup;
			children = (
				7EFB26392A84F4A3001901B6 /* SplashScreen */,
				7EE68D0A2A839EF000CAE2AC /* Authorization */,
				7EFB263C2A850CC7001901B6 /* Onboarding */,
				7EC0B5312A7666C600688EC9 /* Catalog */,
				7EC0B53E2A766E3400688EC9 /* Cart */,
				408616C22A76585E004CA07E /* Profile */,
				408616C32A765882004CA07E /* Statistic */,
				7EB78A982A7A5C8100BE892B /* WebView */,
			);
			path = "Scenes ";
			sourceTree = "<group>";
		};
		3F6806C929CBBCAF00B4F915 /* Models */ = {
			isa = PBXGroup;
			children = (
				7EB78AEC2A7BFF9700BE892B /* Currency */,
				7EB78AEE2A7BFFC200BE892B /* NFT */,
				7EB78AED2A7BFF9D00BE892B /* Orders */,
				7EB78AEF2A7BFFCF00BE892B /* Profile */,
				409EEFE52A7A70F700B23FF8 /* Users */,
				7EC0B53C2A766C1C00688EC9 /* Observable.swift */,
			);
			path = Models;
			sourceTree = "<group>";
		};
		3F6806CF29CBBDB100B4F915 /* NetworkClient */ = {
			isa = PBXGroup;
			children = (
				3FC8C39029D2453B0081F015 /* NetworkRequestModel.swift */,
				3F6806D029CBBE6B00B4F915 /* NetworkClient.swift */,
				3F6806D229CBBE9600B4F915 /* NetworkRequest.swift */,
				3F6806D429CBBEC700B4F915 /* NetworkTask.swift */,
				7EB552D52A896BC60046EA33 /* HandlingErrorService.swift */,
			);
			path = NetworkClient;
			sourceTree = "<group>";
		};
		4005316C2A73DDC2008CAF3B /* Extensions */ = {
			isa = PBXGroup;
			children = (
				3F6806D629CBC50A00B4F915 /* Cells + Extension.swift */,
				7EF4C5D02A73F86C001E8C67 /* UIColor + Extension.swift */,
				407047562A88B86400067E68 /* UIFont + Extension.swift */,
				4005316D2A73DDFC008CAF3B /* UIView + Extension.swift */,
				406DEE2A2A7FED5D008E2227 /* UIViewController + Extension.swift */,
			);
			path = Extensions;
			sourceTree = "<group>";
		};
		400531752A73EAF2008CAF3B /* Components */ = {
			isa = PBXGroup;
			children = (
				7EE68D002A8009A300CAE2AC /* Protocols */,
				7EB78A662A78EAB200BE892B /* Buttons */,
				7EC0B5412A76958500688EC9 /* CustomNavigationController.swift */,
				7EB78A672A78EAD000BE892B /* NFTCollectionView.swift */,
				7EB78A692A78EEC100BE892B /* NFTCollectionCell.swift */,
			);
			path = Components;
			sourceTree = "<group>";
		};
		406414642A8A246000EBBE39 /* Demo */ = {
			isa = PBXGroup;
			children = (
				406414672A8A250100EBBE39 /* DemoViewController.swift */,
				406414652A8A247F00EBBE39 /* DemoCell.swift */,
				406414692A8A254800EBBE39 /* DemoViewModelProtocol.swift */,
			);
			path = Demo;
			sourceTree = "<group>";
		};
		4071F5BF2A7CFF8400ADA546 /* StatisticRating */ = {
			isa = PBXGroup;
			children = (
				4071F5C02A7CFF8400ADA546 /* StatisticViewModelProtocol.swift */,
				4071F5C12A7CFF8400ADA546 /* StatisticViewController.swift */,
				4071F5C22A7CFF8400ADA546 /* StatisticViewModel.swift */,
				4071F5C32A7CFF8400ADA546 /* StatisticCollectionViewCell.swift */,
			);
			path = StatisticRating;
			sourceTree = "<group>";
		};
		4071F5C82A7D001800ADA546 /* StatisticUser */ = {
			isa = PBXGroup;
			children = (
				4071F5C92A7D001800ADA546 /* StatisticUserViewController.swift */,
				4071F5CB2A7D001800ADA546 /* StatisticUserTableViewCell.swift */,
				4071F5CC2A7D001800ADA546 /* StatisticUserViewModel.swift */,
			);
			path = StatisticUser;
			sourceTree = "<group>";
		};
		4071F5D12A7D002000ADA546 /* StatisticNFTCollection */ = {
			isa = PBXGroup;
			children = (
				4071F5D22A7D002000ADA546 /* StatisticNFTCollectionViewController.swift */,
				4071F5D32A7D002000ADA546 /* StatisticNFTCollectionViewModel.swift */,
				4071F5D42A7D002000ADA546 /* StatisticNFTCollectionViewModelProtocol.swift */,
			);
			path = StatisticNFTCollection;
			sourceTree = "<group>";
		};
		408616C22A76585E004CA07E /* Profile */ = {
			isa = PBXGroup;
			children = (
			);
			path = Profile;
			sourceTree = "<group>";
		};
		408616C32A765882004CA07E /* Statistic */ = {
			isa = PBXGroup;
			children = (
				4071F5BF2A7CFF8400ADA546 /* StatisticRating */,
				4071F5C82A7D001800ADA546 /* StatisticUser */,
				4071F5D12A7D002000ADA546 /* StatisticNFTCollection */,
			);
			path = Statistic;
			sourceTree = "<group>";
		};
		408616C42A765902004CA07E /* Application */ = {
			isa = PBXGroup;
			children = (
				3F68069629CBBAF100B4F915 /* AppDelegate.swift */,
				3F68069829CBBAF100B4F915 /* SceneDelegate.swift */,
				7E71E3B42A73F10A00B0073D /* TabBarController.swift */,
			);
			path = Application;
			sourceTree = "<group>";
		};
		409EEFE42A7A707D00B23FF8 /* DataProvider */ = {
			isa = PBXGroup;
			children = (
				409EEFE22A7A707700B23FF8 /* DataProviderProtocol.swift */,
				7EC0B5382A766ABA00688EC9 /* DataProvider.swift */,
			);
			path = DataProvider;
			sourceTree = "<group>";
		};
		409EEFE52A7A70F700B23FF8 /* Users */ = {
			isa = PBXGroup;
			children = (
				409EEFE62A7A710D00B23FF8 /* User.swift */,
				409EEFE82A7A711A00B23FF8 /* UsersResponse.swift */,
			);
			path = Users;
			sourceTree = "<group>";
		};
		40CD98062A73954E0081B233 /* SupportFiles */ = {
			isa = PBXGroup;
			children = (
				7E71E3A72A739CC700B0073D /* Resources  */,
				40CD98092A7396080081B233 /* Localizable */,
				3F68069F29CBBAF200B4F915 /* Assets.xcassets */,
				3F6806A129CBBAF200B4F915 /* LaunchScreen.storyboard */,
				3F6806A429CBBAF200B4F915 /* Info.plist */,
			);
			path = SupportFiles;
			sourceTree = "<group>";
		};
		40CD98092A7396080081B233 /* Localizable */ = {
			isa = PBXGroup;
			children = (
				7E71E3B22A73CBF500B0073D /* Strings+Generated.swift */,
				7E71E3AD2A73BEFA00B0073D /* Localizable.strings */,
			);
			path = Localizable;
			sourceTree = "<group>";
		};
		7E71E3A72A739CC700B0073D /* Resources  */ = {
			isa = PBXGroup;
			children = (
				7EF4C5D22A73FD9A001E8C67 /* Resources.swift */,
			);
			path = "Resources ";
			sourceTree = "<group>";
		};
		7EB78A662A78EAB200BE892B /* Buttons */ = {
			isa = PBXGroup;
			children = (
				400531762A73EB4D008CAF3B /* BlackBaseButton.swift */,
				400531782A73EC58008CAF3B /* BaseWhiteButton.swift */,
				4070B1172A76CADF00CF6E74 /* SortNavBarBaseButton.swift */,
			);
			path = Buttons;
			sourceTree = "<group>";
		};
		7EB78A982A7A5C8100BE892B /* WebView */ = {
			isa = PBXGroup;
			children = (
				7EB78AD42A7AB8FB00BE892B /* Protocols */,
				7EB78A962A7A5C7D00BE892B /* WebViewViewController.swift */,
				7EB78AD02A7AB4F800BE892B /* WebViewViewModel.swift */,
			);
			path = WebView;
			sourceTree = "<group>";
		};
		7EB78AD42A7AB8FB00BE892B /* Protocols */ = {
			isa = PBXGroup;
			children = (
				7EB78AD22A7AB8F800BE892B /* WebViewViewModelProtocol.swift */,
			);
			path = Protocols;
			sourceTree = "<group>";
		};
		7EB78AEC2A7BFF9700BE892B /* Currency */ = {
			isa = PBXGroup;
			children = (
				7EB78AE42A7BFDB200BE892B /* Currency.swift */,
			);
			path = Currency;
			sourceTree = "<group>";
		};
		7EB78AED2A7BFF9D00BE892B /* Orders */ = {
			isa = PBXGroup;
			children = (
				7EB78AE62A7BFE0700BE892B /* Order.swift */,
				7EB78AE82A7BFE7200BE892B /* OrderPayment.swift */,
			);
			path = Orders;
			sourceTree = "<group>";
		};
		7EB78AEE2A7BFFC200BE892B /* NFT */ = {
			isa = PBXGroup;
			children = (
				7EB78AE02A7BFBC300BE892B /* NFTCollection.swift */,
				7EB78AE22A7BFCFF00BE892B /* NFTCard.swift */,
				7EE68CF92A7FCB8A00CAE2AC /* NFTCell.swift */,
			);
			path = NFT;
			sourceTree = "<group>";
		};
		7EB78AEF2A7BFFCF00BE892B /* Profile */ = {
			isa = PBXGroup;
			children = (
				7EB78AEA2A7BFEEE00BE892B /* Profile.swift */,
			);
			path = Profile;
			sourceTree = "<group>";
		};
		7EC0B5312A7666C600688EC9 /* Catalog */ = {
			isa = PBXGroup;
			children = (
			);
			path = Catalog;
			sourceTree = "<group>";
		};
		7EC0B53E2A766E3400688EC9 /* Cart */ = {
			isa = PBXGroup;
			children = (
			);
			name = Cart;
			path = "FakeNFT/Scenes /Cart";
			sourceTree = SOURCE_ROOT;
		};
		7EE68D002A8009A300CAE2AC /* Protocols */ = {
			isa = PBXGroup;
			children = (
				7EE68CFE2A80099B00CAE2AC /* NFTCollectionCellDelegate.swift */,
			);
			path = Protocols;
			sourceTree = "<group>";
		};
		7EE68D0A2A839EF000CAE2AC /* Authorization */ = {
			isa = PBXGroup;
			children = (
				7EFB26212A840C34001901B6 /* Protocols */,
				7EFB26312A841F73001901B6 /* Authorization */,
				7EFB26272A841728001901B6 /* Registration */,
				406414642A8A246000EBBE39 /* Demo */,
			);
			path = Authorization;
			sourceTree = "<group>";
		};
		7EFB26212A840C34001901B6 /* Protocols */ = {
			isa = PBXGroup;
			children = (
				7EFB261F2A840C30001901B6 /* AuthViewModelProtocol.swift */,
				7EFB262F2A841EE5001901B6 /* RegistrationViewModelProtocol.swift */,
			);
			path = Protocols;
			sourceTree = "<group>";
		};
		7EFB26272A841728001901B6 /* Registration */ = {
			isa = PBXGroup;
			children = (
				7EFB262D2A841ECB001901B6 /* RegistrationViewModel.swift */,
				7EFB26252A8416FD001901B6 /* RegistrationViewController.swift */,
			);
			path = Registration;
			sourceTree = "<group>";
		};
		7EFB26312A841F73001901B6 /* Authorization */ = {
			isa = PBXGroup;
			children = (
				7EFB261D2A840888001901B6 /* AuthViewModel.swift */,
				7EE68D082A839EE600CAE2AC /* AuthViewController.swift */,
				7EFB262B2A841C61001901B6 /* GoogleService-Info.plist */,
			);
			path = Authorization;
			sourceTree = "<group>";
		};
		7EFB26392A84F4A3001901B6 /* SplashScreen */ = {
			isa = PBXGroup;
			children = (
				7EFB26372A84F49B001901B6 /* SplashScreen.swift */,
			);
			path = SplashScreen;
			sourceTree = "<group>";
		};
		7EFB263C2A850CC7001901B6 /* Onboarding */ = {
			isa = PBXGroup;
			children = (
				7EFB26462A86012F001901B6 /* Protocols */,
				7EFB26422A860030001901B6 /* OnboardingViewModel.swift */,
				7EFB263A2A850CC4001901B6 /* OnboardingViewController.swift */,
			);
			path = Onboarding;
			sourceTree = "<group>";
		};
		7EFB26462A86012F001901B6 /* Protocols */ = {
			isa = PBXGroup;
			children = (
				7EFB26472A860773001901B6 /* OnboardingViewControllerDelegate.swift */,
				7EFB26442A86012C001901B6 /* OnboardingViewModelProtocol.swift */,
			);
			path = Protocols;
			sourceTree = "<group>";
		};
/* End PBXGroup section */

/* Begin PBXNativeTarget section */
		3F68069229CBBAF100B4F915 /* FakeNFT */ = {
			isa = PBXNativeTarget;
			buildConfigurationList = 3F6806BD29CBBAF200B4F915 /* Build configuration list for PBXNativeTarget "FakeNFT" */;
			buildPhases = (
				7EC0B5302A765C9000688EC9 /* SwiftLint */,
				7E71E3B12A73C5EE00B0073D /* SwiftGen */,
				3F68068F29CBBAF100B4F915 /* Sources */,
				3F68069029CBBAF100B4F915 /* Frameworks */,
				3F68069129CBBAF100B4F915 /* Resources */,
			);
			buildRules = (
			);
			dependencies = (
			);
			name = FakeNFT;
			packageProductDependencies = (
				3F603CCC29DB4A53000C43D7 /* ProgressHUD */,
				3F603CCF29DB4A74000C43D7 /* Kingfisher */,
				7EFB26352A84F341001901B6 /* FirebaseAuth */,
				7EB552D82A896CFC0046EA33 /* NotificationBannerSwift */,
			);
			productName = FakeNFT;
			productReference = 3F68069329CBBAF100B4F915 /* FakeNFT.app */;
			productType = "com.apple.product-type.application";
		};
		3F6806A829CBBAF200B4F915 /* FakeNFTTests */ = {
			isa = PBXNativeTarget;
			buildConfigurationList = 3F6806C029CBBAF200B4F915 /* Build configuration list for PBXNativeTarget "FakeNFTTests" */;
			buildPhases = (
				3F6806A529CBBAF200B4F915 /* Sources */,
				3F6806A629CBBAF200B4F915 /* Frameworks */,
				3F6806A729CBBAF200B4F915 /* Resources */,
			);
			buildRules = (
			);
			dependencies = (
				3F6806AB29CBBAF200B4F915 /* PBXTargetDependency */,
			);
			name = FakeNFTTests;
			productName = FakeNFTTests;
			productReference = 3F6806A929CBBAF200B4F915 /* FakeNFTTests.xctest */;
			productType = "com.apple.product-type.bundle.unit-test";
		};
		3F6806B229CBBAF200B4F915 /* FakeNFTUITests */ = {
			isa = PBXNativeTarget;
			buildConfigurationList = 3F6806C329CBBAF200B4F915 /* Build configuration list for PBXNativeTarget "FakeNFTUITests" */;
			buildPhases = (
				3F6806AF29CBBAF200B4F915 /* Sources */,
				3F6806B029CBBAF200B4F915 /* Frameworks */,
				3F6806B129CBBAF200B4F915 /* Resources */,
			);
			buildRules = (
			);
			dependencies = (
				3F6806B529CBBAF200B4F915 /* PBXTargetDependency */,
			);
			name = FakeNFTUITests;
			productName = FakeNFTUITests;
			productReference = 3F6806B329CBBAF200B4F915 /* FakeNFTUITests.xctest */;
			productType = "com.apple.product-type.bundle.ui-testing";
		};
/* End PBXNativeTarget section */

/* Begin PBXProject section */
		3F68068B29CBBAF100B4F915 /* Project object */ = {
			isa = PBXProject;
			attributes = {
				BuildIndependentTargetsInParallel = 1;
				LastSwiftUpdateCheck = 1420;
				LastUpgradeCheck = 1420;
				TargetAttributes = {
					3F68069229CBBAF100B4F915 = {
						CreatedOnToolsVersion = 14.2;
					};
					3F6806A829CBBAF200B4F915 = {
						CreatedOnToolsVersion = 14.2;
						TestTargetID = 3F68069229CBBAF100B4F915;
					};
					3F6806B229CBBAF200B4F915 = {
						CreatedOnToolsVersion = 14.2;
						TestTargetID = 3F68069229CBBAF100B4F915;
					};
				};
			};
			buildConfigurationList = 3F68068E29CBBAF100B4F915 /* Build configuration list for PBXProject "FakeNFT" */;
			compatibilityVersion = "Xcode 14.0";
			developmentRegion = en;
			hasScannedForEncodings = 0;
			knownRegions = (
				en,
				Base,
			);
			mainGroup = 3F68068A29CBBAF100B4F915;
			packageReferences = (
				3F603CCB29DB4A53000C43D7 /* XCRemoteSwiftPackageReference "ProgressHUD" */,
				3F603CCE29DB4A74000C43D7 /* XCRemoteSwiftPackageReference "Kingfisher" */,
				7EFB26342A84F341001901B6 /* XCRemoteSwiftPackageReference "firebase-ios-sdk" */,
				7EB552D72A896CFC0046EA33 /* XCRemoteSwiftPackageReference "NotificationBanner" */,
			);
			productRefGroup = 3F68069429CBBAF100B4F915 /* Products */;
			projectDirPath = "";
			projectRoot = "";
			targets = (
				3F68069229CBBAF100B4F915 /* FakeNFT */,
				3F6806A829CBBAF200B4F915 /* FakeNFTTests */,
				3F6806B229CBBAF200B4F915 /* FakeNFTUITests */,
			);
		};
/* End PBXProject section */

/* Begin PBXResourcesBuildPhase section */
		3F68069129CBBAF100B4F915 /* Resources */ = {
			isa = PBXResourcesBuildPhase;
			buildActionMask = 2147483647;
			files = (
				7E71E3AB2A73BEFA00B0073D /* Localizable.strings in Resources */,
				7EFB262C2A841C61001901B6 /* GoogleService-Info.plist in Resources */,
				3F6806A329CBBAF200B4F915 /* LaunchScreen.storyboard in Resources */,
				3F6806A029CBBAF200B4F915 /* Assets.xcassets in Resources */,
			);
			runOnlyForDeploymentPostprocessing = 0;
		};
		3F6806A729CBBAF200B4F915 /* Resources */ = {
			isa = PBXResourcesBuildPhase;
			buildActionMask = 2147483647;
			files = (
			);
			runOnlyForDeploymentPostprocessing = 0;
		};
		3F6806B129CBBAF200B4F915 /* Resources */ = {
			isa = PBXResourcesBuildPhase;
			buildActionMask = 2147483647;
			files = (
			);
			runOnlyForDeploymentPostprocessing = 0;
		};
/* End PBXResourcesBuildPhase section */

/* Begin PBXShellScriptBuildPhase section */
		7E71E3B12A73C5EE00B0073D /* SwiftGen */ = {
			isa = PBXShellScriptBuildPhase;
			buildActionMask = 2147483647;
			files = (
			);
			inputFileListPaths = (
			);
			inputPaths = (
			);
			name = SwiftGen;
			outputFileListPaths = (
			);
			outputPaths = (
			);
			runOnlyForDeploymentPostprocessing = 0;
			shellPath = /bin/sh;
			shellScript = "export PATH=\"$PATH:/opt/homebrew/bin\"\n\nif which swiftgen; then\n    swiftgen\nelse\n  echo \"warning: Swiftgen not installed, download from https://github.com/realm/SwiftLint\"\nfi\n";
		};
		7EC0B5302A765C9000688EC9 /* SwiftLint */ = {
			isa = PBXShellScriptBuildPhase;
			buildActionMask = 2147483647;
			files = (
			);
			inputFileListPaths = (
			);
			inputPaths = (
			);
			name = SwiftLint;
			outputFileListPaths = (
			);
			outputPaths = (
			);
			runOnlyForDeploymentPostprocessing = 0;
			shellPath = /bin/sh;
			shellScript = "if [[ \"$(uname -m)\" == arm64 ]]; then\n    export PATH=\"/opt/homebrew/bin:$PATH\"\nfi\n\nif which swiftlint > /dev/null; then\n  swiftlint\nelse\n  echo \"warning: SwiftLint not installed, download from https://github.com/realm/SwiftLint\"\nfi\n";
		};
/* End PBXShellScriptBuildPhase section */

/* Begin PBXSourcesBuildPhase section */
		3F68068F29CBBAF100B4F915 /* Sources */ = {
			isa = PBXSourcesBuildPhase;
			buildActionMask = 2147483647;
			files = (
				407047572A88B86400067E68 /* UIFont + Extension.swift in Sources */,
				7EFB26482A860773001901B6 /* OnboardingViewControllerDelegate.swift in Sources */,
				7EC0B5422A76958500688EC9 /* CustomNavigationController.swift in Sources */,
				7EFB263B2A850CC4001901B6 /* OnboardingViewController.swift in Sources */,
				7EB552D62A896BC60046EA33 /* HandlingErrorService.swift in Sources */,
				7EFB262E2A841ECB001901B6 /* RegistrationViewModel.swift in Sources */,
				7EFB26302A841EE5001901B6 /* RegistrationViewModelProtocol.swift in Sources */,
				7EB78A972A7A5C7D00BE892B /* WebViewViewController.swift in Sources */,
				4071F5D72A7D002000ADA546 /* StatisticNFTCollectionViewModelProtocol.swift in Sources */,
				4071F5C42A7CFF8400ADA546 /* StatisticViewModelProtocol.swift in Sources */,
				4071F5D62A7D002000ADA546 /* StatisticNFTCollectionViewModel.swift in Sources */,
				4071F5CD2A7D001800ADA546 /* StatisticUserViewController.swift in Sources */,
				7EFB26202A840C30001901B6 /* AuthViewModelProtocol.swift in Sources */,
				7EE68CFA2A7FCB8A00CAE2AC /* NFTCell.swift in Sources */,
				7EF4C5D12A73F86C001E8C67 /* UIColor + Extension.swift in Sources */,
				7EB78AE12A7BFBC300BE892B /* NFTCollection.swift in Sources */,
				7EFB26452A86012C001901B6 /* OnboardingViewModelProtocol.swift in Sources */,
				7EC0B5392A766ABA00688EC9 /* DataProvider.swift in Sources */,
				400531792A73EC58008CAF3B /* BaseWhiteButton.swift in Sources */,
				4071F5CF2A7D001800ADA546 /* StatisticUserTableViewCell.swift in Sources */,
				4005316E2A73DDFC008CAF3B /* UIView + Extension.swift in Sources */,
				7E71E3B32A73CBF500B0073D /* Strings+Generated.swift in Sources */,
				3F6806D529CBBEC700B4F915 /* NetworkTask.swift in Sources */,
				400531772A73EB4D008CAF3B /* BlackBaseButton.swift in Sources */,
				7EE68D092A839EE600CAE2AC /* AuthViewController.swift in Sources */,
				407340E82A838C44008E0C1E /* UserDefaultsService.swift in Sources */,
				409EEFE92A7A711A00B23FF8 /* UsersResponse.swift in Sources */,
				7EFB26432A860030001901B6 /* OnboardingViewModel.swift in Sources */,
				7EB78AE92A7BFE7200BE892B /* OrderPayment.swift in Sources */,
				7EB78A682A78EAD000BE892B /* NFTCollectionView.swift in Sources */,
				7E71E3B52A73F10A00B0073D /* TabBarController.swift in Sources */,
				4071F5D52A7D002000ADA546 /* StatisticNFTCollectionViewController.swift in Sources */,
				7EC0B53D2A766C1C00688EC9 /* Observable.swift in Sources */,
				4071F5C72A7CFF8400ADA546 /* StatisticCollectionViewCell.swift in Sources */,
				3F68069729CBBAF100B4F915 /* AppDelegate.swift in Sources */,
				7EB78AD32A7AB8F800BE892B /* WebViewViewModelProtocol.swift in Sources */,
				7EB78AD12A7AB4F800BE892B /* WebViewViewModel.swift in Sources */,
				4071F5D02A7D001800ADA546 /* StatisticUserViewModel.swift in Sources */,
				4071F5C52A7CFF8400ADA546 /* StatisticViewController.swift in Sources */,
				7EFB26262A8416FD001901B6 /* RegistrationViewController.swift in Sources */,
				7EB78A6A2A78EEC100BE892B /* NFTCollectionCell.swift in Sources */,
				3F68069929CBBAF100B4F915 /* SceneDelegate.swift in Sources */,
				40EEA7CF2A768BE700A1AE93 /* AnalyticsService.swift in Sources */,
				7EC0B5352A76678100688EC9 /* AlertService.swift in Sources */,
				4070B1182A76CADF00CF6E74 /* SortNavBarBaseButton.swift in Sources */,
				409EEFE72A7A710D00B23FF8 /* User.swift in Sources */,
				3FC8C39129D2453B0081F015 /* NetworkRequestModel.swift in Sources */,
				7EFB261E2A840888001901B6 /* AuthViewModel.swift in Sources */,
				7EE68CFF2A80099B00CAE2AC /* NFTCollectionCellDelegate.swift in Sources */,
				3F6806D729CBC50A00B4F915 /* Cells + Extension.swift in Sources */,
				3F6806D329CBBE9600B4F915 /* NetworkRequest.swift in Sources */,
				7EF4C5D32A73FD9A001E8C67 /* Resources.swift in Sources */,
				4064146A2A8A254800EBBE39 /* DemoViewModelProtocol.swift in Sources */,
				409EEFE32A7A707700B23FF8 /* DataProviderProtocol.swift in Sources */,
				7EB78AE72A7BFE0700BE892B /* Order.swift in Sources */,
				7EFB26382A84F49B001901B6 /* SplashScreen.swift in Sources */,
				3F6806D129CBBE6B00B4F915 /* NetworkClient.swift in Sources */,
				7EB78AE52A7BFDB200BE892B /* Currency.swift in Sources */,
				7EB78AEB2A7BFEEE00BE892B /* Profile.swift in Sources */,
				406414662A8A247F00EBBE39 /* DemoCell.swift in Sources */,
				406414682A8A250100EBBE39 /* DemoViewController.swift in Sources */,
				7EB78AE32A7BFCFF00BE892B /* NFTCard.swift in Sources */,
				406DEE2B2A7FED5D008E2227 /* UIViewController + Extension.swift in Sources */,
				4071F5C62A7CFF8400ADA546 /* StatisticViewModel.swift in Sources */,
			);
			runOnlyForDeploymentPostprocessing = 0;
		};
		3F6806A529CBBAF200B4F915 /* Sources */ = {
			isa = PBXSourcesBuildPhase;
			buildActionMask = 2147483647;
			files = (
				3F6806AE29CBBAF200B4F915 /* ExampleUnitTests.swift in Sources */,
			);
			runOnlyForDeploymentPostprocessing = 0;
		};
		3F6806AF29CBBAF200B4F915 /* Sources */ = {
			isa = PBXSourcesBuildPhase;
			buildActionMask = 2147483647;
			files = (
				3F6806B829CBBAF200B4F915 /* FakeNFTUITests.swift in Sources */,
			);
			runOnlyForDeploymentPostprocessing = 0;
		};
/* End PBXSourcesBuildPhase section */

/* Begin PBXTargetDependency section */
		3F6806AB29CBBAF200B4F915 /* PBXTargetDependency */ = {
			isa = PBXTargetDependency;
			target = 3F68069229CBBAF100B4F915 /* FakeNFT */;
			targetProxy = 3F6806AA29CBBAF200B4F915 /* PBXContainerItemProxy */;
		};
		3F6806B529CBBAF200B4F915 /* PBXTargetDependency */ = {
			isa = PBXTargetDependency;
			target = 3F68069229CBBAF100B4F915 /* FakeNFT */;
			targetProxy = 3F6806B429CBBAF200B4F915 /* PBXContainerItemProxy */;
		};
/* End PBXTargetDependency section */

/* Begin PBXVariantGroup section */
		3F6806A129CBBAF200B4F915 /* LaunchScreen.storyboard */ = {
			isa = PBXVariantGroup;
			children = (
				3F6806A229CBBAF200B4F915 /* Base */,
			);
			name = LaunchScreen.storyboard;
			sourceTree = "<group>";
		};
		7E71E3AD2A73BEFA00B0073D /* Localizable.strings */ = {
			isa = PBXVariantGroup;
			children = (
				7E71E3AC2A73BEFA00B0073D /* en */,
			);
			name = Localizable.strings;
			sourceTree = "<group>";
		};
/* End PBXVariantGroup section */

/* Begin XCBuildConfiguration section */
		3F6806BB29CBBAF200B4F915 /* Debug */ = {
			isa = XCBuildConfiguration;
			buildSettings = {
				ALWAYS_SEARCH_USER_PATHS = NO;
				CLANG_ANALYZER_NONNULL = YES;
				CLANG_ANALYZER_NUMBER_OBJECT_CONVERSION = YES_AGGRESSIVE;
				CLANG_CXX_LANGUAGE_STANDARD = "gnu++20";
				CLANG_ENABLE_MODULES = YES;
				CLANG_ENABLE_OBJC_ARC = YES;
				CLANG_ENABLE_OBJC_WEAK = YES;
				CLANG_WARN_BLOCK_CAPTURE_AUTORELEASING = YES;
				CLANG_WARN_BOOL_CONVERSION = YES;
				CLANG_WARN_COMMA = YES;
				CLANG_WARN_CONSTANT_CONVERSION = YES;
				CLANG_WARN_DEPRECATED_OBJC_IMPLEMENTATIONS = YES;
				CLANG_WARN_DIRECT_OBJC_ISA_USAGE = YES_ERROR;
				CLANG_WARN_DOCUMENTATION_COMMENTS = YES;
				CLANG_WARN_EMPTY_BODY = YES;
				CLANG_WARN_ENUM_CONVERSION = YES;
				CLANG_WARN_INFINITE_RECURSION = YES;
				CLANG_WARN_INT_CONVERSION = YES;
				CLANG_WARN_NON_LITERAL_NULL_CONVERSION = YES;
				CLANG_WARN_OBJC_IMPLICIT_RETAIN_SELF = YES;
				CLANG_WARN_OBJC_LITERAL_CONVERSION = YES;
				CLANG_WARN_OBJC_ROOT_CLASS = YES_ERROR;
				CLANG_WARN_QUOTED_INCLUDE_IN_FRAMEWORK_HEADER = YES;
				CLANG_WARN_RANGE_LOOP_ANALYSIS = YES;
				CLANG_WARN_STRICT_PROTOTYPES = YES;
				CLANG_WARN_SUSPICIOUS_MOVE = YES;
				CLANG_WARN_UNGUARDED_AVAILABILITY = YES_AGGRESSIVE;
				CLANG_WARN_UNREACHABLE_CODE = YES;
				CLANG_WARN__DUPLICATE_METHOD_MATCH = YES;
				COPY_PHASE_STRIP = NO;
				DEBUG_INFORMATION_FORMAT = dwarf;
				ENABLE_STRICT_OBJC_MSGSEND = YES;
				ENABLE_TESTABILITY = YES;
				GCC_C_LANGUAGE_STANDARD = gnu11;
				GCC_DYNAMIC_NO_PIC = NO;
				GCC_NO_COMMON_BLOCKS = YES;
				GCC_OPTIMIZATION_LEVEL = 0;
				GCC_PREPROCESSOR_DEFINITIONS = (
					"DEBUG=1",
					"$(inherited)",
				);
				GCC_WARN_64_TO_32_BIT_CONVERSION = YES;
				GCC_WARN_ABOUT_RETURN_TYPE = YES_ERROR;
				GCC_WARN_UNDECLARED_SELECTOR = YES;
				GCC_WARN_UNINITIALIZED_AUTOS = YES_AGGRESSIVE;
				GCC_WARN_UNUSED_FUNCTION = YES;
				GCC_WARN_UNUSED_VARIABLE = YES;
				IPHONEOS_DEPLOYMENT_TARGET = 13.0;
				MTL_ENABLE_DEBUG_INFO = INCLUDE_SOURCE;
				MTL_FAST_MATH = YES;
				ONLY_ACTIVE_ARCH = YES;
				SDKROOT = iphoneos;
				SWIFT_ACTIVE_COMPILATION_CONDITIONS = DEBUG;
				SWIFT_OPTIMIZATION_LEVEL = "-Onone";
			};
			name = Debug;
		};
		3F6806BC29CBBAF200B4F915 /* Release */ = {
			isa = XCBuildConfiguration;
			buildSettings = {
				ALWAYS_SEARCH_USER_PATHS = NO;
				CLANG_ANALYZER_NONNULL = YES;
				CLANG_ANALYZER_NUMBER_OBJECT_CONVERSION = YES_AGGRESSIVE;
				CLANG_CXX_LANGUAGE_STANDARD = "gnu++20";
				CLANG_ENABLE_MODULES = YES;
				CLANG_ENABLE_OBJC_ARC = YES;
				CLANG_ENABLE_OBJC_WEAK = YES;
				CLANG_WARN_BLOCK_CAPTURE_AUTORELEASING = YES;
				CLANG_WARN_BOOL_CONVERSION = YES;
				CLANG_WARN_COMMA = YES;
				CLANG_WARN_CONSTANT_CONVERSION = YES;
				CLANG_WARN_DEPRECATED_OBJC_IMPLEMENTATIONS = YES;
				CLANG_WARN_DIRECT_OBJC_ISA_USAGE = YES_ERROR;
				CLANG_WARN_DOCUMENTATION_COMMENTS = YES;
				CLANG_WARN_EMPTY_BODY = YES;
				CLANG_WARN_ENUM_CONVERSION = YES;
				CLANG_WARN_INFINITE_RECURSION = YES;
				CLANG_WARN_INT_CONVERSION = YES;
				CLANG_WARN_NON_LITERAL_NULL_CONVERSION = YES;
				CLANG_WARN_OBJC_IMPLICIT_RETAIN_SELF = YES;
				CLANG_WARN_OBJC_LITERAL_CONVERSION = YES;
				CLANG_WARN_OBJC_ROOT_CLASS = YES_ERROR;
				CLANG_WARN_QUOTED_INCLUDE_IN_FRAMEWORK_HEADER = YES;
				CLANG_WARN_RANGE_LOOP_ANALYSIS = YES;
				CLANG_WARN_STRICT_PROTOTYPES = YES;
				CLANG_WARN_SUSPICIOUS_MOVE = YES;
				CLANG_WARN_UNGUARDED_AVAILABILITY = YES_AGGRESSIVE;
				CLANG_WARN_UNREACHABLE_CODE = YES;
				CLANG_WARN__DUPLICATE_METHOD_MATCH = YES;
				COPY_PHASE_STRIP = NO;
				DEBUG_INFORMATION_FORMAT = "dwarf-with-dsym";
				ENABLE_NS_ASSERTIONS = NO;
				ENABLE_STRICT_OBJC_MSGSEND = YES;
				GCC_C_LANGUAGE_STANDARD = gnu11;
				GCC_NO_COMMON_BLOCKS = YES;
				GCC_WARN_64_TO_32_BIT_CONVERSION = YES;
				GCC_WARN_ABOUT_RETURN_TYPE = YES_ERROR;
				GCC_WARN_UNDECLARED_SELECTOR = YES;
				GCC_WARN_UNINITIALIZED_AUTOS = YES_AGGRESSIVE;
				GCC_WARN_UNUSED_FUNCTION = YES;
				GCC_WARN_UNUSED_VARIABLE = YES;
				IPHONEOS_DEPLOYMENT_TARGET = 13.0;
				MTL_ENABLE_DEBUG_INFO = NO;
				MTL_FAST_MATH = YES;
				SDKROOT = iphoneos;
				SWIFT_COMPILATION_MODE = wholemodule;
				SWIFT_OPTIMIZATION_LEVEL = "-O";
				VALIDATE_PRODUCT = YES;
			};
			name = Release;
		};
		3F6806BE29CBBAF200B4F915 /* Debug */ = {
			isa = XCBuildConfiguration;
			buildSettings = {
				ASSETCATALOG_COMPILER_APPICON_NAME = AppIcon;
				ASSETCATALOG_COMPILER_GLOBAL_ACCENT_COLOR_NAME = AccentColor;
				CODE_SIGN_STYLE = Automatic;
				CURRENT_PROJECT_VERSION = 1;
				DEVELOPMENT_TEAM = "";
				GENERATE_INFOPLIST_FILE = YES;
				INFOPLIST_FILE = FakeNFT/SupportFiles/Info.plist;
				INFOPLIST_KEY_UIApplicationSupportsIndirectInputEvents = YES;
				INFOPLIST_KEY_UILaunchStoryboardName = LaunchScreen;
				INFOPLIST_KEY_UISupportedInterfaceOrientations_iPad = "UIInterfaceOrientationPortrait UIInterfaceOrientationPortraitUpsideDown UIInterfaceOrientationLandscapeLeft UIInterfaceOrientationLandscapeRight";
				INFOPLIST_KEY_UISupportedInterfaceOrientations_iPhone = "UIInterfaceOrientationPortrait UIInterfaceOrientationLandscapeLeft UIInterfaceOrientationLandscapeRight";
				IPHONEOS_DEPLOYMENT_TARGET = 13.0;
				LD_RUNPATH_SEARCH_PATHS = (
					"$(inherited)",
					"@executable_path/Frameworks",
				);
				MARKETING_VERSION = 1.0;
				PRODUCT_BUNDLE_IDENTIFIER = com.practicum.FakeNFT;
				PRODUCT_NAME = "$(TARGET_NAME)";
				SWIFT_EMIT_LOC_STRINGS = YES;
				SWIFT_VERSION = 5.0;
				TARGETED_DEVICE_FAMILY = "1,2";
			};
			name = Debug;
		};
		3F6806BF29CBBAF200B4F915 /* Release */ = {
			isa = XCBuildConfiguration;
			buildSettings = {
				ASSETCATALOG_COMPILER_APPICON_NAME = AppIcon;
				ASSETCATALOG_COMPILER_GLOBAL_ACCENT_COLOR_NAME = AccentColor;
				CODE_SIGN_STYLE = Automatic;
				CURRENT_PROJECT_VERSION = 1;
				DEVELOPMENT_TEAM = "";
				GENERATE_INFOPLIST_FILE = YES;
				INFOPLIST_FILE = FakeNFT/SupportFiles/Info.plist;
				INFOPLIST_KEY_UIApplicationSupportsIndirectInputEvents = YES;
				INFOPLIST_KEY_UILaunchStoryboardName = LaunchScreen;
				INFOPLIST_KEY_UISupportedInterfaceOrientations_iPad = "UIInterfaceOrientationPortrait UIInterfaceOrientationPortraitUpsideDown UIInterfaceOrientationLandscapeLeft UIInterfaceOrientationLandscapeRight";
				INFOPLIST_KEY_UISupportedInterfaceOrientations_iPhone = "UIInterfaceOrientationPortrait UIInterfaceOrientationLandscapeLeft UIInterfaceOrientationLandscapeRight";
				IPHONEOS_DEPLOYMENT_TARGET = 13.0;
				LD_RUNPATH_SEARCH_PATHS = (
					"$(inherited)",
					"@executable_path/Frameworks",
				);
				MARKETING_VERSION = 1.0;
				PRODUCT_BUNDLE_IDENTIFIER = com.practicum.FakeNFT;
				PRODUCT_NAME = "$(TARGET_NAME)";
				SWIFT_EMIT_LOC_STRINGS = YES;
				SWIFT_VERSION = 5.0;
				TARGETED_DEVICE_FAMILY = "1,2";
			};
			name = Release;
		};
		3F6806C129CBBAF200B4F915 /* Debug */ = {
			isa = XCBuildConfiguration;
			buildSettings = {
				ALWAYS_EMBED_SWIFT_STANDARD_LIBRARIES = YES;
				BUNDLE_LOADER = "$(TEST_HOST)";
				CODE_SIGN_STYLE = Automatic;
				CURRENT_PROJECT_VERSION = 1;
				GENERATE_INFOPLIST_FILE = YES;
				IPHONEOS_DEPLOYMENT_TARGET = 16.2;
				MARKETING_VERSION = 1.0;
				PRODUCT_BUNDLE_IDENTIFIER = com.practicum.FakeNFTTests;
				PRODUCT_NAME = "$(TARGET_NAME)";
				SWIFT_EMIT_LOC_STRINGS = NO;
				SWIFT_VERSION = 5.0;
				TARGETED_DEVICE_FAMILY = "1,2";
				TEST_HOST = "$(BUILT_PRODUCTS_DIR)/FakeNFT.app/$(BUNDLE_EXECUTABLE_FOLDER_PATH)/FakeNFT";
			};
			name = Debug;
		};
		3F6806C229CBBAF200B4F915 /* Release */ = {
			isa = XCBuildConfiguration;
			buildSettings = {
				ALWAYS_EMBED_SWIFT_STANDARD_LIBRARIES = YES;
				BUNDLE_LOADER = "$(TEST_HOST)";
				CODE_SIGN_STYLE = Automatic;
				CURRENT_PROJECT_VERSION = 1;
				GENERATE_INFOPLIST_FILE = YES;
				IPHONEOS_DEPLOYMENT_TARGET = 16.2;
				MARKETING_VERSION = 1.0;
				PRODUCT_BUNDLE_IDENTIFIER = com.practicum.FakeNFTTests;
				PRODUCT_NAME = "$(TARGET_NAME)";
				SWIFT_EMIT_LOC_STRINGS = NO;
				SWIFT_VERSION = 5.0;
				TARGETED_DEVICE_FAMILY = "1,2";
				TEST_HOST = "$(BUILT_PRODUCTS_DIR)/FakeNFT.app/$(BUNDLE_EXECUTABLE_FOLDER_PATH)/FakeNFT";
			};
			name = Release;
		};
		3F6806C429CBBAF200B4F915 /* Debug */ = {
			isa = XCBuildConfiguration;
			buildSettings = {
				ALWAYS_EMBED_SWIFT_STANDARD_LIBRARIES = YES;
				CODE_SIGN_STYLE = Automatic;
				CURRENT_PROJECT_VERSION = 1;
				GENERATE_INFOPLIST_FILE = YES;
				MARKETING_VERSION = 1.0;
				PRODUCT_BUNDLE_IDENTIFIER = com.practicum.FakeNFTUITests;
				PRODUCT_NAME = "$(TARGET_NAME)";
				SWIFT_EMIT_LOC_STRINGS = NO;
				SWIFT_VERSION = 5.0;
				TARGETED_DEVICE_FAMILY = "1,2";
				TEST_TARGET_NAME = FakeNFT;
			};
			name = Debug;
		};
		3F6806C529CBBAF200B4F915 /* Release */ = {
			isa = XCBuildConfiguration;
			buildSettings = {
				ALWAYS_EMBED_SWIFT_STANDARD_LIBRARIES = YES;
				CODE_SIGN_STYLE = Automatic;
				CURRENT_PROJECT_VERSION = 1;
				GENERATE_INFOPLIST_FILE = YES;
				MARKETING_VERSION = 1.0;
				PRODUCT_BUNDLE_IDENTIFIER = com.practicum.FakeNFTUITests;
				PRODUCT_NAME = "$(TARGET_NAME)";
				SWIFT_EMIT_LOC_STRINGS = NO;
				SWIFT_VERSION = 5.0;
				TARGETED_DEVICE_FAMILY = "1,2";
				TEST_TARGET_NAME = FakeNFT;
			};
			name = Release;
		};
/* End XCBuildConfiguration section */

/* Begin XCConfigurationList section */
		3F68068E29CBBAF100B4F915 /* Build configuration list for PBXProject "FakeNFT" */ = {
			isa = XCConfigurationList;
			buildConfigurations = (
				3F6806BB29CBBAF200B4F915 /* Debug */,
				3F6806BC29CBBAF200B4F915 /* Release */,
			);
			defaultConfigurationIsVisible = 0;
			defaultConfigurationName = Release;
		};
		3F6806BD29CBBAF200B4F915 /* Build configuration list for PBXNativeTarget "FakeNFT" */ = {
			isa = XCConfigurationList;
			buildConfigurations = (
				3F6806BE29CBBAF200B4F915 /* Debug */,
				3F6806BF29CBBAF200B4F915 /* Release */,
			);
			defaultConfigurationIsVisible = 0;
			defaultConfigurationName = Release;
		};
		3F6806C029CBBAF200B4F915 /* Build configuration list for PBXNativeTarget "FakeNFTTests" */ = {
			isa = XCConfigurationList;
			buildConfigurations = (
				3F6806C129CBBAF200B4F915 /* Debug */,
				3F6806C229CBBAF200B4F915 /* Release */,
			);
			defaultConfigurationIsVisible = 0;
			defaultConfigurationName = Release;
		};
		3F6806C329CBBAF200B4F915 /* Build configuration list for PBXNativeTarget "FakeNFTUITests" */ = {
			isa = XCConfigurationList;
			buildConfigurations = (
				3F6806C429CBBAF200B4F915 /* Debug */,
				3F6806C529CBBAF200B4F915 /* Release */,
			);
			defaultConfigurationIsVisible = 0;
			defaultConfigurationName = Release;
		};
/* End XCConfigurationList section */

/* Begin XCRemoteSwiftPackageReference section */
		3F603CCB29DB4A53000C43D7 /* XCRemoteSwiftPackageReference "ProgressHUD" */ = {
			isa = XCRemoteSwiftPackageReference;
			repositoryURL = "https://github.com/relatedcode/ProgressHUD";
			requirement = {
				kind = upToNextMajorVersion;
				minimumVersion = 13.0.0;
			};
		};
		3F603CCE29DB4A74000C43D7 /* XCRemoteSwiftPackageReference "Kingfisher" */ = {
			isa = XCRemoteSwiftPackageReference;
			repositoryURL = "https://github.com/onevcat/Kingfisher.git";
			requirement = {
				kind = upToNextMajorVersion;
				minimumVersion = 7.0.0;
			};
		};
		7EB552D72A896CFC0046EA33 /* XCRemoteSwiftPackageReference "NotificationBanner" */ = {
			isa = XCRemoteSwiftPackageReference;
			repositoryURL = "https://github.com/Daltron/NotificationBanner";
			requirement = {
				kind = upToNextMajorVersion;
				minimumVersion = 3.0.0;
			};
		};
		7EFB26342A84F341001901B6 /* XCRemoteSwiftPackageReference "firebase-ios-sdk" */ = {
			isa = XCRemoteSwiftPackageReference;
			repositoryURL = "https://github.com/firebase/firebase-ios-sdk";
			requirement = {
				kind = upToNextMajorVersion;
				minimumVersion = 10.0.0;
			};
		};
/* End XCRemoteSwiftPackageReference section */

/* Begin XCSwiftPackageProductDependency section */
		3F603CCC29DB4A53000C43D7 /* ProgressHUD */ = {
			isa = XCSwiftPackageProductDependency;
			package = 3F603CCB29DB4A53000C43D7 /* XCRemoteSwiftPackageReference "ProgressHUD" */;
			productName = ProgressHUD;
		};
		3F603CCF29DB4A74000C43D7 /* Kingfisher */ = {
			isa = XCSwiftPackageProductDependency;
			package = 3F603CCE29DB4A74000C43D7 /* XCRemoteSwiftPackageReference "Kingfisher" */;
			productName = Kingfisher;
		};
		7EB552D82A896CFC0046EA33 /* NotificationBannerSwift */ = {
			isa = XCSwiftPackageProductDependency;
			package = 7EB552D72A896CFC0046EA33 /* XCRemoteSwiftPackageReference "NotificationBanner" */;
			productName = NotificationBannerSwift;
		};
		7EFB26352A84F341001901B6 /* FirebaseAuth */ = {
			isa = XCSwiftPackageProductDependency;
			package = 7EFB26342A84F341001901B6 /* XCRemoteSwiftPackageReference "firebase-ios-sdk" */;
			productName = FirebaseAuth;
		};
/* End XCSwiftPackageProductDependency section */
	};
	rootObject = 3F68068B29CBBAF100B4F915 /* Project object */;
}
