// !$*UTF8*$!
{
	archiveVersion = 1;
	classes = {
	};
	objectVersion = 56;
	objects = {

/* Begin PBXBuildFile section */
		3F478ECF29DB474E00F6D39E /* Colors.swift in Sources */ = {isa = PBXBuildFile; fileRef = 3F478ECE29DB474E00F6D39E /* Colors.swift */; };
		3F478ED129DB476500F6D39E /* Fonts.swift in Sources */ = {isa = PBXBuildFile; fileRef = 3F478ED029DB476500F6D39E /* Fonts.swift */; };
		3F603CCD29DB4A53000C43D7 /* ProgressHUD in Frameworks */ = {isa = PBXBuildFile; productRef = 3F603CCC29DB4A53000C43D7 /* ProgressHUD */; };
		3F603CD029DB4A74000C43D7 /* Kingfisher in Frameworks */ = {isa = PBXBuildFile; productRef = 3F603CCF29DB4A74000C43D7 /* Kingfisher */; };
		3F68069729CBBAF100B4F915 /* AppDelegate.swift in Sources */ = {isa = PBXBuildFile; fileRef = 3F68069629CBBAF100B4F915 /* AppDelegate.swift */; };
		3F68069929CBBAF100B4F915 /* SceneDelegate.swift in Sources */ = {isa = PBXBuildFile; fileRef = 3F68069829CBBAF100B4F915 /* SceneDelegate.swift */; };
		3F68069B29CBBAF100B4F915 /* ProductDetailsTableViewController.swift in Sources */ = {isa = PBXBuildFile; fileRef = 3F68069A29CBBAF100B4F915 /* ProductDetailsTableViewController.swift */; };
		3F6806A029CBBAF200B4F915 /* Assets.xcassets in Resources */ = {isa = PBXBuildFile; fileRef = 3F68069F29CBBAF200B4F915 /* Assets.xcassets */; };
		3F6806A329CBBAF200B4F915 /* LaunchScreen.storyboard in Resources */ = {isa = PBXBuildFile; fileRef = 3F6806A129CBBAF200B4F915 /* LaunchScreen.storyboard */; };
		3F6806AE29CBBAF200B4F915 /* FakeNftApiTests.swift in Sources */ = {isa = PBXBuildFile; fileRef = 3F6806AD29CBBAF200B4F915 /* FakeNftApiTests.swift */; };
		3F6806B829CBBAF200B4F915 /* FakeNFTUITests.swift in Sources */ = {isa = PBXBuildFile; fileRef = 3F6806B729CBBAF200B4F915 /* FakeNFTUITests.swift */; };
		3F6806CB29CBBCC700B4F915 /* ExampleNetworkModel.swift in Sources */ = {isa = PBXBuildFile; fileRef = 3F6806CA29CBBCC700B4F915 /* ExampleNetworkModel.swift */; };
		3F6806D129CBBE6B00B4F915 /* NetworkClient.swift in Sources */ = {isa = PBXBuildFile; fileRef = 3F6806D029CBBE6B00B4F915 /* NetworkClient.swift */; };
		3F6806D329CBBE9600B4F915 /* NetworkRequest.swift in Sources */ = {isa = PBXBuildFile; fileRef = 3F6806D229CBBE9600B4F915 /* NetworkRequest.swift */; };
		3F6806D529CBBEC700B4F915 /* NetworkTask.swift in Sources */ = {isa = PBXBuildFile; fileRef = 3F6806D429CBBEC700B4F915 /* NetworkTask.swift */; };
		3F6806D729CBC50A00B4F915 /* CellsReusingUtils.swift in Sources */ = {isa = PBXBuildFile; fileRef = 3F6806D629CBC50A00B4F915 /* CellsReusingUtils.swift */; };
		3FC8C38B29D242E90081F015 /* ProductDetailsTableViewCell.swift in Sources */ = {isa = PBXBuildFile; fileRef = 3FC8C38A29D242E90081F015 /* ProductDetailsTableViewCell.swift */; };
		3FC8C39129D2453B0081F015 /* ExampleRequest.swift in Sources */ = {isa = PBXBuildFile; fileRef = 3FC8C39029D2453B0081F015 /* ExampleRequest.swift */; };
		3FC8C39329D246BA0081F015 /* DateFormatters+Presets.swift in Sources */ = {isa = PBXBuildFile; fileRef = 3FC8C39229D246BA0081F015 /* DateFormatters+Presets.swift */; };
		CA9C1AFB2A9F60D9005FBA8D /* .swiftlint.yml in Resources */ = {isa = PBXBuildFile; fileRef = CA9C1AFA2A9F60D9005FBA8D /* .swiftlint.yml */; };
		CA9C1AFD2A9F62B4005FBA8D /* TabBarViewController.swift in Sources */ = {isa = PBXBuildFile; fileRef = CA9C1AFC2A9F62B4005FBA8D /* TabBarViewController.swift */; };
		CA9C1AFF2A9F79CC005FBA8D /* ProfileViewController.swift in Sources */ = {isa = PBXBuildFile; fileRef = CA9C1AFE2A9F79CC005FBA8D /* ProfileViewController.swift */; };
		CA9C1B012A9F79ED005FBA8D /* CatalogViewController.swift in Sources */ = {isa = PBXBuildFile; fileRef = CA9C1B002A9F79ED005FBA8D /* CatalogViewController.swift */; };
		CA9C1B032A9F7A2F005FBA8D /* CartViewController.swift in Sources */ = {isa = PBXBuildFile; fileRef = CA9C1B022A9F7A2F005FBA8D /* CartViewController.swift */; };
		CA9C1B052A9F7A4E005FBA8D /* StatisticViewController.swift in Sources */ = {isa = PBXBuildFile; fileRef = CA9C1B042A9F7A4E005FBA8D /* StatisticViewController.swift */; };
		CE27B4992AB2104D00FF4E5D /* UIBlockingProgressHUD.swift in Sources */ = {isa = PBXBuildFile; fileRef = CE27B4982AB2104D00FF4E5D /* UIBlockingProgressHUD.swift */; };
		CE2E5D202AAB5C88003FECAE /* CartRouter.swift in Sources */ = {isa = PBXBuildFile; fileRef = CE2E5D1F2AAB5C88003FECAE /* CartRouter.swift */; };
		CE4C5ECA2AAB794D00245B10 /* NFTInfoModel.swift in Sources */ = {isa = PBXBuildFile; fileRef = CE4C5EC92AAB794D00245B10 /* NFTInfoModel.swift */; };
		CE4C5ECC2AAB8E5100245B10 /* Extension String.swift in Sources */ = {isa = PBXBuildFile; fileRef = CE4C5ECB2AAB8E5100245B10 /* Extension String.swift */; };
		CE4C5ECE2AAF42F100245B10 /* PaymentViewModel.swift in Sources */ = {isa = PBXBuildFile; fileRef = CE4C5ECD2AAF42F100245B10 /* PaymentViewModel.swift */; };
		CE4C5ED12AAF513C00245B10 /* CurrencyModel.swift in Sources */ = {isa = PBXBuildFile; fileRef = CE4C5ED02AAF513C00245B10 /* CurrencyModel.swift */; };
		CE6522142AB0661200738BAD /* FavouritesNftViewModel.swift in Sources */ = {isa = PBXBuildFile; fileRef = CE6522132AB0661200738BAD /* FavouritesNftViewModel.swift */; };
		CE652EC12ABDCF03003F25B4 /* DevelopersViewController.swift in Sources */ = {isa = PBXBuildFile; fileRef = CE652EC02ABDCF03003F25B4 /* DevelopersViewController.swift */; };
		CE652EC32ABDD028003F25B4 /* DevelopersTableViewCell.swift in Sources */ = {isa = PBXBuildFile; fileRef = CE652EC22ABDD028003F25B4 /* DevelopersTableViewCell.swift */; };
		CE652EC52ABDFD5D003F25B4 /* DevelopersView.swift in Sources */ = {isa = PBXBuildFile; fileRef = CE652EC42ABDFD5D003F25B4 /* DevelopersView.swift */; };
		CE652EC72ABE2404003F25B4 /* DevelopersViewModel.swift in Sources */ = {isa = PBXBuildFile; fileRef = CE652EC62ABE2404003F25B4 /* DevelopersViewModel.swift */; };
		CE67F6E32AAF250400466CA4 /* MyNftViewModel.swift in Sources */ = {isa = PBXBuildFile; fileRef = CE67F6E22AAF250400466CA4 /* MyNftViewModel.swift */; };
		CE67F6E52AAF2B3E00466CA4 /* Nft.swift in Sources */ = {isa = PBXBuildFile; fileRef = CE67F6E42AAF2B3E00466CA4 /* Nft.swift */; };
		CE67F6E72AAF8C0600466CA4 /* NftDTO.swift in Sources */ = {isa = PBXBuildFile; fileRef = CE67F6E62AAF8C0600466CA4 /* NftDTO.swift */; };
		CE68BA8E2A9F9C1700488E47 /* CartCell.swift in Sources */ = {isa = PBXBuildFile; fileRef = CE68BA8D2A9F9C1700488E47 /* CartCell.swift */; };
		CE68BA912A9F9C4E00488E47 /* Extension View.swift in Sources */ = {isa = PBXBuildFile; fileRef = CE68BA902A9F9C4E00488E47 /* Extension View.swift */; };
		CE68BA932A9FA28F00488E47 /* NFTModel.swift in Sources */ = {isa = PBXBuildFile; fileRef = CE68BA922A9FA28F00488E47 /* NFTModel.swift */; };
		CE68BA952A9FA5E500488E47 /* CartViewModel.swift in Sources */ = {isa = PBXBuildFile; fileRef = CE68BA942A9FA5E500488E47 /* CartViewModel.swift */; };
		CE68BA972A9FDACE00488E47 /* Observable.swift in Sources */ = {isa = PBXBuildFile; fileRef = CE68BA962A9FDACE00488E47 /* Observable.swift */; };
		CE68BA992AA0B48B00488E47 /* PaymentChoiceViewController.swift in Sources */ = {isa = PBXBuildFile; fileRef = CE68BA982AA0B48B00488E47 /* PaymentChoiceViewController.swift */; };
		CE68BA9B2AA0B6B400488E47 /* PaymentChoiceCell.swift in Sources */ = {isa = PBXBuildFile; fileRef = CE68BA9A2AA0B6B400488E47 /* PaymentChoiceCell.swift */; };
		CE68BA9D2AA0C0AD00488E47 /* MockNFTModel.swift in Sources */ = {isa = PBXBuildFile; fileRef = CE68BA9C2AA0C0AD00488E47 /* MockNFTModel.swift */; };
		CE68BA9F2AA0E05200488E47 /* OrderModel.swift in Sources */ = {isa = PBXBuildFile; fileRef = CE68BA9E2AA0E05200488E47 /* OrderModel.swift */; };
		CE68BAA12AA0E0BD00488E47 /* CartLoadService.swift in Sources */ = {isa = PBXBuildFile; fileRef = CE68BAA02AA0E0BD00488E47 /* CartLoadService.swift */; };
		CE68BAA42AA0E5EB00488E47 /* PaymentMethod.swift in Sources */ = {isa = PBXBuildFile; fileRef = CE68BAA32AA0E5EB00488E47 /* PaymentMethod.swift */; };
		CE68BAA62AA1035500488E47 /* PurchaseResultViewController.swift in Sources */ = {isa = PBXBuildFile; fileRef = CE68BAA52AA1035500488E47 /* PurchaseResultViewController.swift */; };
		CE68BAAB2AA4B57C00488E47 /* WebViewController.swift in Sources */ = {isa = PBXBuildFile; fileRef = CE68BAAA2AA4B57C00488E47 /* WebViewController.swift */; };
		CE6B0EF92AAB386A007117FF /* ProfileViewModel.swift in Sources */ = {isa = PBXBuildFile; fileRef = CE6B0EF82AAB386A007117FF /* ProfileViewModel.swift */; };
		CE6B0EFC2AAB500A007117FF /* SettingsStorage.swift in Sources */ = {isa = PBXBuildFile; fileRef = CE6B0EFB2AAB500A007117FF /* SettingsStorage.swift */; };
		CE6B0EFF2AAB7847007117FF /* WebView.swift in Sources */ = {isa = PBXBuildFile; fileRef = CE6B0EFE2AAB7847007117FF /* WebView.swift */; };
		CE6B0F012AAB8524007117FF /* EditProfileViewModel.swift in Sources */ = {isa = PBXBuildFile; fileRef = CE6B0F002AAB8524007117FF /* EditProfileViewModel.swift */; };
		CE6B0F8C2AC04ACE00035988 /* DevelopersModel.swift in Sources */ = {isa = PBXBuildFile; fileRef = CE6B0F8B2AC04ACE00035988 /* DevelopersModel.swift */; };
		CE742A512AA5C8BC008E7AE9 /* MyNftViewController.swift in Sources */ = {isa = PBXBuildFile; fileRef = CE742A502AA5C8BC008E7AE9 /* MyNftViewController.swift */; };
		CE742A532AA5F182008E7AE9 /* MyNftTableViewCell.swift in Sources */ = {isa = PBXBuildFile; fileRef = CE742A522AA5F182008E7AE9 /* MyNftTableViewCell.swift */; };
		CE742A552AA5F3FD008E7AE9 /* NftAvatarView.swift in Sources */ = {isa = PBXBuildFile; fileRef = CE742A542AA5F3FD008E7AE9 /* NftAvatarView.swift */; };
		CE742A572AA608AC008E7AE9 /* RatingView.swift in Sources */ = {isa = PBXBuildFile; fileRef = CE742A562AA608AC008E7AE9 /* RatingView.swift */; };
		CE742A5A2AA65DAA008E7AE9 /* MockNft.swift in Sources */ = {isa = PBXBuildFile; fileRef = CE742A592AA65DAA008E7AE9 /* MockNft.swift */; };
		CE7E263A2AA7490C00D8623E /* FavoritesNFTViewController.swift in Sources */ = {isa = PBXBuildFile; fileRef = CE7E26392AA7490C00D8623E /* FavoritesNFTViewController.swift */; };
		CE7E263C2AA74FAD00D8623E /* FavoritesNFTCollectionViewCell.swift in Sources */ = {isa = PBXBuildFile; fileRef = CE7E263B2AA74FAD00D8623E /* FavoritesNFTCollectionViewCell.swift */; };
		CE7E263E2AA7687A00D8623E /* EditProfileViewController.swift in Sources */ = {isa = PBXBuildFile; fileRef = CE7E263D2AA7687A00D8623E /* EditProfileViewController.swift */; };
		CE7E26432AA8B68600D8623E /* NftAvatarViewModel.swift in Sources */ = {isa = PBXBuildFile; fileRef = CE7E26422AA8B68600D8623E /* NftAvatarViewModel.swift */; };
		CE86BAB32AA50AAB0051DB5E /* ProfileVCTableViewCell.swift in Sources */ = {isa = PBXBuildFile; fileRef = CE86BAB22AA50AAB0051DB5E /* ProfileVCTableViewCell.swift */; };
		CEDF7A682AB09FE2009FD8DA /* PaymentStatus.swift in Sources */ = {isa = PBXBuildFile; fileRef = CEDF7A672AB09FE2009FD8DA /* PaymentStatus.swift */; };
		CEDF7A6A2AB0B8B5009FD8DA /* PaymentCurrencyModel.swift in Sources */ = {isa = PBXBuildFile; fileRef = CEDF7A692AB0B8B5009FD8DA /* PaymentCurrencyModel.swift */; };
		CEFF4DF52AA9F61F00785AB0 /* Profile.swift in Sources */ = {isa = PBXBuildFile; fileRef = CEFF4DF42AA9F61F00785AB0 /* Profile.swift */; };
		CEFF4DFB2AAA005800785AB0 /* profileDecomposition.md in Resources */ = {isa = PBXBuildFile; fileRef = CEFF4DFA2AAA005800785AB0 /* profileDecomposition.md */; };
		CEFF4DFE2AAA483D00785AB0 /* ProfileService.swift in Sources */ = {isa = PBXBuildFile; fileRef = CEFF4DFD2AAA483D00785AB0 /* ProfileService.swift */; };
		CEFF4E002AAA64E100785AB0 /* UploadProfileModel.swift in Sources */ = {isa = PBXBuildFile; fileRef = CEFF4DFF2AAA64E100785AB0 /* UploadProfileModel.swift */; };
/* End PBXBuildFile section */

/* Begin PBXContainerItemProxy section */
		3F6806AA29CBBAF200B4F915 /* PBXContainerItemProxy */ = {
			isa = PBXContainerItemProxy;
			containerPortal = 3F68068B29CBBAF100B4F915 /* Project object */;
			proxyType = 1;
			remoteGlobalIDString = 3F68069229CBBAF100B4F915;
			remoteInfo = FakeNFT;
		};
		3F6806B429CBBAF200B4F915 /* PBXContainerItemProxy */ = {
			isa = PBXContainerItemProxy;
			containerPortal = 3F68068B29CBBAF100B4F915 /* Project object */;
			proxyType = 1;
			remoteGlobalIDString = 3F68069229CBBAF100B4F915;
			remoteInfo = FakeNFT;
		};
/* End PBXContainerItemProxy section */

/* Begin PBXFileReference section */
		3F478ECE29DB474E00F6D39E /* Colors.swift */ = {isa = PBXFileReference; lastKnownFileType = sourcecode.swift; path = Colors.swift; sourceTree = "<group>"; };
		3F478ED029DB476500F6D39E /* Fonts.swift */ = {isa = PBXFileReference; lastKnownFileType = sourcecode.swift; path = Fonts.swift; sourceTree = "<group>"; };
		3F68069329CBBAF100B4F915 /* FakeNFT.app */ = {isa = PBXFileReference; explicitFileType = wrapper.application; includeInIndex = 0; path = FakeNFT.app; sourceTree = BUILT_PRODUCTS_DIR; };
		3F68069629CBBAF100B4F915 /* AppDelegate.swift */ = {isa = PBXFileReference; lastKnownFileType = sourcecode.swift; path = AppDelegate.swift; sourceTree = "<group>"; };
		3F68069829CBBAF100B4F915 /* SceneDelegate.swift */ = {isa = PBXFileReference; lastKnownFileType = sourcecode.swift; path = SceneDelegate.swift; sourceTree = "<group>"; };
		3F68069A29CBBAF100B4F915 /* ProductDetailsTableViewController.swift */ = {isa = PBXFileReference; lastKnownFileType = sourcecode.swift; path = ProductDetailsTableViewController.swift; sourceTree = "<group>"; };
		3F68069F29CBBAF200B4F915 /* Assets.xcassets */ = {isa = PBXFileReference; lastKnownFileType = folder.assetcatalog; path = Assets.xcassets; sourceTree = "<group>"; };
		3F6806A229CBBAF200B4F915 /* Base */ = {isa = PBXFileReference; lastKnownFileType = file.storyboard; name = Base; path = Base.lproj/LaunchScreen.storyboard; sourceTree = "<group>"; };
		3F6806A429CBBAF200B4F915 /* Info.plist */ = {isa = PBXFileReference; lastKnownFileType = text.plist.xml; path = Info.plist; sourceTree = "<group>"; };
		3F6806A929CBBAF200B4F915 /* FakeNFTTests.xctest */ = {isa = PBXFileReference; explicitFileType = wrapper.cfbundle; includeInIndex = 0; path = FakeNFTTests.xctest; sourceTree = BUILT_PRODUCTS_DIR; };
		3F6806AD29CBBAF200B4F915 /* FakeNftApiTests.swift */ = {isa = PBXFileReference; lastKnownFileType = sourcecode.swift; path = FakeNftApiTests.swift; sourceTree = "<group>"; };
		3F6806B329CBBAF200B4F915 /* FakeNFTUITests.xctest */ = {isa = PBXFileReference; explicitFileType = wrapper.cfbundle; includeInIndex = 0; path = FakeNFTUITests.xctest; sourceTree = BUILT_PRODUCTS_DIR; };
		3F6806B729CBBAF200B4F915 /* FakeNFTUITests.swift */ = {isa = PBXFileReference; lastKnownFileType = sourcecode.swift; path = FakeNFTUITests.swift; sourceTree = "<group>"; };
		3F6806CA29CBBCC700B4F915 /* ExampleNetworkModel.swift */ = {isa = PBXFileReference; lastKnownFileType = sourcecode.swift; path = ExampleNetworkModel.swift; sourceTree = "<group>"; };
		3F6806D029CBBE6B00B4F915 /* NetworkClient.swift */ = {isa = PBXFileReference; lastKnownFileType = sourcecode.swift; path = NetworkClient.swift; sourceTree = "<group>"; };
		3F6806D229CBBE9600B4F915 /* NetworkRequest.swift */ = {isa = PBXFileReference; lastKnownFileType = sourcecode.swift; path = NetworkRequest.swift; sourceTree = "<group>"; };
		3F6806D429CBBEC700B4F915 /* NetworkTask.swift */ = {isa = PBXFileReference; lastKnownFileType = sourcecode.swift; path = NetworkTask.swift; sourceTree = "<group>"; };
		3F6806D629CBC50A00B4F915 /* CellsReusingUtils.swift */ = {isa = PBXFileReference; lastKnownFileType = sourcecode.swift; path = CellsReusingUtils.swift; sourceTree = "<group>"; };
		3FC8C38A29D242E90081F015 /* ProductDetailsTableViewCell.swift */ = {isa = PBXFileReference; lastKnownFileType = sourcecode.swift; path = ProductDetailsTableViewCell.swift; sourceTree = "<group>"; };
		3FC8C39029D2453B0081F015 /* ExampleRequest.swift */ = {isa = PBXFileReference; lastKnownFileType = sourcecode.swift; path = ExampleRequest.swift; sourceTree = "<group>"; };
		3FC8C39229D246BA0081F015 /* DateFormatters+Presets.swift */ = {isa = PBXFileReference; lastKnownFileType = sourcecode.swift; path = "DateFormatters+Presets.swift"; sourceTree = "<group>"; };
		CA9C1AFA2A9F60D9005FBA8D /* .swiftlint.yml */ = {isa = PBXFileReference; lastKnownFileType = text.yaml; path = .swiftlint.yml; sourceTree = "<group>"; };
		CA9C1AFC2A9F62B4005FBA8D /* TabBarViewController.swift */ = {isa = PBXFileReference; lastKnownFileType = sourcecode.swift; path = TabBarViewController.swift; sourceTree = "<group>"; };
		CA9C1AFE2A9F79CC005FBA8D /* ProfileViewController.swift */ = {isa = PBXFileReference; lastKnownFileType = sourcecode.swift; path = ProfileViewController.swift; sourceTree = "<group>"; };
		CA9C1B002A9F79ED005FBA8D /* CatalogViewController.swift */ = {isa = PBXFileReference; lastKnownFileType = sourcecode.swift; path = CatalogViewController.swift; sourceTree = "<group>"; };
		CA9C1B022A9F7A2F005FBA8D /* CartViewController.swift */ = {isa = PBXFileReference; lastKnownFileType = sourcecode.swift; path = CartViewController.swift; sourceTree = "<group>"; };
		CA9C1B042A9F7A4E005FBA8D /* StatisticViewController.swift */ = {isa = PBXFileReference; lastKnownFileType = sourcecode.swift; path = StatisticViewController.swift; sourceTree = "<group>"; };
		CE27B4982AB2104D00FF4E5D /* UIBlockingProgressHUD.swift */ = {isa = PBXFileReference; lastKnownFileType = sourcecode.swift; path = UIBlockingProgressHUD.swift; sourceTree = "<group>"; };
		CE2E5D1F2AAB5C88003FECAE /* CartRouter.swift */ = {isa = PBXFileReference; lastKnownFileType = sourcecode.swift; path = CartRouter.swift; sourceTree = "<group>"; };
		CE32D8C02AC4A48D00B36F22 /* Декомпозиция эпика Корзина.md */ = {isa = PBXFileReference; lastKnownFileType = net.daringfireball.markdown; path = "Декомпозиция эпика Корзина.md"; sourceTree = "<group>"; };
		CE4C5EC92AAB794D00245B10 /* NFTInfoModel.swift */ = {isa = PBXFileReference; lastKnownFileType = sourcecode.swift; path = NFTInfoModel.swift; sourceTree = "<group>"; };
		CE4C5ECB2AAB8E5100245B10 /* Extension String.swift */ = {isa = PBXFileReference; lastKnownFileType = sourcecode.swift; path = "Extension String.swift"; sourceTree = "<group>"; };
		CE4C5ECD2AAF42F100245B10 /* PaymentViewModel.swift */ = {isa = PBXFileReference; lastKnownFileType = sourcecode.swift; path = PaymentViewModel.swift; sourceTree = "<group>"; };
		CE4C5ED02AAF513C00245B10 /* CurrencyModel.swift */ = {isa = PBXFileReference; lastKnownFileType = sourcecode.swift; path = CurrencyModel.swift; sourceTree = "<group>"; };
		CE6522132AB0661200738BAD /* FavouritesNftViewModel.swift */ = {isa = PBXFileReference; lastKnownFileType = sourcecode.swift; path = FavouritesNftViewModel.swift; sourceTree = "<group>"; };
		CE652EC02ABDCF03003F25B4 /* DevelopersViewController.swift */ = {isa = PBXFileReference; lastKnownFileType = sourcecode.swift; path = DevelopersViewController.swift; sourceTree = "<group>"; };
		CE652EC22ABDD028003F25B4 /* DevelopersTableViewCell.swift */ = {isa = PBXFileReference; lastKnownFileType = sourcecode.swift; path = DevelopersTableViewCell.swift; sourceTree = "<group>"; };
		CE652EC42ABDFD5D003F25B4 /* DevelopersView.swift */ = {isa = PBXFileReference; lastKnownFileType = sourcecode.swift; path = DevelopersView.swift; sourceTree = "<group>"; };
		CE652EC62ABE2404003F25B4 /* DevelopersViewModel.swift */ = {isa = PBXFileReference; lastKnownFileType = sourcecode.swift; path = DevelopersViewModel.swift; sourceTree = "<group>"; };
		CE67F6E22AAF250400466CA4 /* MyNftViewModel.swift */ = {isa = PBXFileReference; lastKnownFileType = sourcecode.swift; path = MyNftViewModel.swift; sourceTree = "<group>"; };
		CE67F6E42AAF2B3E00466CA4 /* Nft.swift */ = {isa = PBXFileReference; lastKnownFileType = sourcecode.swift; path = Nft.swift; sourceTree = "<group>"; };
		CE67F6E62AAF8C0600466CA4 /* NftDTO.swift */ = {isa = PBXFileReference; lastKnownFileType = sourcecode.swift; path = NftDTO.swift; sourceTree = "<group>"; };
		CE68BA8D2A9F9C1700488E47 /* CartCell.swift */ = {isa = PBXFileReference; lastKnownFileType = sourcecode.swift; path = CartCell.swift; sourceTree = "<group>"; };
		CE68BA902A9F9C4E00488E47 /* Extension View.swift */ = {isa = PBXFileReference; lastKnownFileType = sourcecode.swift; path = "Extension View.swift"; sourceTree = "<group>"; };
		CE68BA922A9FA28F00488E47 /* NFTModel.swift */ = {isa = PBXFileReference; lastKnownFileType = sourcecode.swift; path = NFTModel.swift; sourceTree = "<group>"; };
		CE68BA942A9FA5E500488E47 /* CartViewModel.swift */ = {isa = PBXFileReference; lastKnownFileType = sourcecode.swift; path = CartViewModel.swift; sourceTree = "<group>"; };
		CE68BA962A9FDACE00488E47 /* Observable.swift */ = {isa = PBXFileReference; lastKnownFileType = sourcecode.swift; path = Observable.swift; sourceTree = "<group>"; };
		CE68BA982AA0B48B00488E47 /* PaymentChoiceViewController.swift */ = {isa = PBXFileReference; lastKnownFileType = sourcecode.swift; path = PaymentChoiceViewController.swift; sourceTree = "<group>"; };
		CE68BA9A2AA0B6B400488E47 /* PaymentChoiceCell.swift */ = {isa = PBXFileReference; lastKnownFileType = sourcecode.swift; path = PaymentChoiceCell.swift; sourceTree = "<group>"; };
		CE68BA9C2AA0C0AD00488E47 /* MockNFTModel.swift */ = {isa = PBXFileReference; lastKnownFileType = sourcecode.swift; path = MockNFTModel.swift; sourceTree = "<group>"; };
		CE68BA9E2AA0E05200488E47 /* OrderModel.swift */ = {isa = PBXFileReference; lastKnownFileType = sourcecode.swift; path = OrderModel.swift; sourceTree = "<group>"; };
		CE68BAA02AA0E0BD00488E47 /* CartLoadService.swift */ = {isa = PBXFileReference; lastKnownFileType = sourcecode.swift; path = CartLoadService.swift; sourceTree = "<group>"; };
		CE68BAA32AA0E5EB00488E47 /* PaymentMethod.swift */ = {isa = PBXFileReference; lastKnownFileType = sourcecode.swift; path = PaymentMethod.swift; sourceTree = "<group>"; };
		CE68BAA52AA1035500488E47 /* PurchaseResultViewController.swift */ = {isa = PBXFileReference; lastKnownFileType = sourcecode.swift; path = PurchaseResultViewController.swift; sourceTree = "<group>"; };
		CE68BAAA2AA4B57C00488E47 /* WebViewController.swift */ = {isa = PBXFileReference; lastKnownFileType = sourcecode.swift; path = WebViewController.swift; sourceTree = "<group>"; };
		CE6B0EF82AAB386A007117FF /* ProfileViewModel.swift */ = {isa = PBXFileReference; lastKnownFileType = sourcecode.swift; path = ProfileViewModel.swift; sourceTree = "<group>"; };
		CE6B0EFB2AAB500A007117FF /* SettingsStorage.swift */ = {isa = PBXFileReference; lastKnownFileType = sourcecode.swift; path = SettingsStorage.swift; sourceTree = "<group>"; };
		CE6B0EFE2AAB7847007117FF /* WebView.swift */ = {isa = PBXFileReference; lastKnownFileType = sourcecode.swift; path = WebView.swift; sourceTree = "<group>"; };
		CE6B0F002AAB8524007117FF /* EditProfileViewModel.swift */ = {isa = PBXFileReference; lastKnownFileType = sourcecode.swift; path = EditProfileViewModel.swift; sourceTree = "<group>"; };
		CE6B0F8B2AC04ACE00035988 /* DevelopersModel.swift */ = {isa = PBXFileReference; lastKnownFileType = sourcecode.swift; path = DevelopersModel.swift; sourceTree = "<group>"; };
		CE742A502AA5C8BC008E7AE9 /* MyNftViewController.swift */ = {isa = PBXFileReference; lastKnownFileType = sourcecode.swift; path = MyNftViewController.swift; sourceTree = "<group>"; };
		CE742A522AA5F182008E7AE9 /* MyNftTableViewCell.swift */ = {isa = PBXFileReference; lastKnownFileType = sourcecode.swift; path = MyNftTableViewCell.swift; sourceTree = "<group>"; };
		CE742A542AA5F3FD008E7AE9 /* NftAvatarView.swift */ = {isa = PBXFileReference; lastKnownFileType = sourcecode.swift; path = NftAvatarView.swift; sourceTree = "<group>"; };
		CE742A562AA608AC008E7AE9 /* RatingView.swift */ = {isa = PBXFileReference; lastKnownFileType = sourcecode.swift; path = RatingView.swift; sourceTree = "<group>"; };
		CE742A592AA65DAA008E7AE9 /* MockNft.swift */ = {isa = PBXFileReference; lastKnownFileType = sourcecode.swift; path = MockNft.swift; sourceTree = "<group>"; };
		CE7E26392AA7490C00D8623E /* FavoritesNFTViewController.swift */ = {isa = PBXFileReference; lastKnownFileType = sourcecode.swift; path = FavoritesNFTViewController.swift; sourceTree = "<group>"; };
		CE7E263B2AA74FAD00D8623E /* FavoritesNFTCollectionViewCell.swift */ = {isa = PBXFileReference; lastKnownFileType = sourcecode.swift; path = FavoritesNFTCollectionViewCell.swift; sourceTree = "<group>"; };
		CE7E263D2AA7687A00D8623E /* EditProfileViewController.swift */ = {isa = PBXFileReference; lastKnownFileType = sourcecode.swift; path = EditProfileViewController.swift; sourceTree = "<group>"; };
		CE7E26422AA8B68600D8623E /* NftAvatarViewModel.swift */ = {isa = PBXFileReference; lastKnownFileType = sourcecode.swift; path = NftAvatarViewModel.swift; sourceTree = "<group>"; };
		CE86BAB22AA50AAB0051DB5E /* ProfileVCTableViewCell.swift */ = {isa = PBXFileReference; lastKnownFileType = sourcecode.swift; path = ProfileVCTableViewCell.swift; sourceTree = "<group>"; };
		CEDF7A672AB09FE2009FD8DA /* PaymentStatus.swift */ = {isa = PBXFileReference; lastKnownFileType = sourcecode.swift; path = PaymentStatus.swift; sourceTree = "<group>"; };
		CEDF7A692AB0B8B5009FD8DA /* PaymentCurrencyModel.swift */ = {isa = PBXFileReference; lastKnownFileType = sourcecode.swift; path = PaymentCurrencyModel.swift; sourceTree = "<group>"; };
		CEFF4DF42AA9F61F00785AB0 /* Profile.swift */ = {isa = PBXFileReference; lastKnownFileType = sourcecode.swift; path = Profile.swift; sourceTree = "<group>"; };
		CEFF4DFA2AAA005800785AB0 /* profileDecomposition.md */ = {isa = PBXFileReference; fileEncoding = 4; lastKnownFileType = net.daringfireball.markdown; path = profileDecomposition.md; sourceTree = "<group>"; };
		CEFF4DFC2AAA022500785AB0 /* Декомпозиция ред. профиля.md */ = {isa = PBXFileReference; lastKnownFileType = net.daringfireball.markdown; path = "Декомпозиция ред. профиля.md"; sourceTree = "<group>"; };
		CEFF4DFD2AAA483D00785AB0 /* ProfileService.swift */ = {isa = PBXFileReference; lastKnownFileType = sourcecode.swift; path = ProfileService.swift; sourceTree = "<group>"; };
		CEFF4DFF2AAA64E100785AB0 /* UploadProfileModel.swift */ = {isa = PBXFileReference; lastKnownFileType = sourcecode.swift; path = UploadProfileModel.swift; sourceTree = "<group>"; };
/* End PBXFileReference section */

/* Begin PBXFrameworksBuildPhase section */
		3F68069029CBBAF100B4F915 /* Frameworks */ = {
			isa = PBXFrameworksBuildPhase;
			buildActionMask = 2147483647;
			files = (
				3F603CD029DB4A74000C43D7 /* Kingfisher in Frameworks */,
				3F603CCD29DB4A53000C43D7 /* ProgressHUD in Frameworks */,
			);
			runOnlyForDeploymentPostprocessing = 0;
		};
		3F6806A629CBBAF200B4F915 /* Frameworks */ = {
			isa = PBXFrameworksBuildPhase;
			buildActionMask = 2147483647;
			files = (
			);
			runOnlyForDeploymentPostprocessing = 0;
		};
		3F6806B029CBBAF200B4F915 /* Frameworks */ = {
			isa = PBXFrameworksBuildPhase;
			buildActionMask = 2147483647;
			files = (
			);
			runOnlyForDeploymentPostprocessing = 0;
		};
/* End PBXFrameworksBuildPhase section */

/* Begin PBXGroup section */
		3F478ECD29DB473000F6D39E /* DesignSystem */ = {
			isa = PBXGroup;
			children = (
				3F478ECE29DB474E00F6D39E /* Colors.swift */,
				3F478ED029DB476500F6D39E /* Fonts.swift */,
			);
			path = DesignSystem;
			sourceTree = "<group>";
		};
		3F68068A29CBBAF100B4F915 = {
			isa = PBXGroup;
			children = (
				CEFF4DFA2AAA005800785AB0 /* profileDecomposition.md */,
				CEFF4DFC2AAA022500785AB0 /* Декомпозиция ред. профиля.md */,
				CE32D8C02AC4A48D00B36F22 /* Декомпозиция эпика Корзина.md */,
				CA9C1AFA2A9F60D9005FBA8D /* .swiftlint.yml */,
				3F68069629CBBAF100B4F915 /* AppDelegate.swift */,
				3F68069829CBBAF100B4F915 /* SceneDelegate.swift */,
				3F68069529CBBAF100B4F915 /* FakeNFT */,
				3F6806B629CBBAF200B4F915 /* FakeNFTUITests */,
				3F68069429CBBAF100B4F915 /* Products */,
			);
			sourceTree = "<group>";
		};
		3F68069429CBBAF100B4F915 /* Products */ = {
			isa = PBXGroup;
			children = (
				3F68069329CBBAF100B4F915 /* FakeNFT.app */,
				3F6806A929CBBAF200B4F915 /* FakeNFTTests.xctest */,
				3F6806B329CBBAF200B4F915 /* FakeNFTUITests.xctest */,
			);
			name = Products;
			sourceTree = "<group>";
		};
		3F68069529CBBAF100B4F915 /* FakeNFT */ = {
			isa = PBXGroup;
			children = (
				3F6806C929CBBCAF00B4F915 /* Models */,
				CE68BA8F2A9F9C4100488E47 /* Helpers */,
				3F478ECD29DB473000F6D39E /* DesignSystem */,
				3F6806CE29CBBD1B00B4F915 /* Foundation */,
				3F6806C729CBBC5B00B4F915 /* Scenes  */,
				3F6806C629CBBC4E00B4F915 /* Services */,
				3F68069F29CBBAF200B4F915 /* Assets.xcassets */,
				3F6806A129CBBAF200B4F915 /* LaunchScreen.storyboard */,
				3F6806A429CBBAF200B4F915 /* Info.plist */,
				CA9C1AFC2A9F62B4005FBA8D /* TabBarViewController.swift */,
				CA9C1B002A9F79ED005FBA8D /* CatalogViewController.swift */,
				CA9C1B042A9F7A4E005FBA8D /* StatisticViewController.swift */,
			);
			path = FakeNFT;
			sourceTree = "<group>";
		};
		3F6806AC29CBBAF200B4F915 /* FakeNFTTests */ = {
			isa = PBXGroup;
			children = (
				3F6806AD29CBBAF200B4F915 /* FakeNftApiTests.swift */,
			);
			path = FakeNFTTests;
			sourceTree = "<group>";
		};
		3F6806B629CBBAF200B4F915 /* FakeNFTUITests */ = {
			isa = PBXGroup;
			children = (
				3F6806B729CBBAF200B4F915 /* FakeNFTUITests.swift */,
				3F6806AC29CBBAF200B4F915 /* FakeNFTTests */,
			);
			path = FakeNFTUITests;
			sourceTree = "<group>";
		};
		3F6806C629CBBC4E00B4F915 /* Services */ = {
			isa = PBXGroup;
			children = (
				CE6B0EFA2AAB4FE5007117FF /* Settings */,
				CEFF4DFD2AAA483D00785AB0 /* ProfileService.swift */,
				3FC8C38F29D245250081F015 /* Requests */,
			);
			path = Services;
			sourceTree = "<group>";
		};
		3F6806C729CBBC5B00B4F915 /* Scenes  */ = {
			isa = PBXGroup;
			children = (
				CE6B0EFD2AAB782D007117FF /* WebView */,
				CE742A4B2AA5C754008E7AE9 /* Profile */,
				CE68BA892A9F9B6600488E47 /* Cart */,
				3F6806C829CBBC8100B4F915 /* ProductDetails */,
			);
			path = "Scenes ";
			sourceTree = "<group>";
		};
		3F6806C829CBBC8100B4F915 /* ProductDetails */ = {
			isa = PBXGroup;
			children = (
				3F68069A29CBBAF100B4F915 /* ProductDetailsTableViewController.swift */,
				3FC8C38A29D242E90081F015 /* ProductDetailsTableViewCell.swift */,
			);
			path = ProductDetails;
			sourceTree = "<group>";
		};
		3F6806C929CBBCAF00B4F915 /* Models */ = {
			isa = PBXGroup;
			children = (
				CE67F6E42AAF2B3E00466CA4 /* Nft.swift */,
				CE67F6E62AAF8C0600466CA4 /* NftDTO.swift */,
				CE742A592AA65DAA008E7AE9 /* MockNft.swift */,
				CEFF4DFF2AAA64E100785AB0 /* UploadProfileModel.swift */,
				CEFF4DF42AA9F61F00785AB0 /* Profile.swift */,
				3F6806D829CC979D00B4F915 /* Network */,
			);
			path = Models;
			sourceTree = "<group>";
		};
		3F6806CE29CBBD1B00B4F915 /* Foundation */ = {
			isa = PBXGroup;
			children = (
				3F6806CF29CBBDB100B4F915 /* NetworkClient */,
				3F6806D629CBC50A00B4F915 /* CellsReusingUtils.swift */,
				3FC8C39229D246BA0081F015 /* DateFormatters+Presets.swift */,
			);
			path = Foundation;
			sourceTree = "<group>";
		};
		3F6806CF29CBBDB100B4F915 /* NetworkClient */ = {
			isa = PBXGroup;
			children = (
				3F6806D029CBBE6B00B4F915 /* NetworkClient.swift */,
				3F6806D229CBBE9600B4F915 /* NetworkRequest.swift */,
				3F6806D429CBBEC700B4F915 /* NetworkTask.swift */,
			);
			path = NetworkClient;
			sourceTree = "<group>";
		};
		3F6806D829CC979D00B4F915 /* Network */ = {
			isa = PBXGroup;
			children = (
				3F6806CA29CBBCC700B4F915 /* ExampleNetworkModel.swift */,
			);
			path = Network;
			sourceTree = "<group>";
		};
		3FC8C38F29D245250081F015 /* Requests */ = {
			isa = PBXGroup;
			children = (
				3FC8C39029D2453B0081F015 /* ExampleRequest.swift */,
			);
			path = Requests;
			sourceTree = "<group>";
		};
		CE652EBF2ABDCECC003F25B4 /* Developers */ = {
			isa = PBXGroup;
			children = (
				CE652EC02ABDCF03003F25B4 /* DevelopersViewController.swift */,
				CE652EC62ABE2404003F25B4 /* DevelopersViewModel.swift */,
				CE6B0F8B2AC04ACE00035988 /* DevelopersModel.swift */,
				CE652EC42ABDFD5D003F25B4 /* DevelopersView.swift */,
				CE652EC22ABDD028003F25B4 /* DevelopersTableViewCell.swift */,
			);
			path = Developers;
			sourceTree = "<group>";
		};
		CE68BA892A9F9B6600488E47 /* Cart */ = {
			isa = PBXGroup;
			children = (
				CE68BAA22AA0E5D900488E47 /* Enum */,
				CEDF7A612AB09CD1009FD8DA /* Cart */,
				CEDF7A652AB09D0F009FD8DA /* Payment */,
				CE68BA8A2A9F9B9400488E47 /* PurchaseResult */,
				CE68BAA92AA4B55900488E47 /* Cell */,
			);
			path = Cart;
			sourceTree = "<group>";
		};
		CE68BA8A2A9F9B9400488E47 /* PurchaseResult */ = {
			isa = PBXGroup;
			children = (
				CE68BAA52AA1035500488E47 /* PurchaseResultViewController.swift */,
				CE68BAAA2AA4B57C00488E47 /* WebViewController.swift */,
			);
			path = PurchaseResult;
			sourceTree = "<group>";
		};
		CE68BA8B2A9F9B9E00488E47 /* ViewModel */ = {
			isa = PBXGroup;
			children = (
				CE4C5ECD2AAF42F100245B10 /* PaymentViewModel.swift */,
			);
			path = ViewModel;
			sourceTree = "<group>";
		};
		CE68BA8C2A9F9BA900488E47 /* Model */ = {
			isa = PBXGroup;
			children = (
				CE4C5ED02AAF513C00245B10 /* CurrencyModel.swift */,
				CEDF7A692AB0B8B5009FD8DA /* PaymentCurrencyModel.swift */,
			);
			path = Model;
			sourceTree = "<group>";
		};
		CE68BA8F2A9F9C4100488E47 /* Helpers */ = {
			isa = PBXGroup;
			children = (
				CE68BA902A9F9C4E00488E47 /* Extension View.swift */,
				CE4C5ECB2AAB8E5100245B10 /* Extension String.swift */,
				CE68BA962A9FDACE00488E47 /* Observable.swift */,
				CE27B4982AB2104D00FF4E5D /* UIBlockingProgressHUD.swift */,
			);
			path = Helpers;
			sourceTree = "<group>";
		};
		CE68BAA22AA0E5D900488E47 /* Enum */ = {
			isa = PBXGroup;
			children = (
				CE68BAA32AA0E5EB00488E47 /* PaymentMethod.swift */,
				CEDF7A672AB09FE2009FD8DA /* PaymentStatus.swift */,
			);
			path = Enum;
			sourceTree = "<group>";
		};
		CE68BAA92AA4B55900488E47 /* Cell */ = {
			isa = PBXGroup;
			children = (
				CE68BA9A2AA0B6B400488E47 /* PaymentChoiceCell.swift */,
				CE68BA8D2A9F9C1700488E47 /* CartCell.swift */,
			);
			path = Cell;
			sourceTree = "<group>";
		};
		CE6B0EFA2AAB4FE5007117FF /* Settings */ = {
			isa = PBXGroup;
			children = (
				CE6B0EFB2AAB500A007117FF /* SettingsStorage.swift */,
			);
			path = Settings;
			sourceTree = "<group>";
		};
		CE6B0EFD2AAB782D007117FF /* WebView */ = {
			isa = PBXGroup;
			children = (
				CE6B0EFE2AAB7847007117FF /* WebView.swift */,
			);
			path = WebView;
			sourceTree = "<group>";
		};
		CE742A4B2AA5C754008E7AE9 /* Profile */ = {
			isa = PBXGroup;
			children = (
				CE652EBF2ABDCECC003F25B4 /* Developers */,
				CE742A4C2AA5C806008E7AE9 /* Profile */,
				CE742A4F2AA5C886008E7AE9 /* MyNFT */,
				CE742A4E2AA5C839008E7AE9 /* FavoritesNFT */,
				CE742A4D2AA5C81E008E7AE9 /* EditProfile */,
			);
			path = Profile;
			sourceTree = "<group>";
		};
		CE742A4C2AA5C806008E7AE9 /* Profile */ = {
			isa = PBXGroup;
			children = (
				CA9C1AFE2A9F79CC005FBA8D /* ProfileViewController.swift */,
				CE6B0EF82AAB386A007117FF /* ProfileViewModel.swift */,
				CE86BAB22AA50AAB0051DB5E /* ProfileVCTableViewCell.swift */,
				CE7E26422AA8B68600D8623E /* NftAvatarViewModel.swift */,
				CE742A542AA5F3FD008E7AE9 /* NftAvatarView.swift */,
				CE742A562AA608AC008E7AE9 /* RatingView.swift */,
			);
			path = Profile;
			sourceTree = "<group>";
		};
		CE742A4D2AA5C81E008E7AE9 /* EditProfile */ = {
			isa = PBXGroup;
			children = (
				CE7E263D2AA7687A00D8623E /* EditProfileViewController.swift */,
				CE6B0F002AAB8524007117FF /* EditProfileViewModel.swift */,
			);
			path = EditProfile;
			sourceTree = "<group>";
		};
		CE742A4E2AA5C839008E7AE9 /* FavoritesNFT */ = {
			isa = PBXGroup;
			children = (
				CE7E26392AA7490C00D8623E /* FavoritesNFTViewController.swift */,
				CE6522132AB0661200738BAD /* FavouritesNftViewModel.swift */,
				CE7E263B2AA74FAD00D8623E /* FavoritesNFTCollectionViewCell.swift */,
			);
			path = FavoritesNFT;
			sourceTree = "<group>";
		};
		CE742A4F2AA5C886008E7AE9 /* MyNFT */ = {
			isa = PBXGroup;
			children = (
				CE742A502AA5C8BC008E7AE9 /* MyNftViewController.swift */,
				CE67F6E22AAF250400466CA4 /* MyNftViewModel.swift */,
				CE742A522AA5F182008E7AE9 /* MyNftTableViewCell.swift */,
			);
			path = MyNFT;
			sourceTree = "<group>";
		};
		CEDF7A612AB09CD1009FD8DA /* Cart */ = {
			isa = PBXGroup;
			children = (
				CEDF7A642AB09CED009FD8DA /* View */,
				CEDF7A632AB09CE5009FD8DA /* ViewModel */,
				CEDF7A622AB09CDF009FD8DA /* Model */,
			);
			path = Cart;
			sourceTree = "<group>";
		};
		CEDF7A622AB09CDF009FD8DA /* Model */ = {
			isa = PBXGroup;
			children = (
				CE68BA9C2AA0C0AD00488E47 /* MockNFTModel.swift */,
				CE4C5EC92AAB794D00245B10 /* NFTInfoModel.swift */,
				CE68BA922A9FA28F00488E47 /* NFTModel.swift */,
				CE68BA9E2AA0E05200488E47 /* OrderModel.swift */,
				CE68BAA02AA0E0BD00488E47 /* CartLoadService.swift */,
			);
			path = Model;
			sourceTree = "<group>";
		};
		CEDF7A632AB09CE5009FD8DA /* ViewModel */ = {
			isa = PBXGroup;
			children = (
				CE68BA942A9FA5E500488E47 /* CartViewModel.swift */,
				CE2E5D1F2AAB5C88003FECAE /* CartRouter.swift */,
			);
			path = ViewModel;
			sourceTree = "<group>";
		};
		CEDF7A642AB09CED009FD8DA /* View */ = {
			isa = PBXGroup;
			children = (
				CA9C1B022A9F7A2F005FBA8D /* CartViewController.swift */,
			);
			path = View;
			sourceTree = "<group>";
		};
		CEDF7A652AB09D0F009FD8DA /* Payment */ = {
			isa = PBXGroup;
			children = (
				CEDF7A662AB09D25009FD8DA /* View */,
				CE68BA8B2A9F9B9E00488E47 /* ViewModel */,
				CE68BA8C2A9F9BA900488E47 /* Model */,
			);
			path = Payment;
			sourceTree = "<group>";
		};
		CEDF7A662AB09D25009FD8DA /* View */ = {
			isa = PBXGroup;
			children = (
				CE68BA982AA0B48B00488E47 /* PaymentChoiceViewController.swift */,
			);
			path = View;
			sourceTree = "<group>";
		};
/* End PBXGroup section */

/* Begin PBXNativeTarget section */
		3F68069229CBBAF100B4F915 /* FakeNFT */ = {
			isa = PBXNativeTarget;
			buildConfigurationList = 3F6806BD29CBBAF200B4F915 /* Build configuration list for PBXNativeTarget "FakeNFT" */;
			buildPhases = (
				3FC8C39529D24CDB0081F015 /* Swiftlint */,
				3F68068F29CBBAF100B4F915 /* Sources */,
				3F68069029CBBAF100B4F915 /* Frameworks */,
				3F68069129CBBAF100B4F915 /* Resources */,
			);
			buildRules = (
			);
			dependencies = (
			);
			name = FakeNFT;
			packageProductDependencies = (
				3F603CCC29DB4A53000C43D7 /* ProgressHUD */,
				3F603CCF29DB4A74000C43D7 /* Kingfisher */,
			);
			productName = FakeNFT;
			productReference = 3F68069329CBBAF100B4F915 /* FakeNFT.app */;
			productType = "com.apple.product-type.application";
		};
		3F6806A829CBBAF200B4F915 /* FakeNFTTests */ = {
			isa = PBXNativeTarget;
			buildConfigurationList = 3F6806C029CBBAF200B4F915 /* Build configuration list for PBXNativeTarget "FakeNFTTests" */;
			buildPhases = (
				3F6806A529CBBAF200B4F915 /* Sources */,
				3F6806A629CBBAF200B4F915 /* Frameworks */,
				3F6806A729CBBAF200B4F915 /* Resources */,
			);
			buildRules = (
			);
			dependencies = (
				3F6806AB29CBBAF200B4F915 /* PBXTargetDependency */,
			);
			name = FakeNFTTests;
			productName = FakeNFTTests;
			productReference = 3F6806A929CBBAF200B4F915 /* FakeNFTTests.xctest */;
			productType = "com.apple.product-type.bundle.unit-test";
		};
		3F6806B229CBBAF200B4F915 /* FakeNFTUITests */ = {
			isa = PBXNativeTarget;
			buildConfigurationList = 3F6806C329CBBAF200B4F915 /* Build configuration list for PBXNativeTarget "FakeNFTUITests" */;
			buildPhases = (
				3F6806AF29CBBAF200B4F915 /* Sources */,
				3F6806B029CBBAF200B4F915 /* Frameworks */,
				3F6806B129CBBAF200B4F915 /* Resources */,
			);
			buildRules = (
			);
			dependencies = (
				3F6806B529CBBAF200B4F915 /* PBXTargetDependency */,
			);
			name = FakeNFTUITests;
			productName = FakeNFTUITests;
			productReference = 3F6806B329CBBAF200B4F915 /* FakeNFTUITests.xctest */;
			productType = "com.apple.product-type.bundle.ui-testing";
		};
/* End PBXNativeTarget section */

/* Begin PBXProject section */
		3F68068B29CBBAF100B4F915 /* Project object */ = {
			isa = PBXProject;
			attributes = {
				BuildIndependentTargetsInParallel = 1;
				LastSwiftUpdateCheck = 1420;
				LastUpgradeCheck = 1420;
				TargetAttributes = {
					3F68069229CBBAF100B4F915 = {
						CreatedOnToolsVersion = 14.2;
					};
					3F6806A829CBBAF200B4F915 = {
						CreatedOnToolsVersion = 14.2;
						TestTargetID = 3F68069229CBBAF100B4F915;
					};
					3F6806B229CBBAF200B4F915 = {
						CreatedOnToolsVersion = 14.2;
						TestTargetID = 3F68069229CBBAF100B4F915;
					};
				};
			};
			buildConfigurationList = 3F68068E29CBBAF100B4F915 /* Build configuration list for PBXProject "FakeNFT" */;
			compatibilityVersion = "Xcode 14.0";
			developmentRegion = en;
			hasScannedForEncodings = 0;
			knownRegions = (
				en,
				Base,
			);
			mainGroup = 3F68068A29CBBAF100B4F915;
			packageReferences = (
				3F603CCB29DB4A53000C43D7 /* XCRemoteSwiftPackageReference "ProgressHUD" */,
				3F603CCE29DB4A74000C43D7 /* XCRemoteSwiftPackageReference "Kingfisher" */,
			);
			productRefGroup = 3F68069429CBBAF100B4F915 /* Products */;
			projectDirPath = "";
			projectRoot = "";
			targets = (
				3F68069229CBBAF100B4F915 /* FakeNFT */,
				3F6806A829CBBAF200B4F915 /* FakeNFTTests */,
				3F6806B229CBBAF200B4F915 /* FakeNFTUITests */,
			);
		};
/* End PBXProject section */

/* Begin PBXResourcesBuildPhase section */
		3F68069129CBBAF100B4F915 /* Resources */ = {
			isa = PBXResourcesBuildPhase;
			buildActionMask = 2147483647;
			files = (
				CEFF4DFB2AAA005800785AB0 /* profileDecomposition.md in Resources */,
				CA9C1AFB2A9F60D9005FBA8D /* .swiftlint.yml in Resources */,
				3F6806A329CBBAF200B4F915 /* LaunchScreen.storyboard in Resources */,
				3F6806A029CBBAF200B4F915 /* Assets.xcassets in Resources */,
			);
			runOnlyForDeploymentPostprocessing = 0;
		};
		3F6806A729CBBAF200B4F915 /* Resources */ = {
			isa = PBXResourcesBuildPhase;
			buildActionMask = 2147483647;
			files = (
			);
			runOnlyForDeploymentPostprocessing = 0;
		};
		3F6806B129CBBAF200B4F915 /* Resources */ = {
			isa = PBXResourcesBuildPhase;
			buildActionMask = 2147483647;
			files = (
			);
			runOnlyForDeploymentPostprocessing = 0;
		};
/* End PBXResourcesBuildPhase section */

/* Begin PBXShellScriptBuildPhase section */
		3FC8C39529D24CDB0081F015 /* Swiftlint */ = {
			isa = PBXShellScriptBuildPhase;
			buildActionMask = 2147483647;
			files = (
			);
			inputFileListPaths = (
			);
			inputPaths = (
			);
			name = Swiftlint;
			outputFileListPaths = (
			);
			outputPaths = (
			);
			runOnlyForDeploymentPostprocessing = 0;
			shellPath = /bin/sh;
			shellScript = "export PATH=\"$PATH:/opt/homebrew/bin\"\nif which swiftlint > /dev/null; then\n  swiftlint --fix && swiftlint\nelse\n  echo \"warning: SwiftLint not installed, download from https://github.com/realm/SwiftLint\"\nfi\n";
		};
/* End PBXShellScriptBuildPhase section */

/* Begin PBXSourcesBuildPhase section */
		3F68068F29CBBAF100B4F915 /* Sources */ = {
			isa = PBXSourcesBuildPhase;
			buildActionMask = 2147483647;
			files = (
				CE68BAA62AA1035500488E47 /* PurchaseResultViewController.swift in Sources */,
				CA9C1B012A9F79ED005FBA8D /* CatalogViewController.swift in Sources */,
				3FC8C38B29D242E90081F015 /* ProductDetailsTableViewCell.swift in Sources */,
				CE652EC32ABDD028003F25B4 /* DevelopersTableViewCell.swift in Sources */,
				CE7E26432AA8B68600D8623E /* NftAvatarViewModel.swift in Sources */,
				CE6B0F8C2AC04ACE00035988 /* DevelopersModel.swift in Sources */,
				CE742A5A2AA65DAA008E7AE9 /* MockNft.swift in Sources */,
				CE652EC12ABDCF03003F25B4 /* DevelopersViewController.swift in Sources */,
				CE67F6E32AAF250400466CA4 /* MyNftViewModel.swift in Sources */,
				3F478ECF29DB474E00F6D39E /* Colors.swift in Sources */,
				CE6B0EFF2AAB7847007117FF /* WebView.swift in Sources */,
				CE67F6E52AAF2B3E00466CA4 /* Nft.swift in Sources */,
				CE6B0EFC2AAB500A007117FF /* SettingsStorage.swift in Sources */,
				CEFF4DFE2AAA483D00785AB0 /* ProfileService.swift in Sources */,
				CE652EC72ABE2404003F25B4 /* DevelopersViewModel.swift in Sources */,
				CE68BA912A9F9C4E00488E47 /* Extension View.swift in Sources */,
				3F478ED129DB476500F6D39E /* Fonts.swift in Sources */,
				3FC8C39329D246BA0081F015 /* DateFormatters+Presets.swift in Sources */,
				CEFF4E002AAA64E100785AB0 /* UploadProfileModel.swift in Sources */,
				CE652EC52ABDFD5D003F25B4 /* DevelopersView.swift in Sources */,
				CEFF4DF52AA9F61F00785AB0 /* Profile.swift in Sources */,
				CE742A532AA5F182008E7AE9 /* MyNftTableViewCell.swift in Sources */,
				3F68069B29CBBAF100B4F915 /* ProductDetailsTableViewController.swift in Sources */,
				CE742A572AA608AC008E7AE9 /* RatingView.swift in Sources */,
				CE7E263A2AA7490C00D8623E /* FavoritesNFTViewController.swift in Sources */,
				CE6522142AB0661200738BAD /* FavouritesNftViewModel.swift in Sources */,
				3F6806D529CBBEC700B4F915 /* NetworkTask.swift in Sources */,
				CE4C5ECE2AAF42F100245B10 /* PaymentViewModel.swift in Sources */,
				3F68069729CBBAF100B4F915 /* AppDelegate.swift in Sources */,
				CE68BA9F2AA0E05200488E47 /* OrderModel.swift in Sources */,
				CE68BAA42AA0E5EB00488E47 /* PaymentMethod.swift in Sources */,
				CE68BA9B2AA0B6B400488E47 /* PaymentChoiceCell.swift in Sources */,
				CE4C5ED12AAF513C00245B10 /* CurrencyModel.swift in Sources */,
				3F68069929CBBAF100B4F915 /* SceneDelegate.swift in Sources */,
				CE742A512AA5C8BC008E7AE9 /* MyNftViewController.swift in Sources */,
				CA9C1AFD2A9F62B4005FBA8D /* TabBarViewController.swift in Sources */,
				CE742A552AA5F3FD008E7AE9 /* NftAvatarView.swift in Sources */,
				CE67F6E72AAF8C0600466CA4 /* NftDTO.swift in Sources */,
				3FC8C39129D2453B0081F015 /* ExampleRequest.swift in Sources */,
				CE6B0F012AAB8524007117FF /* EditProfileViewModel.swift in Sources */,
				CE86BAB32AA50AAB0051DB5E /* ProfileVCTableViewCell.swift in Sources */,
				CEDF7A682AB09FE2009FD8DA /* PaymentStatus.swift in Sources */,
				CE68BAAB2AA4B57C00488E47 /* WebViewController.swift in Sources */,
				CE4C5ECA2AAB794D00245B10 /* NFTInfoModel.swift in Sources */,
				CE68BA952A9FA5E500488E47 /* CartViewModel.swift in Sources */,
				CE68BA9D2AA0C0AD00488E47 /* MockNFTModel.swift in Sources */,
				CE68BA992AA0B48B00488E47 /* PaymentChoiceViewController.swift in Sources */,
				3FC8C39129D2453B0081F015 /* ExampleRequest.swift in Sources */,
				CE68BA932A9FA28F00488E47 /* NFTModel.swift in Sources */,
				3F6806D729CBC50A00B4F915 /* CellsReusingUtils.swift in Sources */,
				CE2E5D202AAB5C88003FECAE /* CartRouter.swift in Sources */,
				3F6806D329CBBE9600B4F915 /* NetworkRequest.swift in Sources */,
				CA9C1B032A9F7A2F005FBA8D /* CartViewController.swift in Sources */,
				CE7E263C2AA74FAD00D8623E /* FavoritesNFTCollectionViewCell.swift in Sources */,
				CE68BAA12AA0E0BD00488E47 /* CartLoadService.swift in Sources */,
				CA9C1AFF2A9F79CC005FBA8D /* ProfileViewController.swift in Sources */,
				CA9C1B052A9F7A4E005FBA8D /* StatisticViewController.swift in Sources */,
				CE27B4992AB2104D00FF4E5D /* UIBlockingProgressHUD.swift in Sources */,
				3F6806CB29CBBCC700B4F915 /* ExampleNetworkModel.swift in Sources */,
				CEDF7A6A2AB0B8B5009FD8DA /* PaymentCurrencyModel.swift in Sources */,
				3F6806D129CBBE6B00B4F915 /* NetworkClient.swift in Sources */,
				CE7E263E2AA7687A00D8623E /* EditProfileViewController.swift in Sources */,
				CE6B0EF92AAB386A007117FF /* ProfileViewModel.swift in Sources */,
				CE4C5ECC2AAB8E5100245B10 /* Extension String.swift in Sources */,
				CE68BA8E2A9F9C1700488E47 /* CartCell.swift in Sources */,
				CE68BA972A9FDACE00488E47 /* Observable.swift in Sources */,
			);
			runOnlyForDeploymentPostprocessing = 0;
		};
		3F6806A529CBBAF200B4F915 /* Sources */ = {
			isa = PBXSourcesBuildPhase;
			buildActionMask = 2147483647;
			files = (
				3F6806AE29CBBAF200B4F915 /* FakeNftApiTests.swift in Sources */,
			);
			runOnlyForDeploymentPostprocessing = 0;
		};
		3F6806AF29CBBAF200B4F915 /* Sources */ = {
			isa = PBXSourcesBuildPhase;
			buildActionMask = 2147483647;
			files = (
				3F6806B829CBBAF200B4F915 /* FakeNFTUITests.swift in Sources */,
			);
			runOnlyForDeploymentPostprocessing = 0;
		};
/* End PBXSourcesBuildPhase section */

/* Begin PBXTargetDependency section */
		3F6806AB29CBBAF200B4F915 /* PBXTargetDependency */ = {
			isa = PBXTargetDependency;
			target = 3F68069229CBBAF100B4F915 /* FakeNFT */;
			targetProxy = 3F6806AA29CBBAF200B4F915 /* PBXContainerItemProxy */;
		};
		3F6806B529CBBAF200B4F915 /* PBXTargetDependency */ = {
			isa = PBXTargetDependency;
			target = 3F68069229CBBAF100B4F915 /* FakeNFT */;
			targetProxy = 3F6806B429CBBAF200B4F915 /* PBXContainerItemProxy */;
		};
/* End PBXTargetDependency section */

/* Begin PBXVariantGroup section */
		3F6806A129CBBAF200B4F915 /* LaunchScreen.storyboard */ = {
			isa = PBXVariantGroup;
			children = (
				3F6806A229CBBAF200B4F915 /* Base */,
			);
			name = LaunchScreen.storyboard;
			sourceTree = "<group>";
		};
/* End PBXVariantGroup section */

/* Begin XCBuildConfiguration section */
		3F6806BB29CBBAF200B4F915 /* Debug */ = {
			isa = XCBuildConfiguration;
			buildSettings = {
				ALWAYS_SEARCH_USER_PATHS = NO;
				CLANG_ANALYZER_NONNULL = YES;
				CLANG_ANALYZER_NUMBER_OBJECT_CONVERSION = YES_AGGRESSIVE;
				CLANG_CXX_LANGUAGE_STANDARD = "gnu++20";
				CLANG_ENABLE_MODULES = YES;
				CLANG_ENABLE_OBJC_ARC = YES;
				CLANG_ENABLE_OBJC_WEAK = YES;
				CLANG_WARN_BLOCK_CAPTURE_AUTORELEASING = YES;
				CLANG_WARN_BOOL_CONVERSION = YES;
				CLANG_WARN_COMMA = YES;
				CLANG_WARN_CONSTANT_CONVERSION = YES;
				CLANG_WARN_DEPRECATED_OBJC_IMPLEMENTATIONS = YES;
				CLANG_WARN_DIRECT_OBJC_ISA_USAGE = YES_ERROR;
				CLANG_WARN_DOCUMENTATION_COMMENTS = YES;
				CLANG_WARN_EMPTY_BODY = YES;
				CLANG_WARN_ENUM_CONVERSION = YES;
				CLANG_WARN_INFINITE_RECURSION = YES;
				CLANG_WARN_INT_CONVERSION = YES;
				CLANG_WARN_NON_LITERAL_NULL_CONVERSION = YES;
				CLANG_WARN_OBJC_IMPLICIT_RETAIN_SELF = YES;
				CLANG_WARN_OBJC_LITERAL_CONVERSION = YES;
				CLANG_WARN_OBJC_ROOT_CLASS = YES_ERROR;
				CLANG_WARN_QUOTED_INCLUDE_IN_FRAMEWORK_HEADER = YES;
				CLANG_WARN_RANGE_LOOP_ANALYSIS = YES;
				CLANG_WARN_STRICT_PROTOTYPES = YES;
				CLANG_WARN_SUSPICIOUS_MOVE = YES;
				CLANG_WARN_UNGUARDED_AVAILABILITY = YES_AGGRESSIVE;
				CLANG_WARN_UNREACHABLE_CODE = YES;
				CLANG_WARN__DUPLICATE_METHOD_MATCH = YES;
				COPY_PHASE_STRIP = NO;
				DEBUG_INFORMATION_FORMAT = dwarf;
				ENABLE_STRICT_OBJC_MSGSEND = YES;
				ENABLE_TESTABILITY = YES;
				GCC_C_LANGUAGE_STANDARD = gnu11;
				GCC_DYNAMIC_NO_PIC = NO;
				GCC_NO_COMMON_BLOCKS = YES;
				GCC_OPTIMIZATION_LEVEL = 0;
				GCC_PREPROCESSOR_DEFINITIONS = (
					"DEBUG=1",
					"$(inherited)",
				);
				GCC_WARN_64_TO_32_BIT_CONVERSION = YES;
				GCC_WARN_ABOUT_RETURN_TYPE = YES_ERROR;
				GCC_WARN_UNDECLARED_SELECTOR = YES;
				GCC_WARN_UNINITIALIZED_AUTOS = YES_AGGRESSIVE;
				GCC_WARN_UNUSED_FUNCTION = YES;
				GCC_WARN_UNUSED_VARIABLE = YES;
				IPHONEOS_DEPLOYMENT_TARGET = 13.0;
				MTL_ENABLE_DEBUG_INFO = INCLUDE_SOURCE;
				MTL_FAST_MATH = YES;
				ONLY_ACTIVE_ARCH = YES;
				SDKROOT = iphoneos;
				SWIFT_ACTIVE_COMPILATION_CONDITIONS = DEBUG;
				SWIFT_OPTIMIZATION_LEVEL = "-Onone";
			};
			name = Debug;
		};
		3F6806BC29CBBAF200B4F915 /* Release */ = {
			isa = XCBuildConfiguration;
			buildSettings = {
				ALWAYS_SEARCH_USER_PATHS = NO;
				CLANG_ANALYZER_NONNULL = YES;
				CLANG_ANALYZER_NUMBER_OBJECT_CONVERSION = YES_AGGRESSIVE;
				CLANG_CXX_LANGUAGE_STANDARD = "gnu++20";
				CLANG_ENABLE_MODULES = YES;
				CLANG_ENABLE_OBJC_ARC = YES;
				CLANG_ENABLE_OBJC_WEAK = YES;
				CLANG_WARN_BLOCK_CAPTURE_AUTORELEASING = YES;
				CLANG_WARN_BOOL_CONVERSION = YES;
				CLANG_WARN_COMMA = YES;
				CLANG_WARN_CONSTANT_CONVERSION = YES;
				CLANG_WARN_DEPRECATED_OBJC_IMPLEMENTATIONS = YES;
				CLANG_WARN_DIRECT_OBJC_ISA_USAGE = YES_ERROR;
				CLANG_WARN_DOCUMENTATION_COMMENTS = YES;
				CLANG_WARN_EMPTY_BODY = YES;
				CLANG_WARN_ENUM_CONVERSION = YES;
				CLANG_WARN_INFINITE_RECURSION = YES;
				CLANG_WARN_INT_CONVERSION = YES;
				CLANG_WARN_NON_LITERAL_NULL_CONVERSION = YES;
				CLANG_WARN_OBJC_IMPLICIT_RETAIN_SELF = YES;
				CLANG_WARN_OBJC_LITERAL_CONVERSION = YES;
				CLANG_WARN_OBJC_ROOT_CLASS = YES_ERROR;
				CLANG_WARN_QUOTED_INCLUDE_IN_FRAMEWORK_HEADER = YES;
				CLANG_WARN_RANGE_LOOP_ANALYSIS = YES;
				CLANG_WARN_STRICT_PROTOTYPES = YES;
				CLANG_WARN_SUSPICIOUS_MOVE = YES;
				CLANG_WARN_UNGUARDED_AVAILABILITY = YES_AGGRESSIVE;
				CLANG_WARN_UNREACHABLE_CODE = YES;
				CLANG_WARN__DUPLICATE_METHOD_MATCH = YES;
				COPY_PHASE_STRIP = NO;
				DEBUG_INFORMATION_FORMAT = "dwarf-with-dsym";
				ENABLE_NS_ASSERTIONS = NO;
				ENABLE_STRICT_OBJC_MSGSEND = YES;
				GCC_C_LANGUAGE_STANDARD = gnu11;
				GCC_NO_COMMON_BLOCKS = YES;
				GCC_WARN_64_TO_32_BIT_CONVERSION = YES;
				GCC_WARN_ABOUT_RETURN_TYPE = YES_ERROR;
				GCC_WARN_UNDECLARED_SELECTOR = YES;
				GCC_WARN_UNINITIALIZED_AUTOS = YES_AGGRESSIVE;
				GCC_WARN_UNUSED_FUNCTION = YES;
				GCC_WARN_UNUSED_VARIABLE = YES;
				IPHONEOS_DEPLOYMENT_TARGET = 13.0;
				MTL_ENABLE_DEBUG_INFO = NO;
				MTL_FAST_MATH = YES;
				SDKROOT = iphoneos;
				SWIFT_COMPILATION_MODE = wholemodule;
				SWIFT_OPTIMIZATION_LEVEL = "-O";
				VALIDATE_PRODUCT = YES;
			};
			name = Release;
		};
		3F6806BE29CBBAF200B4F915 /* Debug */ = {
			isa = XCBuildConfiguration;
			buildSettings = {
				ASSETCATALOG_COMPILER_APPICON_NAME = AppIcon;
				ASSETCATALOG_COMPILER_GLOBAL_ACCENT_COLOR_NAME = AccentColor;
				CODE_SIGN_STYLE = Automatic;
				CURRENT_PROJECT_VERSION = 1;
				GENERATE_INFOPLIST_FILE = YES;
				INFOPLIST_FILE = FakeNFT/Info.plist;
				INFOPLIST_KEY_UIApplicationSupportsIndirectInputEvents = YES;
				INFOPLIST_KEY_UILaunchStoryboardName = LaunchScreen;
				INFOPLIST_KEY_UISupportedInterfaceOrientations_iPad = "UIInterfaceOrientationPortrait UIInterfaceOrientationPortraitUpsideDown UIInterfaceOrientationLandscapeLeft UIInterfaceOrientationLandscapeRight";
				INFOPLIST_KEY_UISupportedInterfaceOrientations_iPhone = "UIInterfaceOrientationPortrait UIInterfaceOrientationLandscapeLeft UIInterfaceOrientationLandscapeRight";
				IPHONEOS_DEPLOYMENT_TARGET = 16.0;
				LD_RUNPATH_SEARCH_PATHS = (
					"$(inherited)",
					"@executable_path/Frameworks",
				);
				MARKETING_VERSION = 1.0;
				PRODUCT_BUNDLE_IDENTIFIER = com.practicum.FakeNFT.111;
				PRODUCT_NAME = "$(TARGET_NAME)";
				SWIFT_EMIT_LOC_STRINGS = YES;
				SWIFT_VERSION = 5.0;
				TARGETED_DEVICE_FAMILY = "1,2";
			};
			name = Debug;
		};
		3F6806BF29CBBAF200B4F915 /* Release */ = {
			isa = XCBuildConfiguration;
			buildSettings = {
				ASSETCATALOG_COMPILER_APPICON_NAME = AppIcon;
				ASSETCATALOG_COMPILER_GLOBAL_ACCENT_COLOR_NAME = AccentColor;
				CODE_SIGN_STYLE = Automatic;
				CURRENT_PROJECT_VERSION = 1;
				GENERATE_INFOPLIST_FILE = YES;
				INFOPLIST_FILE = FakeNFT/Info.plist;
				INFOPLIST_KEY_UIApplicationSupportsIndirectInputEvents = YES;
				INFOPLIST_KEY_UILaunchStoryboardName = LaunchScreen;
				INFOPLIST_KEY_UISupportedInterfaceOrientations_iPad = "UIInterfaceOrientationPortrait UIInterfaceOrientationPortraitUpsideDown UIInterfaceOrientationLandscapeLeft UIInterfaceOrientationLandscapeRight";
				INFOPLIST_KEY_UISupportedInterfaceOrientations_iPhone = "UIInterfaceOrientationPortrait UIInterfaceOrientationLandscapeLeft UIInterfaceOrientationLandscapeRight";
				IPHONEOS_DEPLOYMENT_TARGET = 16.0;
				LD_RUNPATH_SEARCH_PATHS = (
					"$(inherited)",
					"@executable_path/Frameworks",
				);
				MARKETING_VERSION = 1.0;
				PRODUCT_BUNDLE_IDENTIFIER = com.practicum.FakeNFT.111;
				PRODUCT_NAME = "$(TARGET_NAME)";
				SWIFT_EMIT_LOC_STRINGS = YES;
				SWIFT_VERSION = 5.0;
				TARGETED_DEVICE_FAMILY = "1,2";
			};
			name = Release;
		};
		3F6806C129CBBAF200B4F915 /* Debug */ = {
			isa = XCBuildConfiguration;
			buildSettings = {
				ALWAYS_EMBED_SWIFT_STANDARD_LIBRARIES = YES;
				BUNDLE_LOADER = "$(TEST_HOST)";
				CODE_SIGN_STYLE = Automatic;
				CURRENT_PROJECT_VERSION = 1;
				GENERATE_INFOPLIST_FILE = YES;
				IPHONEOS_DEPLOYMENT_TARGET = 16.2;
				MARKETING_VERSION = 1.0;
				PRODUCT_BUNDLE_IDENTIFIER = com.practicum.FakeNFTTests;
				PRODUCT_NAME = "$(TARGET_NAME)";
				SWIFT_EMIT_LOC_STRINGS = NO;
				SWIFT_VERSION = 5.0;
				TARGETED_DEVICE_FAMILY = "1,2";
				TEST_HOST = "$(BUILT_PRODUCTS_DIR)/FakeNFT.app/$(BUNDLE_EXECUTABLE_FOLDER_PATH)/FakeNFT";
			};
			name = Debug;
		};
		3F6806C229CBBAF200B4F915 /* Release */ = {
			isa = XCBuildConfiguration;
			buildSettings = {
				ALWAYS_EMBED_SWIFT_STANDARD_LIBRARIES = YES;
				BUNDLE_LOADER = "$(TEST_HOST)";
				CODE_SIGN_STYLE = Automatic;
				CURRENT_PROJECT_VERSION = 1;
				GENERATE_INFOPLIST_FILE = YES;
				IPHONEOS_DEPLOYMENT_TARGET = 16.2;
				MARKETING_VERSION = 1.0;
				PRODUCT_BUNDLE_IDENTIFIER = com.practicum.FakeNFTTests;
				PRODUCT_NAME = "$(TARGET_NAME)";
				SWIFT_EMIT_LOC_STRINGS = NO;
				SWIFT_VERSION = 5.0;
				TARGETED_DEVICE_FAMILY = "1,2";
				TEST_HOST = "$(BUILT_PRODUCTS_DIR)/FakeNFT.app/$(BUNDLE_EXECUTABLE_FOLDER_PATH)/FakeNFT";
			};
			name = Release;
		};
		3F6806C429CBBAF200B4F915 /* Debug */ = {
			isa = XCBuildConfiguration;
			buildSettings = {
				ALWAYS_EMBED_SWIFT_STANDARD_LIBRARIES = YES;
				CODE_SIGN_STYLE = Automatic;
				CURRENT_PROJECT_VERSION = 1;
				GENERATE_INFOPLIST_FILE = YES;
				MARKETING_VERSION = 1.0;
				PRODUCT_BUNDLE_IDENTIFIER = com.practicum.FakeNFTUITests;
				PRODUCT_NAME = "$(TARGET_NAME)";
				SWIFT_EMIT_LOC_STRINGS = NO;
				SWIFT_VERSION = 5.0;
				TARGETED_DEVICE_FAMILY = "1,2";
				TEST_TARGET_NAME = FakeNFT;
			};
			name = Debug;
		};
		3F6806C529CBBAF200B4F915 /* Release */ = {
			isa = XCBuildConfiguration;
			buildSettings = {
				ALWAYS_EMBED_SWIFT_STANDARD_LIBRARIES = YES;
				CODE_SIGN_STYLE = Automatic;
				CURRENT_PROJECT_VERSION = 1;
				GENERATE_INFOPLIST_FILE = YES;
				MARKETING_VERSION = 1.0;
				PRODUCT_BUNDLE_IDENTIFIER = com.practicum.FakeNFTUITests;
				PRODUCT_NAME = "$(TARGET_NAME)";
				SWIFT_EMIT_LOC_STRINGS = NO;
				SWIFT_VERSION = 5.0;
				TARGETED_DEVICE_FAMILY = "1,2";
				TEST_TARGET_NAME = FakeNFT;
			};
			name = Release;
		};
/* End XCBuildConfiguration section */

/* Begin XCConfigurationList section */
		3F68068E29CBBAF100B4F915 /* Build configuration list for PBXProject "FakeNFT" */ = {
			isa = XCConfigurationList;
			buildConfigurations = (
				3F6806BB29CBBAF200B4F915 /* Debug */,
				3F6806BC29CBBAF200B4F915 /* Release */,
			);
			defaultConfigurationIsVisible = 0;
			defaultConfigurationName = Release;
		};
		3F6806BD29CBBAF200B4F915 /* Build configuration list for PBXNativeTarget "FakeNFT" */ = {
			isa = XCConfigurationList;
			buildConfigurations = (
				3F6806BE29CBBAF200B4F915 /* Debug */,
				3F6806BF29CBBAF200B4F915 /* Release */,
			);
			defaultConfigurationIsVisible = 0;
			defaultConfigurationName = Release;
		};
		3F6806C029CBBAF200B4F915 /* Build configuration list for PBXNativeTarget "FakeNFTTests" */ = {
			isa = XCConfigurationList;
			buildConfigurations = (
				3F6806C129CBBAF200B4F915 /* Debug */,
				3F6806C229CBBAF200B4F915 /* Release */,
			);
			defaultConfigurationIsVisible = 0;
			defaultConfigurationName = Release;
		};
		3F6806C329CBBAF200B4F915 /* Build configuration list for PBXNativeTarget "FakeNFTUITests" */ = {
			isa = XCConfigurationList;
			buildConfigurations = (
				3F6806C429CBBAF200B4F915 /* Debug */,
				3F6806C529CBBAF200B4F915 /* Release */,
			);
			defaultConfigurationIsVisible = 0;
			defaultConfigurationName = Release;
		};
/* End XCConfigurationList section */

/* Begin XCRemoteSwiftPackageReference section */
		3F603CCB29DB4A53000C43D7 /* XCRemoteSwiftPackageReference "ProgressHUD" */ = {
			isa = XCRemoteSwiftPackageReference;
			repositoryURL = "https://github.com/relatedcode/ProgressHUD";
			requirement = {
				kind = upToNextMajorVersion;
				minimumVersion = 13.0.0;
			};
		};
		3F603CCE29DB4A74000C43D7 /* XCRemoteSwiftPackageReference "Kingfisher" */ = {
			isa = XCRemoteSwiftPackageReference;
			repositoryURL = "https://github.com/onevcat/Kingfisher.git";
			requirement = {
				kind = upToNextMajorVersion;
				minimumVersion = 7.0.0;
			};
		};
/* End XCRemoteSwiftPackageReference section */

/* Begin XCSwiftPackageProductDependency section */
		3F603CCC29DB4A53000C43D7 /* ProgressHUD */ = {
			isa = XCSwiftPackageProductDependency;
			package = 3F603CCB29DB4A53000C43D7 /* XCRemoteSwiftPackageReference "ProgressHUD" */;
			productName = ProgressHUD;
		};
		3F603CCF29DB4A74000C43D7 /* Kingfisher */ = {
			isa = XCSwiftPackageProductDependency;
			package = 3F603CCE29DB4A74000C43D7 /* XCRemoteSwiftPackageReference "Kingfisher" */;
			productName = Kingfisher;
		};
/* End XCSwiftPackageProductDependency section */
	};
	rootObject = 3F68068B29CBBAF100B4F915 /* Project object */;
}
